
Microsoft Visual Studio Solution File, Format Version 12.00
# Visual Studio Version 16
VisualStudioVersion = 16.0.31129.286
MinimumVisualStudioVersion = 10.0.40219.1
Project("{FAE04EC0-301F-11D3-BF4B-00C04F79EFBC}") = "MyMother.Plugins", "MyMother.Plugins\MyMother.Plugins.csproj", "{E952261F-C070-4D82-A10E-738F2707232C}"
EndProject
Global
	GlobalSection(SolutionConfigurationPlatforms) = preSolution
		Debug|Any CPU = Debug|Any CPU
		Release|Any CPU = Release|Any CPU
	EndGlobalSection
	GlobalSection(ProjectConfigurationPlatforms) = postSolution
		{E952261F-C070-4D82-A10E-738F2707232C}.Debug|Any CPU.ActiveCfg = Debug|Any CPU
		{E952261F-C070-4D82-A10E-738F2707232C}.Debug|Any CPU.Build.0 = Debug|Any CPU
		{E952261F-C070-4D82-A10E-738F2707232C}.Release|Any CPU.ActiveCfg = Release|Any CPU
		{E952261F-C070-4D82-A10E-738F2707232C}.Release|Any CPU.Build.0 = Release|Any CPU
	EndGlobalSection
	GlobalSection(SolutionProperties) = preSolution
		HideSolutionNode = FALSE
	EndGlobalSection
	GlobalSection(ExtensibilityGlobals) = postSolution
		SolutionGuid = {2DF19EB9-F18B-4EC7-8283-BFE9AEA7E0D1}
	EndGlobalSection
EndGlobal
