
Microsoft Visual Studio Solution File, Format Version 12.00
# Visual Studio Version 16
VisualStudioVersion = 16.0.31205.134
MinimumVisualStudioVersion = 10.0.40219.1
Project("{D954291E-2A0B-460D-934E-DC6B0785DB48}") = "Dev.DevKit.Shared", "Dev.DevKit.Shared\Dev.DevKit.Shared.shproj", "{EAB1E535-322A-47D0-BDE4-198590D32794}"
EndProject
Project("{FAE04EC0-301F-11D3-BF4B-00C04F79EFBC}") = "Dev.DevKit.SolutionPackager", "Dev.DevKit.SolutionPackager\Dev.DevKit.SolutionPackager.csproj", "{4D5CAC35-6997-445A-B982-7D5935918362}"
EndProject
Project("{FAE04EC0-301F-11D3-BF4B-00C04F79EFBC}") = "Dev.DevKit.WebResource", "Dev.DevKit.WebResource\Dev.DevKit.WebResource.csproj", "{29C75562-ACA2-43FC-B444-DBDCEB12A4FB}"
EndProject
Project("{FAE04EC0-301F-11D3-BF4B-00C04F79EFBC}") = "Dev.DevKit.DataProvider", "Dev.DevKit.DataProvider\Dev.DevKit.DataProvider.csproj", "{13CCE7D1-B1D0-4E63-8A14-D85FA412B68D}"
EndProject
Project("{FAE04EC0-301F-11D3-BF4B-00C04F79EFBC}") = "Dev.DevKit.SolutionPackager.2", "Dev.DevKit.SolutionPackager.2\Dev.DevKit.SolutionPackager.2.csproj", "{5F48390C-9744-4EC2-AF02-B391BEC55E3C}"
EndProject
Project("{FAE04EC0-301F-11D3-BF4B-00C04F79EFBC}") = "Dev.DevKit.WebResource.2", "Dev.DevKit.WebResource.2\Dev.DevKit.WebResource.2.csproj", "{4933F54E-373A-4288-AF7A-46A03B05ADA9}"
EndProject
Project("{FAE04EC0-301F-11D3-BF4B-00C04F79EFBC}") = "Dev.DevKit.DataProvider.2", "Dev.DevKit.DataProvider.2\Dev.DevKit.DataProvider.2.csproj", "{0D74960F-473D-46CF-AD42-EFA79AF23C32}"
EndProject
Project("{FAE04EC0-301F-11D3-BF4B-00C04F79EFBC}") = "Dev.DevKit.CustomAction", "Dev.DevKit.CustomAction\Dev.DevKit.CustomAction.csproj", "{3ECBE45F-8230-4BDF-AD50-43A9352CD188}"
EndProject
Project("{FAE04EC0-301F-11D3-BF4B-00C04F79EFBC}") = "Dev.DevKit.CustomAction.2", "Dev.DevKit.CustomAction.2\Dev.DevKit.CustomAction.2.csproj", "{6B1BDAD9-81AB-497D-9C46-2F3B7CE66C57}"
EndProject
Project("{FAE04EC0-301F-11D3-BF4B-00C04F79EFBC}") = "Dev.DevKit.CustomAction.Account", "Dev.DevKit.CustomAction.Account\Dev.DevKit.CustomAction.Account.csproj", "{AF4FB681-DEC5-4E58-A8B8-0AC19BD177F7}"
EndProject
Project("{FAE04EC0-301F-11D3-BF4B-00C04F79EFBC}") = "Dev.DevKit.ProxyTypes", "Dev.DevKit.ProxyTypes\Dev.DevKit.ProxyTypes.csproj", "{24F931D0-A884-4354-B3C5-47AC3A575D6A}"
EndProject
Project("{FAE04EC0-301F-11D3-BF4B-00C04F79EFBC}") = "Dev.DevKit.Workflow", "Dev.DevKit.Workflow\Dev.DevKit.Workflow.csproj", "{C80B0F13-A2E4-4EB9-84D6-9F0F48899611}"
EndProject
Project("{FAE04EC0-301F-11D3-BF4B-00C04F79EFBC}") = "Dev.DevKit.Workflow.2", "Dev.DevKit.Workflow.2\Dev.DevKit.Workflow.2.csproj", "{8AE07F06-236C-4CD0-A17D-8CAF3FFF8943}"
EndProject
Project("{FAE04EC0-301F-11D3-BF4B-00C04F79EFBC}") = "Dev.DevKit.Workflow.Account", "Dev.DevKit.Workflow.Account\Dev.DevKit.Workflow.Account.csproj", "{DCBCB00B-3CC7-4C1F-B35C-A7A8E8628F05}"
EndProject
Project("{FAE04EC0-301F-11D3-BF4B-00C04F79EFBC}") = "Dev.DevKit.Console", "Dev.DevKit.Console\Dev.DevKit.Console.csproj", "{14DC90A9-E845-4E0E-BCEC-053D8C008D48}"
EndProject
Project("{FAE04EC0-301F-11D3-BF4B-00C04F79EFBC}") = "Dev.DevKit.Console.2", "Dev.DevKit.Console.2\Dev.DevKit.Console.2.csproj", "{6ED8E0F7-E20B-47B5-B8B7-1E0C8216B5E9}"
EndProject
Project("{FAE04EC0-301F-11D3-BF4B-00C04F79EFBC}") = "Dev.DevKit.UiTest", "Dev.DevKit.UiTest\Dev.DevKit.UiTest.csproj", "{B991664B-8ABC-4F09-9F27-5483210F67CD}"
EndProject
Project("{FAE04EC0-301F-11D3-BF4B-00C04F79EFBC}") = "Dev.DevKit.2.UiTest", "Dev.DevKit.2.UiTest\Dev.DevKit.2.UiTest.csproj", "{6F710006-6D49-42A0-A55C-375FBE6A16E8}"
EndProject
Project("{F14B399A-7131-4C87-9E4B-1186C45EF12D}") = "Dev.DevKit.Report", "Dev.DevKit.Report\Dev.DevKit.Report.rptproj", "{7F9587B6-2474-4D13-A01B-841C5FE3E0C6}"
EndProject
Project("{F14B399A-7131-4C87-9E4B-1186C45EF12D}") = "Dev.DevKit.Report.2", "Dev.DevKit.Report.2\Dev.DevKit.Report.2.rptproj", "{AB40F6FF-E3B1-47CB-934C-06FC0D18A433}"
EndProject
Project("{FAE04EC0-301F-11D3-BF4B-00C04F79EFBC}") = "Dev.DevKit.Plugin", "Dev.DevKit.Plugin\Dev.DevKit.Plugin.csproj", "{14F65028-0906-48AE-973D-CBBD9DAEF33A}"
EndProject
Project("{FAE04EC0-301F-11D3-BF4B-00C04F79EFBC}") = "Dev.DevKit.Plugin.2", "Dev.DevKit.Plugin.2\Dev.DevKit.Plugin.2.csproj", "{01A669D1-1ABB-44E5-85B2-D28E0C5318D8}"
EndProject
Project("{FAE04EC0-301F-11D3-BF4B-00C04F79EFBC}") = "Dev.DevKit.Plugin.Account", "Dev.DevKit.Plugin.Account\Dev.DevKit.Plugin.Account.csproj", "{6F81ECB7-A036-4DF4-B0F7-190D54F051B8}"
EndProject
Project("{FAE04EC0-301F-11D3-BF4B-00C04F79EFBC}") = "Dev.DevKit.Plugin.Account.Test", "Dev.DevKit.Plugin.Account.Test\Dev.DevKit.Plugin.Account.Test.csproj", "{A51FC58E-15EA-4800-825E-DA3D48434268}"
EndProject
Project("{FAE04EC0-301F-11D3-BF4B-00C04F79EFBC}") = "Dev.DevKit.CustomApi", "Dev.DevKit.CustomApi\Dev.DevKit.CustomApi.csproj", "{3B30656E-9832-43A7-B443-CD4B8EAA61EC}"
EndProject
Project("{FAE04EC0-301F-11D3-BF4B-00C04F79EFBC}") = "Dev.DevKit.CustomApi.2", "Dev.DevKit.CustomApi.2\Dev.DevKit.CustomApi.2.csproj", "{90022E24-73DC-4A29-A5EF-DFD3026158F3}"
EndProject
Project("{FAE04EC0-301F-11D3-BF4B-00C04F79EFBC}") = "Dev.DevKit.CustomApi.Account", "Dev.DevKit.CustomApi.Account\Dev.DevKit.CustomApi.Account.csproj", "{F1B88D10-9CA5-4083-AA93-2C521A614C84}"
EndProject
Project("{2150E333-8FDC-42A3-9474-1A3956D46DE8}") = "Solution Items", "Solution Items", "{2B77395C-E2AA-4E97-B606-B606F42536C2}"
	ProjectSection(SolutionItems) = preProject
		DynamicsCrm.DevKit.Cli.json = DynamicsCrm.DevKit.Cli.json
		DynamicsCrm.DevKit.json = DynamicsCrm.DevKit.json
		VisualStudioTest.runsettings = VisualStudioTest.runsettings
	EndProjectSection
EndProject
Global
	GlobalSection(SharedMSBuildProjectFiles) = preSolution
		Dev.DevKit.Shared\Dev.DevKit.Shared.projitems*{01a669d1-1abb-44e5-85b2-d28e0c5318d8}*SharedItemsImports = 4
		Dev.DevKit.Shared\Dev.DevKit.Shared.projitems*{0d74960f-473d-46cf-ad42-efa79af23c32}*SharedItemsImports = 4
		Dev.DevKit.Shared\Dev.DevKit.Shared.projitems*{13cce7d1-b1d0-4e63-8a14-d85fa412b68d}*SharedItemsImports = 4
		Dev.DevKit.Shared\Dev.DevKit.Shared.projitems*{14dc90a9-e845-4e0e-bcec-053d8c008d48}*SharedItemsImports = 4
		Dev.DevKit.Shared\Dev.DevKit.Shared.projitems*{14f65028-0906-48ae-973d-cbbd9daef33a}*SharedItemsImports = 4
		Dev.DevKit.Shared\Dev.DevKit.Shared.projitems*{3b30656e-9832-43a7-b443-cd4b8eaa61ec}*SharedItemsImports = 4
		Dev.DevKit.Shared\Dev.DevKit.Shared.projitems*{3ecbe45f-8230-4bdf-ad50-43a9352cd188}*SharedItemsImports = 4
		Dev.DevKit.Shared\Dev.DevKit.Shared.projitems*{6b1bdad9-81ab-497d-9c46-2f3b7ce66c57}*SharedItemsImports = 4
		Dev.DevKit.Shared\Dev.DevKit.Shared.projitems*{6ed8e0f7-e20b-47b5-b8b7-1e0c8216b5e9}*SharedItemsImports = 4
		Dev.DevKit.Shared\Dev.DevKit.Shared.projitems*{6f81ecb7-a036-4df4-b0f7-190d54f051b8}*SharedItemsImports = 4
		Dev.DevKit.Shared\Dev.DevKit.Shared.projitems*{8ae07f06-236c-4cd0-a17d-8caf3fff8943}*SharedItemsImports = 4
		Dev.DevKit.Shared\Dev.DevKit.Shared.projitems*{90022e24-73dc-4a29-a5ef-dfd3026158f3}*SharedItemsImports = 4
		Dev.DevKit.Shared\Dev.DevKit.Shared.projitems*{af4fb681-dec5-4e58-a8b8-0ac19bd177f7}*SharedItemsImports = 4
		Dev.DevKit.Shared\Dev.DevKit.Shared.projitems*{c80b0f13-a2e4-4eb9-84d6-9f0f48899611}*SharedItemsImports = 4
		Dev.DevKit.Shared\Dev.DevKit.Shared.projitems*{dcbcb00b-3cc7-4c1f-b35c-a7a8e8628f05}*SharedItemsImports = 4
		Dev.DevKit.Shared\Dev.DevKit.Shared.projitems*{eab1e535-322a-47d0-bde4-198590d32794}*SharedItemsImports = 13
		Dev.DevKit.Shared\Dev.DevKit.Shared.projitems*{f1b88d10-9ca5-4083-aa93-2c521a614c84}*SharedItemsImports = 4
	EndGlobalSection
	GlobalSection(SolutionConfigurationPlatforms) = preSolution
		Debug|Any CPU = Debug|Any CPU
		Release|Any CPU = Release|Any CPU
	EndGlobalSection
	GlobalSection(ProjectConfigurationPlatforms) = postSolution
		{4D5CAC35-6997-445A-B982-7D5935918362}.Debug|Any CPU.ActiveCfg = Debug|Any CPU
		{4D5CAC35-6997-445A-B982-7D5935918362}.Debug|Any CPU.Build.0 = Debug|Any CPU
		{4D5CAC35-6997-445A-B982-7D5935918362}.Release|Any CPU.ActiveCfg = Release|Any CPU
		{4D5CAC35-6997-445A-B982-7D5935918362}.Release|Any CPU.Build.0 = Release|Any CPU
		{29C75562-ACA2-43FC-B444-DBDCEB12A4FB}.Debug|Any CPU.ActiveCfg = Debug|Any CPU
		{29C75562-ACA2-43FC-B444-DBDCEB12A4FB}.Debug|Any CPU.Build.0 = Debug|Any CPU
		{29C75562-ACA2-43FC-B444-DBDCEB12A4FB}.Release|Any CPU.ActiveCfg = Release|Any CPU
		{29C75562-ACA2-43FC-B444-DBDCEB12A4FB}.Release|Any CPU.Build.0 = Release|Any CPU
		{13CCE7D1-B1D0-4E63-8A14-D85FA412B68D}.Debug|Any CPU.ActiveCfg = Debug|Any CPU
		{13CCE7D1-B1D0-4E63-8A14-D85FA412B68D}.Debug|Any CPU.Build.0 = Debug|Any CPU
		{13CCE7D1-B1D0-4E63-8A14-D85FA412B68D}.Release|Any CPU.ActiveCfg = Release|Any CPU
		{13CCE7D1-B1D0-4E63-8A14-D85FA412B68D}.Release|Any CPU.Build.0 = Release|Any CPU
		{5F48390C-9744-4EC2-AF02-B391BEC55E3C}.Debug|Any CPU.ActiveCfg = Debug|Any CPU
		{5F48390C-9744-4EC2-AF02-B391BEC55E3C}.Debug|Any CPU.Build.0 = Debug|Any CPU
		{5F48390C-9744-4EC2-AF02-B391BEC55E3C}.Release|Any CPU.ActiveCfg = Release|Any CPU
		{5F48390C-9744-4EC2-AF02-B391BEC55E3C}.Release|Any CPU.Build.0 = Release|Any CPU
		{4933F54E-373A-4288-AF7A-46A03B05ADA9}.Debug|Any CPU.ActiveCfg = Debug|Any CPU
		{4933F54E-373A-4288-AF7A-46A03B05ADA9}.Debug|Any CPU.Build.0 = Debug|Any CPU
		{4933F54E-373A-4288-AF7A-46A03B05ADA9}.Release|Any CPU.ActiveCfg = Release|Any CPU
		{4933F54E-373A-4288-AF7A-46A03B05ADA9}.Release|Any CPU.Build.0 = Release|Any CPU
		{0D74960F-473D-46CF-AD42-EFA79AF23C32}.Debug|Any CPU.ActiveCfg = Debug|Any CPU
		{0D74960F-473D-46CF-AD42-EFA79AF23C32}.Debug|Any CPU.Build.0 = Debug|Any CPU
		{0D74960F-473D-46CF-AD42-EFA79AF23C32}.Release|Any CPU.ActiveCfg = Release|Any CPU
		{0D74960F-473D-46CF-AD42-EFA79AF23C32}.Release|Any CPU.Build.0 = Release|Any CPU
		{3ECBE45F-8230-4BDF-AD50-43A9352CD188}.Debug|Any CPU.ActiveCfg = Debug|Any CPU
		{3ECBE45F-8230-4BDF-AD50-43A9352CD188}.Debug|Any CPU.Build.0 = Debug|Any CPU
		{3ECBE45F-8230-4BDF-AD50-43A9352CD188}.Release|Any CPU.ActiveCfg = Release|Any CPU
		{3ECBE45F-8230-4BDF-AD50-43A9352CD188}.Release|Any CPU.Build.0 = Release|Any CPU
		{6B1BDAD9-81AB-497D-9C46-2F3B7CE66C57}.Debug|Any CPU.ActiveCfg = Debug|Any CPU
		{6B1BDAD9-81AB-497D-9C46-2F3B7CE66C57}.Debug|Any CPU.Build.0 = Debug|Any CPU
		{6B1BDAD9-81AB-497D-9C46-2F3B7CE66C57}.Release|Any CPU.ActiveCfg = Release|Any CPU
		{6B1BDAD9-81AB-497D-9C46-2F3B7CE66C57}.Release|Any CPU.Build.0 = Release|Any CPU
		{AF4FB681-DEC5-4E58-A8B8-0AC19BD177F7}.Debug|Any CPU.ActiveCfg = Debug|Any CPU
		{AF4FB681-DEC5-4E58-A8B8-0AC19BD177F7}.Debug|Any CPU.Build.0 = Debug|Any CPU
		{AF4FB681-DEC5-4E58-A8B8-0AC19BD177F7}.Release|Any CPU.ActiveCfg = Release|Any CPU
		{AF4FB681-DEC5-4E58-A8B8-0AC19BD177F7}.Release|Any CPU.Build.0 = Release|Any CPU
		{24F931D0-A884-4354-B3C5-47AC3A575D6A}.Debug|Any CPU.ActiveCfg = Debug|Any CPU
		{24F931D0-A884-4354-B3C5-47AC3A575D6A}.Debug|Any CPU.Build.0 = Debug|Any CPU
		{24F931D0-A884-4354-B3C5-47AC3A575D6A}.Release|Any CPU.ActiveCfg = Release|Any CPU
		{24F931D0-A884-4354-B3C5-47AC3A575D6A}.Release|Any CPU.Build.0 = Release|Any CPU
		{C80B0F13-A2E4-4EB9-84D6-9F0F48899611}.Debug|Any CPU.ActiveCfg = Debug|Any CPU
		{C80B0F13-A2E4-4EB9-84D6-9F0F48899611}.Debug|Any CPU.Build.0 = Debug|Any CPU
		{C80B0F13-A2E4-4EB9-84D6-9F0F48899611}.Release|Any CPU.ActiveCfg = Release|Any CPU
		{C80B0F13-A2E4-4EB9-84D6-9F0F48899611}.Release|Any CPU.Build.0 = Release|Any CPU
		{8AE07F06-236C-4CD0-A17D-8CAF3FFF8943}.Debug|Any CPU.ActiveCfg = Debug|Any CPU
		{8AE07F06-236C-4CD0-A17D-8CAF3FFF8943}.Debug|Any CPU.Build.0 = Debug|Any CPU
		{8AE07F06-236C-4CD0-A17D-8CAF3FFF8943}.Release|Any CPU.ActiveCfg = Release|Any CPU
		{8AE07F06-236C-4CD0-A17D-8CAF3FFF8943}.Release|Any CPU.Build.0 = Release|Any CPU
		{DCBCB00B-3CC7-4C1F-B35C-A7A8E8628F05}.Debug|Any CPU.ActiveCfg = Debug|Any CPU
		{DCBCB00B-3CC7-4C1F-B35C-A7A8E8628F05}.Debug|Any CPU.Build.0 = Debug|Any CPU
		{DCBCB00B-3CC7-4C1F-B35C-A7A8E8628F05}.Release|Any CPU.ActiveCfg = Release|Any CPU
		{DCBCB00B-3CC7-4C1F-B35C-A7A8E8628F05}.Release|Any CPU.Build.0 = Release|Any CPU
		{14DC90A9-E845-4E0E-BCEC-053D8C008D48}.Debug|Any CPU.ActiveCfg = Debug|Any CPU
		{14DC90A9-E845-4E0E-BCEC-053D8C008D48}.Debug|Any CPU.Build.0 = Debug|Any CPU
		{14DC90A9-E845-4E0E-BCEC-053D8C008D48}.Release|Any CPU.ActiveCfg = Release|Any CPU
		{14DC90A9-E845-4E0E-BCEC-053D8C008D48}.Release|Any CPU.Build.0 = Release|Any CPU
		{6ED8E0F7-E20B-47B5-B8B7-1E0C8216B5E9}.Debug|Any CPU.ActiveCfg = Debug|Any CPU
		{6ED8E0F7-E20B-47B5-B8B7-1E0C8216B5E9}.Debug|Any CPU.Build.0 = Debug|Any CPU
		{6ED8E0F7-E20B-47B5-B8B7-1E0C8216B5E9}.Release|Any CPU.ActiveCfg = Release|Any CPU
		{6ED8E0F7-E20B-47B5-B8B7-1E0C8216B5E9}.Release|Any CPU.Build.0 = Release|Any CPU
		{B991664B-8ABC-4F09-9F27-5483210F67CD}.Debug|Any CPU.ActiveCfg = Debug|Any CPU
		{B991664B-8ABC-4F09-9F27-5483210F67CD}.Debug|Any CPU.Build.0 = Debug|Any CPU
		{B991664B-8ABC-4F09-9F27-5483210F67CD}.Release|Any CPU.ActiveCfg = Release|Any CPU
		{B991664B-8ABC-4F09-9F27-5483210F67CD}.Release|Any CPU.Build.0 = Release|Any CPU
		{6F710006-6D49-42A0-A55C-375FBE6A16E8}.Debug|Any CPU.ActiveCfg = Debug|Any CPU
		{6F710006-6D49-42A0-A55C-375FBE6A16E8}.Debug|Any CPU.Build.0 = Debug|Any CPU
		{6F710006-6D49-42A0-A55C-375FBE6A16E8}.Release|Any CPU.ActiveCfg = Release|Any CPU
		{6F710006-6D49-42A0-A55C-375FBE6A16E8}.Release|Any CPU.Build.0 = Release|Any CPU
		{7F9587B6-2474-4D13-A01B-841C5FE3E0C6}.Debug|Any CPU.ActiveCfg = Debug
		{7F9587B6-2474-4D13-A01B-841C5FE3E0C6}.Debug|Any CPU.Build.0 = Debug
		{7F9587B6-2474-4D13-A01B-841C5FE3E0C6}.Debug|Any CPU.Deploy.0 = Debug
		{7F9587B6-2474-4D13-A01B-841C5FE3E0C6}.Release|Any CPU.ActiveCfg = Release
		{7F9587B6-2474-4D13-A01B-841C5FE3E0C6}.Release|Any CPU.Build.0 = Release
		{7F9587B6-2474-4D13-A01B-841C5FE3E0C6}.Release|Any CPU.Deploy.0 = Release
		{AB40F6FF-E3B1-47CB-934C-06FC0D18A433}.Debug|Any CPU.ActiveCfg = Debug
		{AB40F6FF-E3B1-47CB-934C-06FC0D18A433}.Debug|Any CPU.Build.0 = Debug
		{AB40F6FF-E3B1-47CB-934C-06FC0D18A433}.Debug|Any CPU.Deploy.0 = Debug
		{AB40F6FF-E3B1-47CB-934C-06FC0D18A433}.Release|Any CPU.ActiveCfg = Release
		{AB40F6FF-E3B1-47CB-934C-06FC0D18A433}.Release|Any CPU.Build.0 = Release
		{AB40F6FF-E3B1-47CB-934C-06FC0D18A433}.Release|Any CPU.Deploy.0 = Release
		{14F65028-0906-48AE-973D-CBBD9DAEF33A}.Debug|Any CPU.ActiveCfg = Debug|Any CPU
		{14F65028-0906-48AE-973D-CBBD9DAEF33A}.Debug|Any CPU.Build.0 = Debug|Any CPU
		{14F65028-0906-48AE-973D-CBBD9DAEF33A}.Release|Any CPU.ActiveCfg = Release|Any CPU
		{14F65028-0906-48AE-973D-CBBD9DAEF33A}.Release|Any CPU.Build.0 = Release|Any CPU
		{01A669D1-1ABB-44E5-85B2-D28E0C5318D8}.Debug|Any CPU.ActiveCfg = Debug|Any CPU
		{01A669D1-1ABB-44E5-85B2-D28E0C5318D8}.Debug|Any CPU.Build.0 = Debug|Any CPU
		{01A669D1-1ABB-44E5-85B2-D28E0C5318D8}.Release|Any CPU.ActiveCfg = Release|Any CPU
		{01A669D1-1ABB-44E5-85B2-D28E0C5318D8}.Release|Any CPU.Build.0 = Release|Any CPU
		{6F81ECB7-A036-4DF4-B0F7-190D54F051B8}.Debug|Any CPU.ActiveCfg = Debug|Any CPU
		{6F81ECB7-A036-4DF4-B0F7-190D54F051B8}.Debug|Any CPU.Build.0 = Debug|Any CPU
		{6F81ECB7-A036-4DF4-B0F7-190D54F051B8}.Release|Any CPU.ActiveCfg = Release|Any CPU
		{6F81ECB7-A036-4DF4-B0F7-190D54F051B8}.Release|Any CPU.Build.0 = Release|Any CPU
		{A51FC58E-15EA-4800-825E-DA3D48434268}.Debug|Any CPU.ActiveCfg = Debug|Any CPU
		{A51FC58E-15EA-4800-825E-DA3D48434268}.Debug|Any CPU.Build.0 = Debug|Any CPU
		{A51FC58E-15EA-4800-825E-DA3D48434268}.Release|Any CPU.ActiveCfg = Release|Any CPU
		{A51FC58E-15EA-4800-825E-DA3D48434268}.Release|Any CPU.Build.0 = Release|Any CPU
		{3B30656E-9832-43A7-B443-CD4B8EAA61EC}.Debug|Any CPU.ActiveCfg = Debug|Any CPU
		{3B30656E-9832-43A7-B443-CD4B8EAA61EC}.Debug|Any CPU.Build.0 = Debug|Any CPU
		{3B30656E-9832-43A7-B443-CD4B8EAA61EC}.Release|Any CPU.ActiveCfg = Release|Any CPU
		{3B30656E-9832-43A7-B443-CD4B8EAA61EC}.Release|Any CPU.Build.0 = Release|Any CPU
		{90022E24-73DC-4A29-A5EF-DFD3026158F3}.Debug|Any CPU.ActiveCfg = Debug|Any CPU
		{90022E24-73DC-4A29-A5EF-DFD3026158F3}.Debug|Any CPU.Build.0 = Debug|Any CPU
		{90022E24-73DC-4A29-A5EF-DFD3026158F3}.Release|Any CPU.ActiveCfg = Release|Any CPU
		{90022E24-73DC-4A29-A5EF-DFD3026158F3}.Release|Any CPU.Build.0 = Release|Any CPU
		{F1B88D10-9CA5-4083-AA93-2C521A614C84}.Debug|Any CPU.ActiveCfg = Debug|Any CPU
		{F1B88D10-9CA5-4083-AA93-2C521A614C84}.Debug|Any CPU.Build.0 = Debug|Any CPU
		{F1B88D10-9CA5-4083-AA93-2C521A614C84}.Release|Any CPU.ActiveCfg = Release|Any CPU
		{F1B88D10-9CA5-4083-AA93-2C521A614C84}.Release|Any CPU.Build.0 = Release|Any CPU
	EndGlobalSection
	GlobalSection(SolutionProperties) = preSolution
		HideSolutionNode = FALSE
	EndGlobalSection
	GlobalSection(ExtensibilityGlobals) = postSolution
		SolutionGuid = {478EE8F5-54E1-431D-BEC8-72AC05F5AF8C}
	EndGlobalSection
EndGlobal
