
Microsoft Visual Studio Solution File, Format Version 12.00
# Visual Studio Version 16
VisualStudioVersion = 16.0.31205.134
MinimumVisualStudioVersion = 10.0.40219.1
Project("{D954291E-2A0B-460D-934E-DC6B0785DB48}") = "Dev.DevKit.Shared", "Dev.DevKit.Shared\Dev.DevKit.Shared.shproj", "{E86BC825-A23C-4507-A749-B46B241840CF}"
EndProject
Project("{FAE04EC0-301F-11D3-BF4B-00C04F79EFBC}") = "Dev.DevKit.Console", "Dev.DevKit.Console\Dev.DevKit.Console.csproj", "{FC8620CB-4A7F-4ECF-BBB8-706B54E48DFD}"
EndProject
Project("{FAE04EC0-301F-11D3-BF4B-00C04F79EFBC}") = "Dev.DevKit.Server", "Dev.DevKit.Server\Dev.DevKit.Server.csproj", "{47C85043-5F63-449E-9FE0-8AF4E41E4753}"
EndProject
Project("{FAE04EC0-301F-11D3-BF4B-00C04F79EFBC}") = "Dev.DevKit.Plugin", "Dev.DevKit.Plugin\Dev.DevKit.Plugin.csproj", "{85C7EBAA-8B5B-43D2-9B8C-AD97D9E77030}"
EndProject
Project("{FAE04EC0-301F-11D3-BF4B-00C04F79EFBC}") = "Dev.DevKit.Workflow", "Dev.DevKit.Workflow\Dev.DevKit.Workflow.csproj", "{95648127-AC99-4FAB-B081-91E5BE17F73E}"
EndProject
Project("{FAE04EC0-301F-11D3-BF4B-00C04F79EFBC}") = "Dev.DevKit.CustomAction", "Dev.DevKit.CustomAction\Dev.DevKit.CustomAction.csproj", "{91614F67-1A29-4F52-8E8D-CE49508C4AC8}"
EndProject
Project("{FAE04EC0-301F-11D3-BF4B-00C04F79EFBC}") = "Dev.DevKit.CustomApi", "Dev.DevKit.CustomApi\Dev.DevKit.CustomApi.csproj", "{D4EFEDEB-721A-4B9E-BB21-6577DA040046}"
EndProject
Project("{FAE04EC0-301F-11D3-BF4B-00C04F79EFBC}") = "Dev.DevKit.DataProvider", "Dev.DevKit.DataProvider\Dev.DevKit.DataProvider.csproj", "{8CB2F8BB-4FCC-46CC-8A03-3871C84ADF3F}"
EndProject
Project("{FAE04EC0-301F-11D3-BF4B-00C04F79EFBC}") = "Dev.DevKit.WebResource", "Dev.DevKit.WebResource\Dev.DevKit.WebResource.csproj", "{130F74F6-8981-49E0-9035-01096E2C1789}"
EndProject
Project("{FAE04EC0-301F-11D3-BF4B-00C04F79EFBC}") = "Dev.DevKit.SolutionPackager", "Dev.DevKit.SolutionPackager\Dev.DevKit.SolutionPackager.csproj", "{B487957B-430D-4E8B-AAC3-A39C33E78A11}"
EndProject
Project("{F14B399A-7131-4C87-9E4B-1186C45EF12D}") = "Dev.DevKit.Report", "Dev.DevKit.Report\Dev.DevKit.Report.rptproj", "{68F798A7-8BBA-4A55-A910-EBE12AD91877}"
EndProject
Project("{FAE04EC0-301F-11D3-BF4B-00C04F79EFBC}") = "Dev.DevKit.ProxyTypes", "Dev.DevKit.ProxyTypes\Dev.DevKit.ProxyTypes.csproj", "{24F931D0-A884-4354-B3C5-47AC3A575D6A}"
EndProject
Project("{FAE04EC0-301F-11D3-BF4B-00C04F79EFBC}") = "Dev.DevKit.Plugin.Test", "Dev.DevKit.Plugin.Test\Dev.DevKit.Plugin.Test.csproj", "{E82DE0ED-596C-4671-9CDB-4D4AE189F1D7}"
EndProject
Project("{FAE04EC0-301F-11D3-BF4B-00C04F79EFBC}") = "Dev.DevKit.UiTest", "Dev.DevKit.UiTest\Dev.DevKit.UiTest.csproj", "{0458C5D6-61F4-4416-B463-FA7DCCED30E5}"
EndProject
Project("{2150E333-8FDC-42A3-9474-1A3956D46DE8}") = "Solution Items", "Solution Items", "{5D5C3B32-9555-4110-91E8-B3E51A8E5F16}"
	ProjectSection(SolutionItems) = preProject
		DynamicsCrm.DevKit.Cli.json = DynamicsCrm.DevKit.Cli.json
		DynamicsCrm.DevKit.json = DynamicsCrm.DevKit.json
		VisualStudioTest.runsettings = VisualStudioTest.runsettings
	EndProjectSection
EndProject
Global
	GlobalSection(SharedMSBuildProjectFiles) = preSolution
		Dev.DevKit.Shared\Dev.DevKit.Shared.projitems*{47c85043-5f63-449e-9fe0-8af4e41e4753}*SharedItemsImports = 4
		Dev.DevKit.Shared\Dev.DevKit.Shared.projitems*{85c7ebaa-8b5b-43d2-9b8c-ad97d9e77030}*SharedItemsImports = 4
		Dev.DevKit.Shared\Dev.DevKit.Shared.projitems*{8cb2f8bb-4fcc-46cc-8a03-3871c84adf3f}*SharedItemsImports = 4
		Dev.DevKit.Shared\Dev.DevKit.Shared.projitems*{91614f67-1a29-4f52-8e8d-ce49508c4ac8}*SharedItemsImports = 4
		Dev.DevKit.Shared\Dev.DevKit.Shared.projitems*{95648127-ac99-4fab-b081-91e5be17f73e}*SharedItemsImports = 4
		Dev.DevKit.Shared\Dev.DevKit.Shared.projitems*{d4efedeb-721a-4b9e-bb21-6577da040046}*SharedItemsImports = 4
		Dev.DevKit.Shared\Dev.DevKit.Shared.projitems*{e86bc825-a23c-4507-a749-b46b241840cf}*SharedItemsImports = 13
		Dev.DevKit.Shared\Dev.DevKit.Shared.projitems*{fc8620cb-4a7f-4ecf-bbb8-706b54e48dfd}*SharedItemsImports = 4
	EndGlobalSection
	GlobalSection(SolutionConfigurationPlatforms) = preSolution
		Debug|Any CPU = Debug|Any CPU
		Release|Any CPU = Release|Any CPU
	EndGlobalSection
	GlobalSection(ProjectConfigurationPlatforms) = postSolution
		{FC8620CB-4A7F-4ECF-BBB8-706B54E48DFD}.Debug|Any CPU.ActiveCfg = Debug|Any CPU
		{FC8620CB-4A7F-4ECF-BBB8-706B54E48DFD}.Debug|Any CPU.Build.0 = Debug|Any CPU
		{FC8620CB-4A7F-4ECF-BBB8-706B54E48DFD}.Release|Any CPU.ActiveCfg = Release|Any CPU
		{FC8620CB-4A7F-4ECF-BBB8-706B54E48DFD}.Release|Any CPU.Build.0 = Release|Any CPU
		{47C85043-5F63-449E-9FE0-8AF4E41E4753}.Debug|Any CPU.ActiveCfg = Debug|Any CPU
		{47C85043-5F63-449E-9FE0-8AF4E41E4753}.Debug|Any CPU.Build.0 = Debug|Any CPU
		{47C85043-5F63-449E-9FE0-8AF4E41E4753}.Release|Any CPU.ActiveCfg = Release|Any CPU
		{47C85043-5F63-449E-9FE0-8AF4E41E4753}.Release|Any CPU.Build.0 = Release|Any CPU
		{85C7EBAA-8B5B-43D2-9B8C-AD97D9E77030}.Debug|Any CPU.ActiveCfg = Debug|Any CPU
		{85C7EBAA-8B5B-43D2-9B8C-AD97D9E77030}.Debug|Any CPU.Build.0 = Debug|Any CPU
		{85C7EBAA-8B5B-43D2-9B8C-AD97D9E77030}.Release|Any CPU.ActiveCfg = Release|Any CPU
		{85C7EBAA-8B5B-43D2-9B8C-AD97D9E77030}.Release|Any CPU.Build.0 = Release|Any CPU
		{95648127-AC99-4FAB-B081-91E5BE17F73E}.Debug|Any CPU.ActiveCfg = Debug|Any CPU
		{95648127-AC99-4FAB-B081-91E5BE17F73E}.Debug|Any CPU.Build.0 = Debug|Any CPU
		{95648127-AC99-4FAB-B081-91E5BE17F73E}.Release|Any CPU.ActiveCfg = Release|Any CPU
		{95648127-AC99-4FAB-B081-91E5BE17F73E}.Release|Any CPU.Build.0 = Release|Any CPU
		{91614F67-1A29-4F52-8E8D-CE49508C4AC8}.Debug|Any CPU.ActiveCfg = Debug|Any CPU
		{91614F67-1A29-4F52-8E8D-CE49508C4AC8}.Debug|Any CPU.Build.0 = Debug|Any CPU
		{91614F67-1A29-4F52-8E8D-CE49508C4AC8}.Release|Any CPU.ActiveCfg = Release|Any CPU
		{91614F67-1A29-4F52-8E8D-CE49508C4AC8}.Release|Any CPU.Build.0 = Release|Any CPU
		{D4EFEDEB-721A-4B9E-BB21-6577DA040046}.Debug|Any CPU.ActiveCfg = Debug|Any CPU
		{D4EFEDEB-721A-4B9E-BB21-6577DA040046}.Debug|Any CPU.Build.0 = Debug|Any CPU
		{D4EFEDEB-721A-4B9E-BB21-6577DA040046}.Release|Any CPU.ActiveCfg = Release|Any CPU
		{D4EFEDEB-721A-4B9E-BB21-6577DA040046}.Release|Any CPU.Build.0 = Release|Any CPU
		{8CB2F8BB-4FCC-46CC-8A03-3871C84ADF3F}.Debug|Any CPU.ActiveCfg = Debug|Any CPU
		{8CB2F8BB-4FCC-46CC-8A03-3871C84ADF3F}.Debug|Any CPU.Build.0 = Debug|Any CPU
		{8CB2F8BB-4FCC-46CC-8A03-3871C84ADF3F}.Release|Any CPU.ActiveCfg = Release|Any CPU
		{8CB2F8BB-4FCC-46CC-8A03-3871C84ADF3F}.Release|Any CPU.Build.0 = Release|Any CPU
		{130F74F6-8981-49E0-9035-01096E2C1789}.Debug|Any CPU.ActiveCfg = Debug|Any CPU
		{130F74F6-8981-49E0-9035-01096E2C1789}.Debug|Any CPU.Build.0 = Debug|Any CPU
		{130F74F6-8981-49E0-9035-01096E2C1789}.Release|Any CPU.ActiveCfg = Release|Any CPU
		{130F74F6-8981-49E0-9035-01096E2C1789}.Release|Any CPU.Build.0 = Release|Any CPU
		{B487957B-430D-4E8B-AAC3-A39C33E78A11}.Debug|Any CPU.ActiveCfg = Debug|Any CPU
		{B487957B-430D-4E8B-AAC3-A39C33E78A11}.Debug|Any CPU.Build.0 = Debug|Any CPU
		{B487957B-430D-4E8B-AAC3-A39C33E78A11}.Release|Any CPU.ActiveCfg = Release|Any CPU
		{B487957B-430D-4E8B-AAC3-A39C33E78A11}.Release|Any CPU.Build.0 = Release|Any CPU
		{68F798A7-8BBA-4A55-A910-EBE12AD91877}.Debug|Any CPU.ActiveCfg = Debug
		{68F798A7-8BBA-4A55-A910-EBE12AD91877}.Debug|Any CPU.Build.0 = Debug
		{68F798A7-8BBA-4A55-A910-EBE12AD91877}.Debug|Any CPU.Deploy.0 = Debug
		{68F798A7-8BBA-4A55-A910-EBE12AD91877}.Release|Any CPU.ActiveCfg = Release
		{68F798A7-8BBA-4A55-A910-EBE12AD91877}.Release|Any CPU.Build.0 = Release
		{68F798A7-8BBA-4A55-A910-EBE12AD91877}.Release|Any CPU.Deploy.0 = Release
		{24F931D0-A884-4354-B3C5-47AC3A575D6A}.Debug|Any CPU.ActiveCfg = Debug|Any CPU
		{24F931D0-A884-4354-B3C5-47AC3A575D6A}.Debug|Any CPU.Build.0 = Debug|Any CPU
		{24F931D0-A884-4354-B3C5-47AC3A575D6A}.Release|Any CPU.ActiveCfg = Release|Any CPU
		{24F931D0-A884-4354-B3C5-47AC3A575D6A}.Release|Any CPU.Build.0 = Release|Any CPU
		{E82DE0ED-596C-4671-9CDB-4D4AE189F1D7}.Debug|Any CPU.ActiveCfg = Debug|Any CPU
		{E82DE0ED-596C-4671-9CDB-4D4AE189F1D7}.Debug|Any CPU.Build.0 = Debug|Any CPU
		{E82DE0ED-596C-4671-9CDB-4D4AE189F1D7}.Release|Any CPU.ActiveCfg = Release|Any CPU
		{E82DE0ED-596C-4671-9CDB-4D4AE189F1D7}.Release|Any CPU.Build.0 = Release|Any CPU
		{0458C5D6-61F4-4416-B463-FA7DCCED30E5}.Debug|Any CPU.ActiveCfg = Debug|Any CPU
		{0458C5D6-61F4-4416-B463-FA7DCCED30E5}.Debug|Any CPU.Build.0 = Debug|Any CPU
		{0458C5D6-61F4-4416-B463-FA7DCCED30E5}.Release|Any CPU.ActiveCfg = Release|Any CPU
		{0458C5D6-61F4-4416-B463-FA7DCCED30E5}.Release|Any CPU.Build.0 = Release|Any CPU
	EndGlobalSection
	GlobalSection(SolutionProperties) = preSolution
		HideSolutionNode = FALSE
	EndGlobalSection
	GlobalSection(ExtensibilityGlobals) = postSolution
		SolutionGuid = {478EE8F5-54E1-431D-BEC8-72AC05F5AF8C}
	EndGlobalSection
EndGlobal
