<Solution>
  <Folder Name="/Solution Items/">
    <File Path="DynamicsCrm.DevKit.Cli.json" />
    <File Path="DynamicsCrm.DevKit.json" />
  </Folder>
  <Project Path="Dev.DevKit.Legacy.Console/Dev.DevKit.Legacy.Console.csproj" Id="961458eb-eeda-4beb-bd17-94cc2fc2302c" />
  <Project Path="Dev.DevKit.Legacy.ConsoleCore/Dev.DevKit.Legacy.ConsoleCore.csproj" />
  <Project Path="Dev.DevKit.Legacy.Package/Dev.DevKit.Legacy.Package.csproj" />
  <Project Path="Dev.DevKit.Legacy.Package2/Dev.DevKit.Legacy.Package2.csproj" />
  <Project Path="Dev.DevKit.Legacy.ProxyTypes/Dev.DevKit.Legacy.ProxyTypes.csproj" Id="24f931d0-a884-4354-b3c5-47ac3a575d6a" />
  <Project Path="Dev.DevKit.Legacy.Report/Dev.DevKit.Legacy.Report.rptproj">
    <Deploy />
  </Project>
  <Project Path="Dev.DevKit.Legacy.Server/Dev.DevKit.Legacy.Server.csproj" Id="e67dfda1-d408-48e1-901a-f9e80de9e37b" />
  <Project Path="Dev.DevKit.Legacy.Server2/Dev.DevKit.Legacy.Server2.csproj" Id="ed8677b0-a509-44d3-8991-0e3478fe5289" />
  <Project Path="Dev.DevKit.Legacy.Shared.Test/Dev.DevKit.Legacy.Shared.Test.shproj" Id="6ab1780c-898a-4b92-b27a-d292a1d9fc54" />
  <Project Path="Dev.DevKit.Legacy.Shared/Dev.DevKit.Legacy.Shared.shproj" Id="d734c9af-bb2c-46ac-be51-fe45c8786dd7" />
  <Project Path="Dev.DevKit.Legacy.SolutionPackager/Dev.DevKit.Legacy.SolutionPackager.csproj" Id="7e074655-d3f1-431d-8abd-72105b0f5212" />
  <Project Path="Dev.DevKit.Legacy.Test/Dev.DevKit.Legacy.Test.csproj" Id="199fa911-b8b0-46d1-8380-f626e4f19a61" />
  <Project Path="Dev.DevKit.Legacy.UiTest/Dev.DevKit.Legacy.UiTest.csproj" Id="8b561afe-15ad-4603-9405-843d30efab93" />
  <Project Path="Dev.DevKit.Legacy.WebResource/Dev.DevKit.Legacy.WebResource.csproj" Id="08ca23d1-5a9e-41f3-993b-d1dc46af4981" />
</Solution>
