
Microsoft Visual Studio Solution File, Format Version 12.00
# Visual Studio 15
VisualStudioVersion = 15.0.28307.271
MinimumVisualStudioVersion = 10.0.40219.1
Project("{D954291E-2A0B-460D-934E-DC6B0785DB48}") = "TestAnalyzers.Shared", "TestAnalyzers.Shared\TestAnalyzers.Shared.shproj", "{E773D56B-0FE5-46DF-9BA1-62A31F90401B}"
EndProject
Project("{FAE04EC0-301F-11D3-BF4B-00C04F79EFBC}") = "TestAnalyzers.Plugin.Account", "TestAnalyzers.Plugin.Account\TestAnalyzers.Plugin.Account.csproj", "{D1348324-92D9-417D-B513-8928A1D0F3C1}"
EndProject
Global
	GlobalSection(SharedMSBuildProjectFiles) = preSolution
		TestAnalyzers.Shared\TestAnalyzers.Shared.projitems*{d1348324-92d9-417d-b513-8928a1d0f3c1}*SharedItemsImports = 4
		TestAnalyzers.Shared\TestAnalyzers.Shared.projitems*{e773d56b-0fe5-46df-9ba1-62a31f90401b}*SharedItemsImports = 13
	EndGlobalSection
	GlobalSection(SolutionConfigurationPlatforms) = preSolution
		Debug|Any CPU = Debug|Any CPU
		Release|Any CPU = Release|Any CPU
	EndGlobalSection
	GlobalSection(ProjectConfigurationPlatforms) = postSolution
		{D1348324-92D9-417D-B513-8928A1D0F3C1}.Debug|Any CPU.ActiveCfg = Debug|Any CPU
		{D1348324-92D9-417D-B513-8928A1D0F3C1}.Debug|Any CPU.Build.0 = Debug|Any CPU
		{D1348324-92D9-417D-B513-8928A1D0F3C1}.Release|Any CPU.ActiveCfg = Release|Any CPU
		{D1348324-92D9-417D-B513-8928A1D0F3C1}.Release|Any CPU.Build.0 = Release|Any CPU
	EndGlobalSection
	GlobalSection(SolutionProperties) = preSolution
		HideSolutionNode = FALSE
	EndGlobalSection
	GlobalSection(ExtensibilityGlobals) = postSolution
		SolutionGuid = {C3FBB59F-903F-40D4-9733-D47FC9640D22}
	EndGlobalSection
EndGlobal
