
Microsoft Visual Studio Solution File, Format Version 12.00
# Visual Studio Version 16
VisualStudioVersion = 16.0.31205.134
MinimumVisualStudioVersion = 10.0.40219.1
Project("{F14B399A-7131-4C87-9E4B-1186C45EF12D}") = "ReportsVs2019.Report", "ReportsVs2019.Report\ReportsVs2019.Report.rptproj", "{98D972BC-4E98-4F0C-B279-048B371B4F63}"
EndProject
Project("{D954291E-2A0B-460D-934E-DC6B0785DB48}") = "ReportsVs2019.Shared", "ReportsVs2019.Shared\ReportsVs2019.Shared.shproj", "{B6EC1BC5-EFDF-4B62-9301-1B89C0EDFE7C}"
EndProject
Project("{FAE04EC0-301F-11D3-BF4B-00C04F79EFBC}") = "ReportsVs2019.Console", "ReportsVs2019.Console\ReportsVs2019.Console.csproj", "{2763F6BC-9124-4ABA-BF86-58D414D87F2B}"
EndProject
Global
	GlobalSection(SharedMSBuildProjectFiles) = preSolution
		ReportsVs2019.Shared\ReportsVs2019.Shared.projitems*{2763f6bc-9124-4aba-bf86-58d414d87f2b}*SharedItemsImports = 4
		ReportsVs2019.Shared\ReportsVs2019.Shared.projitems*{b6ec1bc5-efdf-4b62-9301-1b89c0edfe7c}*SharedItemsImports = 13
	EndGlobalSection
	GlobalSection(SolutionConfigurationPlatforms) = preSolution
		Debug|Any CPU = Debug|Any CPU
		Release|Any CPU = Release|Any CPU
	EndGlobalSection
	GlobalSection(ProjectConfigurationPlatforms) = postSolution
		{98D972BC-4E98-4F0C-B279-048B371B4F63}.Debug|Any CPU.ActiveCfg = Debug
		{98D972BC-4E98-4F0C-B279-048B371B4F63}.Debug|Any CPU.Build.0 = Debug
		{98D972BC-4E98-4F0C-B279-048B371B4F63}.Debug|Any CPU.Deploy.0 = Debug
		{98D972BC-4E98-4F0C-B279-048B371B4F63}.Release|Any CPU.ActiveCfg = Release
		{98D972BC-4E98-4F0C-B279-048B371B4F63}.Release|Any CPU.Build.0 = Release
		{98D972BC-4E98-4F0C-B279-048B371B4F63}.Release|Any CPU.Deploy.0 = Release
		{2763F6BC-9124-4ABA-BF86-58D414D87F2B}.Debug|Any CPU.ActiveCfg = Debug|Any CPU
		{2763F6BC-9124-4ABA-BF86-58D414D87F2B}.Debug|Any CPU.Build.0 = Debug|Any CPU
		{2763F6BC-9124-4ABA-BF86-58D414D87F2B}.Release|Any CPU.ActiveCfg = Release|Any CPU
		{2763F6BC-9124-4ABA-BF86-58D414D87F2B}.Release|Any CPU.Build.0 = Release|Any CPU
	EndGlobalSection
	GlobalSection(SolutionProperties) = preSolution
		HideSolutionNode = FALSE
	EndGlobalSection
	GlobalSection(ExtensibilityGlobals) = postSolution
		SolutionGuid = {AA26C7DB-56E6-401D-B8AC-A79F7ACC0EBC}
	EndGlobalSection
EndGlobal
