
Microsoft Visual Studio Solution File, Format Version 12.00
# Visual Studio Version 16
VisualStudioVersion = 16.0.31205.134
MinimumVisualStudioVersion = 10.0.40219.1
Project("{D954291E-2A0B-460D-934E-DC6B0785DB48}") = "Dev.DevKit.Shared", "Dev.DevKit.Shared\Dev.DevKit.Shared.shproj", "{21134DCE-0A46-40C6-B64D-2C94D06F5003}"
EndProject
Project("{2150E333-8FDC-42A3-9474-1A3956D46DE8}") = "Solution Items", "Solution Items", "{68EF2FC6-9CBD-43D4-9143-6CEB8EC8E388}"
	ProjectSection(SolutionItems) = preProject
		DynamicsCrm.DevKit.Cli.json = DynamicsCrm.DevKit.Cli.json
		DynamicsCrm.DevKit.json = DynamicsCrm.DevKit.json
		notes.txt = notes.txt
	EndProjectSection
EndProject
Project("{FAE04EC0-301F-11D3-BF4B-00C04F79EFBC}") = "Dev.DevKit.WebResource", "Dev.DevKit.WebResource\Dev.DevKit.WebResource.csproj", "{BE2141C4-6543-45E4-A22D-BBE095FF5B60}"
EndProject
Global
	GlobalSection(SharedMSBuildProjectFiles) = preSolution
		Dev.DevKit.Shared\Dev.DevKit.Shared.projitems*{21134dce-0a46-40c6-b64d-2c94d06f5003}*SharedItemsImports = 13
	EndGlobalSection
	GlobalSection(SolutionConfigurationPlatforms) = preSolution
		Debug|Any CPU = Debug|Any CPU
		Release|Any CPU = Release|Any CPU
	EndGlobalSection
	GlobalSection(ProjectConfigurationPlatforms) = postSolution
		{BE2141C4-6543-45E4-A22D-BBE095FF5B60}.Debug|Any CPU.ActiveCfg = Debug|Any CPU
		{BE2141C4-6543-45E4-A22D-BBE095FF5B60}.Debug|Any CPU.Build.0 = Debug|Any CPU
		{BE2141C4-6543-45E4-A22D-BBE095FF5B60}.Release|Any CPU.ActiveCfg = Release|Any CPU
		{BE2141C4-6543-45E4-A22D-BBE095FF5B60}.Release|Any CPU.Build.0 = Release|Any CPU
	EndGlobalSection
	GlobalSection(SolutionProperties) = preSolution
		HideSolutionNode = FALSE
	EndGlobalSection
	GlobalSection(ExtensibilityGlobals) = postSolution
		SolutionGuid = {478EE8F5-54E1-431D-BEC8-72AC05F5AF8C}
	EndGlobalSection
EndGlobal
