
Microsoft Visual Studio Solution File, Format Version 12.00
# Visual Studio Version 16
VisualStudioVersion = 16.0.31205.134
MinimumVisualStudioVersion = 10.0.40219.1
Project("{D954291E-2A0B-460D-934E-DC6B0785DB48}") = "Xz.MySon.Shared", "Xz.MySon.Shared\Xz.MySon.Shared.shproj", "{39E80854-C6EA-4B95-9AA1-FB27422FEB87}"
EndProject
Project("{FAE04EC0-301F-11D3-BF4B-00C04F79EFBC}") = "Xz.MySon.WebResource", "Xz.MySon.WebResource\Xz.MySon.WebResource.csproj", "{4BD8DC41-4C00-4B8E-87D3-DD1E14339C3E}"
EndProject
Project("{2150E333-8FDC-42A3-9474-1A3956D46DE8}") = "Solution Items", "Solution Items", "{003C0CDD-1A77-467C-8EA7-B08742742992}"
	ProjectSection(SolutionItems) = preProject
		DynamicsCrm.DevKit.Cli.json = DynamicsCrm.DevKit.Cli.json
		DynamicsCrm.DevKit.json = DynamicsCrm.DevKit.json
	EndProjectSection
EndProject
Global
	GlobalSection(SharedMSBuildProjectFiles) = preSolution
		Xz.MySon.Shared\Xz.MySon.Shared.projitems*{39e80854-c6ea-4b95-9aa1-fb27422feb87}*SharedItemsImports = 13
	EndGlobalSection
	GlobalSection(SolutionConfigurationPlatforms) = preSolution
		Debug|Any CPU = Debug|Any CPU
		Release|Any CPU = Release|Any CPU
	EndGlobalSection
	GlobalSection(ProjectConfigurationPlatforms) = postSolution
		{4BD8DC41-4C00-4B8E-87D3-DD1E14339C3E}.Debug|Any CPU.ActiveCfg = Debug|Any CPU
		{4BD8DC41-4C00-4B8E-87D3-DD1E14339C3E}.Debug|Any CPU.Build.0 = Debug|Any CPU
		{4BD8DC41-4C00-4B8E-87D3-DD1E14339C3E}.Release|Any CPU.ActiveCfg = Release|Any CPU
		{4BD8DC41-4C00-4B8E-87D3-DD1E14339C3E}.Release|Any CPU.Build.0 = Release|Any CPU
	EndGlobalSection
	GlobalSection(SolutionProperties) = preSolution
		HideSolutionNode = FALSE
	EndGlobalSection
	GlobalSection(ExtensibilityGlobals) = postSolution
		SolutionGuid = {1738124C-A6F4-4020-97B1-6BCFE861DE55}
	EndGlobalSection
EndGlobal
