
Microsoft Visual Studio Solution File, Format Version 12.00
# Visual Studio 15
VisualStudioVersion = 15.0.28307.106
MinimumVisualStudioVersion = 10.0.40219.1
Project("{D954291E-2A0B-460D-934E-DC6B0785DB48}") = "DevKit.Shared", "DevKit.Shared\DevKit.Shared.shproj", "{249738DA-CDC1-4BB3-991D-CD1ACE65D6C5}"
EndProject
Project("{FAE04EC0-301F-11D3-BF4B-00C04F79EFBC}") = "DevKit.Plugin.Account", "DevKit.Plugin.Account\DevKit.Plugin.Account.csproj", "{1307F4F6-281A-40C4-B34D-50BDA3512CFA}"
EndProject
Project("{FAE04EC0-301F-11D3-BF4B-00C04F79EFBC}") = "DevKit.ProxyTypes", "DevKit.ProxyTypes\DevKit.ProxyTypes.csproj", "{75CF715C-33B3-4E43-AE74-D28075BCC524}"
EndProject
Project("{FAE04EC0-301F-11D3-BF4B-00C04F79EFBC}") = "DevKit.Plugin.Account.Test", "DevKit.Plugin.Account.Test\DevKit.Plugin.Account.Test.csproj", "{4CB99ACF-F690-41E1-8D4F-862AC45A501A}"
EndProject
Project("{FAE04EC0-301F-11D3-BF4B-00C04F79EFBC}") = "DevKit.Workflow.Account", "DevKit.Workflow.Account\DevKit.Workflow.Account.csproj", "{E8FD05A1-11F2-4701-A8AE-8B1996B8A165}"
EndProject
Project("{FAE04EC0-301F-11D3-BF4B-00C04F79EFBC}") = "DevKit.Workflow.Account.Test", "DevKit.Workflow.Account.Test\DevKit.Workflow.Account.Test.csproj", "{13C88D99-2C0F-4C77-A13A-27E495D9EC33}"
EndProject
Project("{FAE04EC0-301F-11D3-BF4B-00C04F79EFBC}") = "DevKit.Workflow", "DevKit.Workflow\DevKit.Workflow.csproj", "{C7FF59F8-CD89-4153-9CB7-19973CE5E221}"
EndProject
Project("{FAE04EC0-301F-11D3-BF4B-00C04F79EFBC}") = "DevKit.Workflow.Test", "DevKit.Workflow.Test\DevKit.Workflow.Test.csproj", "{623A7292-77CE-4AD1-A2D6-E7F91AD7CECF}"
EndProject
Project("{FAE04EC0-301F-11D3-BF4B-00C04F79EFBC}") = "DevKit.CustomAction.Account", "DevKit.CustomAction.Account\DevKit.CustomAction.Account.csproj", "{49798F24-DB3F-4F97-90B0-0A8C7EB10088}"
EndProject
Project("{FAE04EC0-301F-11D3-BF4B-00C04F79EFBC}") = "DevKit.CustomAction", "DevKit.CustomAction\DevKit.CustomAction.csproj", "{331CAEA4-094C-4B83-9BAF-60C2DDBEF78A}"
EndProject
Project("{FAE04EC0-301F-11D3-BF4B-00C04F79EFBC}") = "DevKit.CustomAction.Account.Test", "DevKit.CustomAction.Account.Test\DevKit.CustomAction.Account.Test.csproj", "{36B65E2F-B76B-45B9-8D6A-3735563A1D32}"
EndProject
Project("{FAE04EC0-301F-11D3-BF4B-00C04F79EFBC}") = "DevKit.CustomAction.Test", "DevKit.CustomAction.Test\DevKit.CustomAction.Test.csproj", "{992D597E-57BB-4ADE-9109-7B79846A6174}"
EndProject
Project("{FAE04EC0-301F-11D3-BF4B-00C04F79EFBC}") = "DevKit.Console", "DevKit.Console\DevKit.Console.csproj", "{EB657430-1E5B-4D84-BFDB-FF98C1B0D5F2}"
EndProject
Project("{FAE04EC0-301F-11D3-BF4B-00C04F79EFBC}") = "DevKit.Console.2", "DevKit.Console.2\DevKit.Console.2.csproj", "{510B44B8-BCCE-4429-81CD-4F4DD35833C6}"
EndProject
Project("{FAE04EC0-301F-11D3-BF4B-00C04F79EFBC}") = "DevKit.CustomAction.2", "DevKit.CustomAction.2\DevKit.CustomAction.2.csproj", "{5D38C489-5D9D-43D6-9DAE-42CFD94DDEC9}"
EndProject
Project("{FAE04EC0-301F-11D3-BF4B-00C04F79EFBC}") = "DevKit.Workflow.2", "DevKit.Workflow.2\DevKit.Workflow.2.csproj", "{6612FE73-BF07-4937-BB2A-8FA8F2AC8246}"
EndProject
Project("{FAE04EC0-301F-11D3-BF4B-00C04F79EFBC}") = "DevKit.CustomAction.2.Test", "DevKit.CustomAction.2.Test\DevKit.CustomAction.2.Test.csproj", "{30EC4A51-54E7-494D-B6E7-C9F52741F06C}"
EndProject
Project("{FAE04EC0-301F-11D3-BF4B-00C04F79EFBC}") = "DevKit.Workflow.2.Test", "DevKit.Workflow.2.Test\DevKit.Workflow.2.Test.csproj", "{50D4398A-A890-4285-8683-82E97E353C39}"
EndProject
Project("{FAE04EC0-301F-11D3-BF4B-00C04F79EFBC}") = "DevKit.UiTest", "DevKit.UiTest\DevKit.UiTest.csproj", "{4A17ADE0-9251-4911-98D4-1D14D6A7C3D9}"
EndProject
Project("{FAE04EC0-301F-11D3-BF4B-00C04F79EFBC}") = "DevKit.UiTest.2", "DevKit.UiTest.2\DevKit.UiTest.2.csproj", "{CA6601B1-8662-480B-AA9B-DBCA65F72AC2}"
EndProject
Project("{FAE04EC0-301F-11D3-BF4B-00C04F79EFBC}") = "DevKit.DataProvider", "DevKit.DataProvider\DevKit.DataProvider.csproj", "{887B4480-E048-45A3-89E3-B369B2AC5A2C}"
EndProject
Project("{FAE04EC0-301F-11D3-BF4B-00C04F79EFBC}") = "DevKit.DataProvider.2", "DevKit.DataProvider.2\DevKit.DataProvider.2.csproj", "{A10D6A1D-6624-488D-A42C-C1E3E3E2B6AB}"
EndProject
Project("{FAE04EC0-301F-11D3-BF4B-00C04F79EFBC}") = "DevKit.WebResource", "DevKit.WebResource\DevKit.WebResource.csproj", "{EA655EF5-49CB-4C72-B7F8-7989B5E10F9A}"
EndProject
Project("{FAE04EC0-301F-11D3-BF4B-00C04F79EFBC}") = "DevKit.WebResource.2", "DevKit.WebResource.2\DevKit.WebResource.2.csproj", "{82A0019F-D15A-42DC-BAF0-2414D822C1F9}"
EndProject
Global
	GlobalSection(SharedMSBuildProjectFiles) = preSolution
		DevKit.Shared\DevKit.Shared.projitems*{1307f4f6-281a-40c4-b34d-50bda3512cfa}*SharedItemsImports = 4
		DevKit.Shared\DevKit.Shared.projitems*{249738da-cdc1-4bb3-991d-cd1ace65d6c5}*SharedItemsImports = 13
		DevKit.Shared\DevKit.Shared.projitems*{331caea4-094c-4b83-9baf-60c2ddbef78a}*SharedItemsImports = 4
		DevKit.Shared\DevKit.Shared.projitems*{49798f24-db3f-4f97-90b0-0a8c7eb10088}*SharedItemsImports = 4
		DevKit.Shared\DevKit.Shared.projitems*{4a17ade0-9251-4911-98d4-1d14d6a7c3d9}*SharedItemsImports = 4
		DevKit.Shared\DevKit.Shared.projitems*{510b44b8-bcce-4429-81cd-4f4dd35833c6}*SharedItemsImports = 4
		DevKit.Shared\DevKit.Shared.projitems*{5d38c489-5d9d-43d6-9dae-42cfd94ddec9}*SharedItemsImports = 4
		DevKit.Shared\DevKit.Shared.projitems*{6612fe73-bf07-4937-bb2a-8fa8f2ac8246}*SharedItemsImports = 4
		DevKit.Shared\DevKit.Shared.projitems*{887b4480-e048-45a3-89e3-b369b2ac5a2c}*SharedItemsImports = 4
		DevKit.Shared\DevKit.Shared.projitems*{a10d6a1d-6624-488d-a42c-c1e3e3e2b6ab}*SharedItemsImports = 4
		DevKit.Shared\DevKit.Shared.projitems*{c7ff59f8-cd89-4153-9cb7-19973ce5e221}*SharedItemsImports = 4
		DevKit.Shared\DevKit.Shared.projitems*{ca6601b1-8662-480b-aa9b-dbca65f72ac2}*SharedItemsImports = 4
		DevKit.Shared\DevKit.Shared.projitems*{e8fd05a1-11f2-4701-a8ae-8b1996b8a165}*SharedItemsImports = 4
		DevKit.Shared\DevKit.Shared.projitems*{eb657430-1e5b-4d84-bfdb-ff98c1b0d5f2}*SharedItemsImports = 4
	EndGlobalSection
	GlobalSection(SolutionConfigurationPlatforms) = preSolution
		Debug|Any CPU = Debug|Any CPU
		Release|Any CPU = Release|Any CPU
	EndGlobalSection
	GlobalSection(ProjectConfigurationPlatforms) = postSolution
		{1307F4F6-281A-40C4-B34D-50BDA3512CFA}.Debug|Any CPU.ActiveCfg = Debug|Any CPU
		{1307F4F6-281A-40C4-B34D-50BDA3512CFA}.Debug|Any CPU.Build.0 = Debug|Any CPU
		{1307F4F6-281A-40C4-B34D-50BDA3512CFA}.Release|Any CPU.ActiveCfg = Release|Any CPU
		{1307F4F6-281A-40C4-B34D-50BDA3512CFA}.Release|Any CPU.Build.0 = Release|Any CPU
		{75CF715C-33B3-4E43-AE74-D28075BCC524}.Debug|Any CPU.ActiveCfg = Debug|Any CPU
		{75CF715C-33B3-4E43-AE74-D28075BCC524}.Debug|Any CPU.Build.0 = Debug|Any CPU
		{75CF715C-33B3-4E43-AE74-D28075BCC524}.Release|Any CPU.ActiveCfg = Release|Any CPU
		{75CF715C-33B3-4E43-AE74-D28075BCC524}.Release|Any CPU.Build.0 = Release|Any CPU
		{4CB99ACF-F690-41E1-8D4F-862AC45A501A}.Debug|Any CPU.ActiveCfg = Debug|Any CPU
		{4CB99ACF-F690-41E1-8D4F-862AC45A501A}.Debug|Any CPU.Build.0 = Debug|Any CPU
		{4CB99ACF-F690-41E1-8D4F-862AC45A501A}.Release|Any CPU.ActiveCfg = Release|Any CPU
		{4CB99ACF-F690-41E1-8D4F-862AC45A501A}.Release|Any CPU.Build.0 = Release|Any CPU
		{E8FD05A1-11F2-4701-A8AE-8B1996B8A165}.Debug|Any CPU.ActiveCfg = Debug|Any CPU
		{E8FD05A1-11F2-4701-A8AE-8B1996B8A165}.Debug|Any CPU.Build.0 = Debug|Any CPU
		{E8FD05A1-11F2-4701-A8AE-8B1996B8A165}.Release|Any CPU.ActiveCfg = Release|Any CPU
		{E8FD05A1-11F2-4701-A8AE-8B1996B8A165}.Release|Any CPU.Build.0 = Release|Any CPU
		{13C88D99-2C0F-4C77-A13A-27E495D9EC33}.Debug|Any CPU.ActiveCfg = Debug|Any CPU
		{13C88D99-2C0F-4C77-A13A-27E495D9EC33}.Debug|Any CPU.Build.0 = Debug|Any CPU
		{13C88D99-2C0F-4C77-A13A-27E495D9EC33}.Release|Any CPU.ActiveCfg = Release|Any CPU
		{13C88D99-2C0F-4C77-A13A-27E495D9EC33}.Release|Any CPU.Build.0 = Release|Any CPU
		{C7FF59F8-CD89-4153-9CB7-19973CE5E221}.Debug|Any CPU.ActiveCfg = Debug|Any CPU
		{C7FF59F8-CD89-4153-9CB7-19973CE5E221}.Debug|Any CPU.Build.0 = Debug|Any CPU
		{C7FF59F8-CD89-4153-9CB7-19973CE5E221}.Release|Any CPU.ActiveCfg = Release|Any CPU
		{C7FF59F8-CD89-4153-9CB7-19973CE5E221}.Release|Any CPU.Build.0 = Release|Any CPU
		{623A7292-77CE-4AD1-A2D6-E7F91AD7CECF}.Debug|Any CPU.ActiveCfg = Debug|Any CPU
		{623A7292-77CE-4AD1-A2D6-E7F91AD7CECF}.Debug|Any CPU.Build.0 = Debug|Any CPU
		{623A7292-77CE-4AD1-A2D6-E7F91AD7CECF}.Release|Any CPU.ActiveCfg = Release|Any CPU
		{623A7292-77CE-4AD1-A2D6-E7F91AD7CECF}.Release|Any CPU.Build.0 = Release|Any CPU
		{49798F24-DB3F-4F97-90B0-0A8C7EB10088}.Debug|Any CPU.ActiveCfg = Debug|Any CPU
		{49798F24-DB3F-4F97-90B0-0A8C7EB10088}.Debug|Any CPU.Build.0 = Debug|Any CPU
		{49798F24-DB3F-4F97-90B0-0A8C7EB10088}.Release|Any CPU.ActiveCfg = Release|Any CPU
		{49798F24-DB3F-4F97-90B0-0A8C7EB10088}.Release|Any CPU.Build.0 = Release|Any CPU
		{331CAEA4-094C-4B83-9BAF-60C2DDBEF78A}.Debug|Any CPU.ActiveCfg = Debug|Any CPU
		{331CAEA4-094C-4B83-9BAF-60C2DDBEF78A}.Debug|Any CPU.Build.0 = Debug|Any CPU
		{331CAEA4-094C-4B83-9BAF-60C2DDBEF78A}.Release|Any CPU.ActiveCfg = Release|Any CPU
		{331CAEA4-094C-4B83-9BAF-60C2DDBEF78A}.Release|Any CPU.Build.0 = Release|Any CPU
		{36B65E2F-B76B-45B9-8D6A-3735563A1D32}.Debug|Any CPU.ActiveCfg = Debug|Any CPU
		{36B65E2F-B76B-45B9-8D6A-3735563A1D32}.Debug|Any CPU.Build.0 = Debug|Any CPU
		{36B65E2F-B76B-45B9-8D6A-3735563A1D32}.Release|Any CPU.ActiveCfg = Release|Any CPU
		{36B65E2F-B76B-45B9-8D6A-3735563A1D32}.Release|Any CPU.Build.0 = Release|Any CPU
		{992D597E-57BB-4ADE-9109-7B79846A6174}.Debug|Any CPU.ActiveCfg = Debug|Any CPU
		{992D597E-57BB-4ADE-9109-7B79846A6174}.Debug|Any CPU.Build.0 = Debug|Any CPU
		{992D597E-57BB-4ADE-9109-7B79846A6174}.Release|Any CPU.ActiveCfg = Release|Any CPU
		{992D597E-57BB-4ADE-9109-7B79846A6174}.Release|Any CPU.Build.0 = Release|Any CPU
		{EB657430-1E5B-4D84-BFDB-FF98C1B0D5F2}.Debug|Any CPU.ActiveCfg = Debug|Any CPU
		{EB657430-1E5B-4D84-BFDB-FF98C1B0D5F2}.Debug|Any CPU.Build.0 = Debug|Any CPU
		{EB657430-1E5B-4D84-BFDB-FF98C1B0D5F2}.Release|Any CPU.ActiveCfg = Release|Any CPU
		{EB657430-1E5B-4D84-BFDB-FF98C1B0D5F2}.Release|Any CPU.Build.0 = Release|Any CPU
		{510B44B8-BCCE-4429-81CD-4F4DD35833C6}.Debug|Any CPU.ActiveCfg = Debug|Any CPU
		{510B44B8-BCCE-4429-81CD-4F4DD35833C6}.Debug|Any CPU.Build.0 = Debug|Any CPU
		{510B44B8-BCCE-4429-81CD-4F4DD35833C6}.Release|Any CPU.ActiveCfg = Release|Any CPU
		{510B44B8-BCCE-4429-81CD-4F4DD35833C6}.Release|Any CPU.Build.0 = Release|Any CPU
		{5D38C489-5D9D-43D6-9DAE-42CFD94DDEC9}.Debug|Any CPU.ActiveCfg = Debug|Any CPU
		{5D38C489-5D9D-43D6-9DAE-42CFD94DDEC9}.Debug|Any CPU.Build.0 = Debug|Any CPU
		{5D38C489-5D9D-43D6-9DAE-42CFD94DDEC9}.Release|Any CPU.ActiveCfg = Release|Any CPU
		{5D38C489-5D9D-43D6-9DAE-42CFD94DDEC9}.Release|Any CPU.Build.0 = Release|Any CPU
		{6612FE73-BF07-4937-BB2A-8FA8F2AC8246}.Debug|Any CPU.ActiveCfg = Debug|Any CPU
		{6612FE73-BF07-4937-BB2A-8FA8F2AC8246}.Debug|Any CPU.Build.0 = Debug|Any CPU
		{6612FE73-BF07-4937-BB2A-8FA8F2AC8246}.Release|Any CPU.ActiveCfg = Release|Any CPU
		{6612FE73-BF07-4937-BB2A-8FA8F2AC8246}.Release|Any CPU.Build.0 = Release|Any CPU
		{30EC4A51-54E7-494D-B6E7-C9F52741F06C}.Debug|Any CPU.ActiveCfg = Debug|Any CPU
		{30EC4A51-54E7-494D-B6E7-C9F52741F06C}.Debug|Any CPU.Build.0 = Debug|Any CPU
		{30EC4A51-54E7-494D-B6E7-C9F52741F06C}.Release|Any CPU.ActiveCfg = Release|Any CPU
		{30EC4A51-54E7-494D-B6E7-C9F52741F06C}.Release|Any CPU.Build.0 = Release|Any CPU
		{50D4398A-A890-4285-8683-82E97E353C39}.Debug|Any CPU.ActiveCfg = Debug|Any CPU
		{50D4398A-A890-4285-8683-82E97E353C39}.Debug|Any CPU.Build.0 = Debug|Any CPU
		{50D4398A-A890-4285-8683-82E97E353C39}.Release|Any CPU.ActiveCfg = Release|Any CPU
		{50D4398A-A890-4285-8683-82E97E353C39}.Release|Any CPU.Build.0 = Release|Any CPU
		{4A17ADE0-9251-4911-98D4-1D14D6A7C3D9}.Debug|Any CPU.ActiveCfg = Debug|Any CPU
		{4A17ADE0-9251-4911-98D4-1D14D6A7C3D9}.Debug|Any CPU.Build.0 = Debug|Any CPU
		{4A17ADE0-9251-4911-98D4-1D14D6A7C3D9}.Release|Any CPU.ActiveCfg = Release|Any CPU
		{4A17ADE0-9251-4911-98D4-1D14D6A7C3D9}.Release|Any CPU.Build.0 = Release|Any CPU
		{CA6601B1-8662-480B-AA9B-DBCA65F72AC2}.Debug|Any CPU.ActiveCfg = Debug|Any CPU
		{CA6601B1-8662-480B-AA9B-DBCA65F72AC2}.Debug|Any CPU.Build.0 = Debug|Any CPU
		{CA6601B1-8662-480B-AA9B-DBCA65F72AC2}.Release|Any CPU.ActiveCfg = Release|Any CPU
		{CA6601B1-8662-480B-AA9B-DBCA65F72AC2}.Release|Any CPU.Build.0 = Release|Any CPU
		{887B4480-E048-45A3-89E3-B369B2AC5A2C}.Debug|Any CPU.ActiveCfg = Debug|Any CPU
		{887B4480-E048-45A3-89E3-B369B2AC5A2C}.Debug|Any CPU.Build.0 = Debug|Any CPU
		{887B4480-E048-45A3-89E3-B369B2AC5A2C}.Release|Any CPU.ActiveCfg = Release|Any CPU
		{887B4480-E048-45A3-89E3-B369B2AC5A2C}.Release|Any CPU.Build.0 = Release|Any CPU
		{A10D6A1D-6624-488D-A42C-C1E3E3E2B6AB}.Debug|Any CPU.ActiveCfg = Debug|Any CPU
		{A10D6A1D-6624-488D-A42C-C1E3E3E2B6AB}.Debug|Any CPU.Build.0 = Debug|Any CPU
		{A10D6A1D-6624-488D-A42C-C1E3E3E2B6AB}.Release|Any CPU.ActiveCfg = Release|Any CPU
		{A10D6A1D-6624-488D-A42C-C1E3E3E2B6AB}.Release|Any CPU.Build.0 = Release|Any CPU
		{EA655EF5-49CB-4C72-B7F8-7989B5E10F9A}.Debug|Any CPU.ActiveCfg = Debug|Any CPU
		{EA655EF5-49CB-4C72-B7F8-7989B5E10F9A}.Debug|Any CPU.Build.0 = Debug|Any CPU
		{EA655EF5-49CB-4C72-B7F8-7989B5E10F9A}.Release|Any CPU.ActiveCfg = Release|Any CPU
		{EA655EF5-49CB-4C72-B7F8-7989B5E10F9A}.Release|Any CPU.Build.0 = Release|Any CPU
		{82A0019F-D15A-42DC-BAF0-2414D822C1F9}.Debug|Any CPU.ActiveCfg = Debug|Any CPU
		{82A0019F-D15A-42DC-BAF0-2414D822C1F9}.Debug|Any CPU.Build.0 = Debug|Any CPU
		{82A0019F-D15A-42DC-BAF0-2414D822C1F9}.Release|Any CPU.ActiveCfg = Release|Any CPU
		{82A0019F-D15A-42DC-BAF0-2414D822C1F9}.Release|Any CPU.Build.0 = Release|Any CPU
	EndGlobalSection
	GlobalSection(SolutionProperties) = preSolution
		HideSolutionNode = FALSE
	EndGlobalSection
	GlobalSection(ExtensibilityGlobals) = postSolution
		SolutionGuid = {FE0880B6-82C3-4E6F-AF7C-3B682B627C68}
	EndGlobalSection
EndGlobal
