
Microsoft Visual Studio Solution File, Format Version 12.00
# Visual Studio Version 17
VisualStudioVersion = 17.7.34031.279
MinimumVisualStudioVersion = 10.0.40219.1
Project("{2150E333-8FDC-42A3-9474-1A3956D46DE8}") = "Solution Items", "Solution Items", "{D6A1222B-751D-4F67-B2C1-F02B9E5E3C0D}"
	ProjectSection(SolutionItems) = preProject
		DynamicsCrm.DevKit.Cli.json = DynamicsCrm.DevKit.Cli.json
		DynamicsCrm.DevKit.Config.json = DynamicsCrm.DevKit.Config.json
		DynamicsCrm.DevKit.json = DynamicsCrm.DevKit.json
	EndProjectSection
EndProject
Project("{D954291E-2A0B-460D-934E-DC6B0785DB48}") = "Dev.DevKit.Shared", "Dev.DevKit.Shared\Dev.DevKit.Shared.shproj", "{DFB9FAA9-00B9-4E32-B613-F046A780169B}"
EndProject
Project("{FAE04EC0-301F-11D3-BF4B-00C04F79EFBC}") = "Dev.DevKit.Server", "Dev.DevKit.Server\Dev.DevKit.Server.csproj", "{71AA65B1-7F4E-474D-9017-6D9404E87857}"
EndProject
Project("{FAE04EC0-301F-11D3-BF4B-00C04F79EFBC}") = "Dev.DevKit.Plugin.Account", "Dev.DevKit.Plugin.Account\Dev.DevKit.Plugin.Account.csproj", "{DB38A8B7-EC89-4FDB-9187-5615061E9AF0}"
EndProject
Project("{FAE04EC0-301F-11D3-BF4B-00C04F79EFBC}") = "Dev.DevKit.Workflow.Account", "Dev.DevKit.Workflow.Account\Dev.DevKit.Workflow.Account.csproj", "{F1D28411-33B6-46BC-98C4-F80A517DC72F}"
EndProject
Project("{FAE04EC0-301F-11D3-BF4B-00C04F79EFBC}") = "Dev.DevKit.CustomAction", "Dev.DevKit.CustomAction\Dev.DevKit.CustomAction.csproj", "{5AF5F04B-03BD-46C6-B174-681A9E927EC6}"
EndProject
Project("{FAE04EC0-301F-11D3-BF4B-00C04F79EFBC}") = "Dev.DevKit.CustomApi", "Dev.DevKit.CustomApi\Dev.DevKit.CustomApi.csproj", "{91617C9A-6C3F-4226-A9FF-68419C23DE01}"
EndProject
Project("{FAE04EC0-301F-11D3-BF4B-00C04F79EFBC}") = "Dev.DevKit.ProxyTypes", "Dev.DevKit.ProxyTypes\Dev.DevKit.ProxyTypes.csproj", "{24F931D0-A884-4354-B3C5-47AC3A575D6A}"
EndProject
Project("{D954291E-2A0B-460D-934E-DC6B0785DB48}") = "Dev.DevKit.Shared.Test", "Dev.DevKit.Shared.Test\Dev.DevKit.Shared.Test.shproj", "{A7D8FB6D-0B6A-4C1D-8B3A-9C64DDE23137}"
EndProject
Project("{FAE04EC0-301F-11D3-BF4B-00C04F79EFBC}") = "Dev.DevKit.Console", "Dev.DevKit.Console\Dev.DevKit.Console.csproj", "{841E2F33-3ACC-4D50-B146-EA8644151618}"
EndProject
Project("{FAE04EC0-301F-11D3-BF4B-00C04F79EFBC}") = "Dev.DevKit.UiTest", "Dev.DevKit.UiTest\Dev.DevKit.UiTest.csproj", "{2FC09761-6C79-45F3-9D07-24028809B9B6}"
EndProject
Project("{FAE04EC0-301F-11D3-BF4B-00C04F79EFBC}") = "Dev.DevKit.2.UiTest", "Dev.DevKit.2.UiTest\Dev.DevKit.2.UiTest.csproj", "{A63DBE8E-BE08-42E3-8521-C4B8531F91B0}"
EndProject
Project("{FAE04EC0-301F-11D3-BF4B-00C04F79EFBC}") = "Dev.DevKit.DataProvider", "Dev.DevKit.DataProvider\Dev.DevKit.DataProvider.csproj", "{52BF71F0-8D5E-4C6E-B3D6-CE3E7B436F17}"
EndProject
Project("{FAE04EC0-301F-11D3-BF4B-00C04F79EFBC}") = "Dev.DevKit.SolutionPackager", "Dev.DevKit.SolutionPackager\Dev.DevKit.SolutionPackager.csproj", "{AAF406C3-28B9-4AD1-8309-90C8DE7A21C6}"
EndProject
Global
	GlobalSection(SolutionConfigurationPlatforms) = preSolution
		Debug|Any CPU = Debug|Any CPU
		Release|Any CPU = Release|Any CPU
	EndGlobalSection
	GlobalSection(ProjectConfigurationPlatforms) = postSolution
		{71AA65B1-7F4E-474D-9017-6D9404E87857}.Debug|Any CPU.ActiveCfg = Debug|Any CPU
		{71AA65B1-7F4E-474D-9017-6D9404E87857}.Debug|Any CPU.Build.0 = Debug|Any CPU
		{71AA65B1-7F4E-474D-9017-6D9404E87857}.Release|Any CPU.ActiveCfg = Release|Any CPU
		{71AA65B1-7F4E-474D-9017-6D9404E87857}.Release|Any CPU.Build.0 = Release|Any CPU
		{DB38A8B7-EC89-4FDB-9187-5615061E9AF0}.Debug|Any CPU.ActiveCfg = Debug|Any CPU
		{DB38A8B7-EC89-4FDB-9187-5615061E9AF0}.Debug|Any CPU.Build.0 = Debug|Any CPU
		{DB38A8B7-EC89-4FDB-9187-5615061E9AF0}.Release|Any CPU.ActiveCfg = Release|Any CPU
		{DB38A8B7-EC89-4FDB-9187-5615061E9AF0}.Release|Any CPU.Build.0 = Release|Any CPU
		{F1D28411-33B6-46BC-98C4-F80A517DC72F}.Debug|Any CPU.ActiveCfg = Debug|Any CPU
		{F1D28411-33B6-46BC-98C4-F80A517DC72F}.Debug|Any CPU.Build.0 = Debug|Any CPU
		{F1D28411-33B6-46BC-98C4-F80A517DC72F}.Release|Any CPU.ActiveCfg = Release|Any CPU
		{F1D28411-33B6-46BC-98C4-F80A517DC72F}.Release|Any CPU.Build.0 = Release|Any CPU
		{5AF5F04B-03BD-46C6-B174-681A9E927EC6}.Debug|Any CPU.ActiveCfg = Debug|Any CPU
		{5AF5F04B-03BD-46C6-B174-681A9E927EC6}.Debug|Any CPU.Build.0 = Debug|Any CPU
		{5AF5F04B-03BD-46C6-B174-681A9E927EC6}.Release|Any CPU.ActiveCfg = Release|Any CPU
		{5AF5F04B-03BD-46C6-B174-681A9E927EC6}.Release|Any CPU.Build.0 = Release|Any CPU
		{91617C9A-6C3F-4226-A9FF-68419C23DE01}.Debug|Any CPU.ActiveCfg = Debug|Any CPU
		{91617C9A-6C3F-4226-A9FF-68419C23DE01}.Debug|Any CPU.Build.0 = Debug|Any CPU
		{91617C9A-6C3F-4226-A9FF-68419C23DE01}.Release|Any CPU.ActiveCfg = Release|Any CPU
		{91617C9A-6C3F-4226-A9FF-68419C23DE01}.Release|Any CPU.Build.0 = Release|Any CPU
		{24F931D0-A884-4354-B3C5-47AC3A575D6A}.Debug|Any CPU.ActiveCfg = Debug|Any CPU
		{24F931D0-A884-4354-B3C5-47AC3A575D6A}.Debug|Any CPU.Build.0 = Debug|Any CPU
		{24F931D0-A884-4354-B3C5-47AC3A575D6A}.Release|Any CPU.ActiveCfg = Release|Any CPU
		{24F931D0-A884-4354-B3C5-47AC3A575D6A}.Release|Any CPU.Build.0 = Release|Any CPU
		{841E2F33-3ACC-4D50-B146-EA8644151618}.Debug|Any CPU.ActiveCfg = Debug|Any CPU
		{841E2F33-3ACC-4D50-B146-EA8644151618}.Debug|Any CPU.Build.0 = Debug|Any CPU
		{841E2F33-3ACC-4D50-B146-EA8644151618}.Release|Any CPU.ActiveCfg = Release|Any CPU
		{841E2F33-3ACC-4D50-B146-EA8644151618}.Release|Any CPU.Build.0 = Release|Any CPU
		{2FC09761-6C79-45F3-9D07-24028809B9B6}.Debug|Any CPU.ActiveCfg = Debug|Any CPU
		{2FC09761-6C79-45F3-9D07-24028809B9B6}.Debug|Any CPU.Build.0 = Debug|Any CPU
		{2FC09761-6C79-45F3-9D07-24028809B9B6}.Release|Any CPU.ActiveCfg = Release|Any CPU
		{2FC09761-6C79-45F3-9D07-24028809B9B6}.Release|Any CPU.Build.0 = Release|Any CPU
		{A63DBE8E-BE08-42E3-8521-C4B8531F91B0}.Debug|Any CPU.ActiveCfg = Debug|Any CPU
		{A63DBE8E-BE08-42E3-8521-C4B8531F91B0}.Debug|Any CPU.Build.0 = Debug|Any CPU
		{A63DBE8E-BE08-42E3-8521-C4B8531F91B0}.Release|Any CPU.ActiveCfg = Release|Any CPU
		{A63DBE8E-BE08-42E3-8521-C4B8531F91B0}.Release|Any CPU.Build.0 = Release|Any CPU
		{52BF71F0-8D5E-4C6E-B3D6-CE3E7B436F17}.Debug|Any CPU.ActiveCfg = Debug|Any CPU
		{52BF71F0-8D5E-4C6E-B3D6-CE3E7B436F17}.Debug|Any CPU.Build.0 = Debug|Any CPU
		{52BF71F0-8D5E-4C6E-B3D6-CE3E7B436F17}.Release|Any CPU.ActiveCfg = Release|Any CPU
		{52BF71F0-8D5E-4C6E-B3D6-CE3E7B436F17}.Release|Any CPU.Build.0 = Release|Any CPU
		{AAF406C3-28B9-4AD1-8309-90C8DE7A21C6}.Debug|Any CPU.ActiveCfg = Debug|Any CPU
		{AAF406C3-28B9-4AD1-8309-90C8DE7A21C6}.Debug|Any CPU.Build.0 = Debug|Any CPU
		{AAF406C3-28B9-4AD1-8309-90C8DE7A21C6}.Release|Any CPU.ActiveCfg = Release|Any CPU
		{AAF406C3-28B9-4AD1-8309-90C8DE7A21C6}.Release|Any CPU.Build.0 = Release|Any CPU
	EndGlobalSection
	GlobalSection(SolutionProperties) = preSolution
		HideSolutionNode = FALSE
	EndGlobalSection
	GlobalSection(ExtensibilityGlobals) = postSolution
		SolutionGuid = {478EE8F5-54E1-431D-BEC8-72AC05F5AF8C}
	EndGlobalSection
	GlobalSection(SharedMSBuildProjectFiles) = preSolution
		Dev.DevKit.Shared\Dev.DevKit.Shared.projitems*{52bf71f0-8d5e-4c6e-b3d6-ce3e7b436f17}*SharedItemsImports = 4
		Dev.DevKit.Shared\Dev.DevKit.Shared.projitems*{5af5f04b-03bd-46c6-b174-681a9e927ec6}*SharedItemsImports = 4
		Dev.DevKit.Shared\Dev.DevKit.Shared.projitems*{71aa65b1-7f4e-474d-9017-6d9404e87857}*SharedItemsImports = 4
		Dev.DevKit.Shared\Dev.DevKit.Shared.projitems*{841e2f33-3acc-4d50-b146-ea8644151618}*SharedItemsImports = 4
		Dev.DevKit.Shared\Dev.DevKit.Shared.projitems*{91617c9a-6c3f-4226-a9ff-68419c23de01}*SharedItemsImports = 4
		Dev.DevKit.Shared.Test\Dev.DevKit.Shared.Test.projitems*{a7d8fb6d-0b6a-4c1d-8b3a-9c64dde23137}*SharedItemsImports = 13
		Dev.DevKit.Shared\Dev.DevKit.Shared.projitems*{db38a8b7-ec89-4fdb-9187-5615061e9af0}*SharedItemsImports = 4
		Dev.DevKit.Shared\Dev.DevKit.Shared.projitems*{dfb9faa9-00b9-4e32-b613-f046a780169b}*SharedItemsImports = 13
		Dev.DevKit.Shared\Dev.DevKit.Shared.projitems*{f1d28411-33b6-46bc-98c4-f80a517dc72f}*SharedItemsImports = 4
	EndGlobalSection
EndGlobal
