
Microsoft Visual Studio Solution File, Format Version 12.00
# Visual Studio Version 17
VisualStudioVersion = 17.0.31717.71
MinimumVisualStudioVersion = 10.0.40219.1
Project("{FAE04EC0-301F-11D3-BF4B-00C04F79EFBC}") = "DynamicsCrm.DevKit", "DynamicsCrm.DevKit\DynamicsCrm.DevKit.csproj", "{A886E86E-65BC-40C1-8494-FE7E80B7E1A3}"
EndProject
Project("{D954291E-2A0B-460D-934E-DC6B0785DB48}") = "DynamicsCrm.DevKit.Shared", "DynamicsCrm.DevKit.Shared\DynamicsCrm.DevKit.Shared.shproj", "{46FD4C93-2194-4D15-BF8C-97CD23722DDA}"
EndProject
Project("{2150E333-8FDC-42A3-9474-1A3956D46DE8}") = "Solution Items", "Solution Items", "{CC9B5ABC-FD05-46AB-BE73-A94B1F911426}"
	ProjectSection(SolutionItems) = preProject
		build.txt = build.txt
		notes.txt = notes.txt
		release.bat = release.bat
		version.txt = version.txt
	EndProjectSection
EndProject
Project("{9A19103F-16F7-4668-BE54-9A1E7A4F7556}") = "DynamicsCrm.DevKit.Lib", "DynamicsCrm.DevKit.Lib\DynamicsCrm.DevKit.Lib.csproj", "{0BD4ADA6-CF1E-4123-B30E-C9D33298BCCD}"
EndProject
Project("{9A19103F-16F7-4668-BE54-9A1E7A4F7556}") = "DynamicsCrm.DevKit.Cli", "DynamicsCrm.DevKit.Cli\DynamicsCrm.DevKit.Cli.csproj", "{E81879B8-B13E-4856-8653-CE3F3415C512}"
EndProject
Project("{FAE04EC0-301F-11D3-BF4B-00C04F79EFBC}") = "DynamicsCrm.DevKit.CrmSvcUtilExtensions", "DynamicsCrm.DevKit.CrmSvcUtilExtensions\DynamicsCrm.DevKit.CrmSvcUtilExtensions.csproj", "{AF511858-3072-45D7-932D-C0D98470914E}"
EndProject
Project("{FAE04EC0-301F-11D3-BF4B-00C04F79EFBC}") = "01.SharedProjectTemplate", "ProjectTemplates\CSharp\01.SharedProjectTemplate\01.SharedProjectTemplate.csproj", "{4170CD81-A77B-4C9A-BBAE-29DE390A4F9C}"
EndProject
Project("{2150E333-8FDC-42A3-9474-1A3956D46DE8}") = "ProjectTemplates", "ProjectTemplates", "{40D60DFC-915D-4F3C-998F-7103FAE80AE3}"
EndProject
Project("{2150E333-8FDC-42A3-9474-1A3956D46DE8}") = "CSharp", "CSharp", "{2BEBBAA2-4230-4372-A25D-7AB871C561BC}"
EndProject
Project("{2150E333-8FDC-42A3-9474-1A3956D46DE8}") = "ItemTemplates", "ItemTemplates", "{B72627D4-70D8-428E-A220-CCA365241EA4}"
EndProject
Project("{2150E333-8FDC-42A3-9474-1A3956D46DE8}") = "CSharp", "CSharp", "{BCAAE925-A30A-462F-A6CA-E8CF375EBF56}"
EndProject
Project("{FAE04EC0-301F-11D3-BF4B-00C04F79EFBC}") = "01.LateBoundItemTemplate", "ItemTemplates\CSharp\01.LateBoundItemTemplate\01.LateBoundItemTemplate.csproj", "{921403BE-B301-40D8-B023-083C4747B50D}"
EndProject
Project("{FAE04EC0-301F-11D3-BF4B-00C04F79EFBC}") = "02.ConsoleProjectTemplate", "ProjectTemplates\CSharp\02.ConsoleProjectTemplate\02.ConsoleProjectTemplate.csproj", "{2C597B0B-F648-486D-BC45-593F584B8BCC}"
EndProject
Project("{FAE04EC0-301F-11D3-BF4B-00C04F79EFBC}") = "03.ServerProjectTemplate", "ProjectTemplates\CSharp\03.ServerProjectTemplate\03.ServerProjectTemplate.csproj", "{B7876A9B-2B63-4967-8C44-060E2C65523A}"
EndProject
Project("{FAE04EC0-301F-11D3-BF4B-00C04F79EFBC}") = "04.PluginProjectTemplate", "ProjectTemplates\CSharp\04.PluginProjectTemplate\04.PluginProjectTemplate.csproj", "{0B6D03EF-0D6A-4DDD-93F4-F68BE1410996}"
EndProject
Project("{FAE04EC0-301F-11D3-BF4B-00C04F79EFBC}") = "05.WorkflowProjectTemplate", "ProjectTemplates\CSharp\05.WorkflowProjectTemplate\05.WorkflowProjectTemplate.csproj", "{13291ECF-23B1-4E4A-B9DF-1585EA9560A0}"
EndProject
Project("{FAE04EC0-301F-11D3-BF4B-00C04F79EFBC}") = "06.CustomActionProjectTemplate", "ProjectTemplates\CSharp\06.CustomActionProjectTemplate\06.CustomActionProjectTemplate.csproj", "{1C97EFE1-D106-42A3-97FF-FC22779C70F0}"
EndProject
Project("{FAE04EC0-301F-11D3-BF4B-00C04F79EFBC}") = "07.CustomApiProjectTemplate", "ProjectTemplates\CSharp\07.CustomApiProjectTemplate\07.CustomApiProjectTemplate.csproj", "{DBBAE77C-9754-4019-91B5-B16920F709C4}"
EndProject
Project("{FAE04EC0-301F-11D3-BF4B-00C04F79EFBC}") = "08.DataProviderProjectTemplate", "ProjectTemplates\CSharp\08.DataProviderProjectTemplate\08.DataProviderProjectTemplate.csproj", "{7FCFE909-E28F-40A2-A7C3-0BD6F9A431E8}"
EndProject
Project("{FAE04EC0-301F-11D3-BF4B-00C04F79EFBC}") = "09.WebResourceProjectTemplate", "ProjectTemplates\CSharp\09.WebResourceProjectTemplate\09.WebResourceProjectTemplate.csproj", "{67F16EA3-09BD-41BD-8CF7-48248C5D7B34}"
EndProject
Project("{FAE04EC0-301F-11D3-BF4B-00C04F79EFBC}") = "10.SolutionPackagerProjectTemplate", "ProjectTemplates\CSharp\10.SolutionPackagerProjectTemplate\10.SolutionPackagerProjectTemplate.csproj", "{C555420B-02D8-4388-AADF-375A9809ACDA}"
EndProject
Project("{FAE04EC0-301F-11D3-BF4B-00C04F79EFBC}") = "12.ProxyTypesProjectTemplate", "ProjectTemplates\CSharp\12.ProxyTypesProjectTemplate\12.ProxyTypesProjectTemplate.csproj", "{9172E6AA-6AD5-409E-81AF-37C7D03D4A3D}"
EndProject
Project("{FAE04EC0-301F-11D3-BF4B-00C04F79EFBC}") = "13.TestProjectTemplate", "ProjectTemplates\CSharp\13.TestProjectTemplate\13.TestProjectTemplate.csproj", "{547D1385-E9AA-47E5-A94B-D0B50719BBAB}"
EndProject
Project("{FAE04EC0-301F-11D3-BF4B-00C04F79EFBC}") = "14.TestUiProjectTemplate", "ProjectTemplates\CSharp\14.TestUiProjectTemplate\14.TestUiProjectTemplate.csproj", "{5259082A-3733-4FBE-B50B-C9BBA22D95AA}"
EndProject
Project("{FAE04EC0-301F-11D3-BF4B-00C04F79EFBC}") = "07.JsFormItemTemplate", "ItemTemplates\CSharp\07.JsFormItemTemplate\07.JsFormItemTemplate.csproj", "{F3432EFE-5FE3-46F4-9335-703E658C022E}"
EndProject
Project("{FAE04EC0-301F-11D3-BF4B-00C04F79EFBC}") = "08.JsWebApiItemTemplate", "ItemTemplates\CSharp\08.JsWebApiItemTemplate\08.JsWebApiItemTemplate.csproj", "{CCBD1381-E6A6-4A57-9853-E93A27A33F11}"
EndProject
Project("{FAE04EC0-301F-11D3-BF4B-00C04F79EFBC}") = "12.JsDevkitItemTemplate", "ItemTemplates\CSharp\12.JsDevkitItemTemplate\12.JsDevkitItemTemplate.csproj", "{CCBD1381-E6A6-4A57-9853-E93A27A33F12}"
EndProject
Project("{FAE04EC0-301F-11D3-BF4B-00C04F79EFBC}") = "03.WorkflowItemTemplate", "ItemTemplates\CSharp\03.WorkflowItemTemplate\03.WorkflowItemTemplate.csproj", "{6373A171-F07C-4153-BDA2-C3730497889D}"
EndProject
Project("{FAE04EC0-301F-11D3-BF4B-00C04F79EFBC}") = "06.UiTesttemTemplate", "ItemTemplates\CSharp\06.UiTestItemTemplate\06.UiTesttemTemplate.csproj", "{53392F2B-21C1-41BF-9073-2994B94E101E}"
EndProject
Global
	GlobalSection(SolutionConfigurationPlatforms) = preSolution
		Debug|Any CPU = Debug|Any CPU
		Debug|arm64 = Debug|arm64
		Debug|x86 = Debug|x86
		Release|Any CPU = Release|Any CPU
		Release|arm64 = Release|arm64
		Release|x86 = Release|x86
	EndGlobalSection
	GlobalSection(ProjectConfigurationPlatforms) = postSolution
		{A886E86E-65BC-40C1-8494-FE7E80B7E1A3}.Debug|Any CPU.ActiveCfg = Debug|Any CPU
		{A886E86E-65BC-40C1-8494-FE7E80B7E1A3}.Debug|Any CPU.Build.0 = Debug|Any CPU
		{A886E86E-65BC-40C1-8494-FE7E80B7E1A3}.Debug|arm64.ActiveCfg = Debug|arm64
		{A886E86E-65BC-40C1-8494-FE7E80B7E1A3}.Debug|arm64.Build.0 = Debug|arm64
		{A886E86E-65BC-40C1-8494-FE7E80B7E1A3}.Debug|x86.ActiveCfg = Debug|x86
		{A886E86E-65BC-40C1-8494-FE7E80B7E1A3}.Debug|x86.Build.0 = Debug|x86
		{A886E86E-65BC-40C1-8494-FE7E80B7E1A3}.Release|Any CPU.ActiveCfg = Release|Any CPU
		{A886E86E-65BC-40C1-8494-FE7E80B7E1A3}.Release|Any CPU.Build.0 = Release|Any CPU
		{A886E86E-65BC-40C1-8494-FE7E80B7E1A3}.Release|arm64.ActiveCfg = Release|arm64
		{A886E86E-65BC-40C1-8494-FE7E80B7E1A3}.Release|arm64.Build.0 = Release|arm64
		{A886E86E-65BC-40C1-8494-FE7E80B7E1A3}.Release|x86.ActiveCfg = Release|x86
		{A886E86E-65BC-40C1-8494-FE7E80B7E1A3}.Release|x86.Build.0 = Release|x86
		{0BD4ADA6-CF1E-4123-B30E-C9D33298BCCD}.Debug|Any CPU.ActiveCfg = Debug|Any CPU
		{0BD4ADA6-CF1E-4123-B30E-C9D33298BCCD}.Debug|Any CPU.Build.0 = Debug|Any CPU
		{0BD4ADA6-CF1E-4123-B30E-C9D33298BCCD}.Debug|arm64.ActiveCfg = Debug|Any CPU
		{0BD4ADA6-CF1E-4123-B30E-C9D33298BCCD}.Debug|arm64.Build.0 = Debug|Any CPU
		{0BD4ADA6-CF1E-4123-B30E-C9D33298BCCD}.Debug|x86.ActiveCfg = Debug|Any CPU
		{0BD4ADA6-CF1E-4123-B30E-C9D33298BCCD}.Debug|x86.Build.0 = Debug|Any CPU
		{0BD4ADA6-CF1E-4123-B30E-C9D33298BCCD}.Release|Any CPU.ActiveCfg = Release|Any CPU
		{0BD4ADA6-CF1E-4123-B30E-C9D33298BCCD}.Release|Any CPU.Build.0 = Release|Any CPU
		{0BD4ADA6-CF1E-4123-B30E-C9D33298BCCD}.Release|arm64.ActiveCfg = Release|Any CPU
		{0BD4ADA6-CF1E-4123-B30E-C9D33298BCCD}.Release|arm64.Build.0 = Release|Any CPU
		{0BD4ADA6-CF1E-4123-B30E-C9D33298BCCD}.Release|x86.ActiveCfg = Release|Any CPU
		{0BD4ADA6-CF1E-4123-B30E-C9D33298BCCD}.Release|x86.Build.0 = Release|Any CPU
		{E81879B8-B13E-4856-8653-CE3F3415C512}.Debug|Any CPU.ActiveCfg = Debug|Any CPU
		{E81879B8-B13E-4856-8653-CE3F3415C512}.Debug|Any CPU.Build.0 = Debug|Any CPU
		{E81879B8-B13E-4856-8653-CE3F3415C512}.Debug|arm64.ActiveCfg = Debug|Any CPU
		{E81879B8-B13E-4856-8653-CE3F3415C512}.Debug|arm64.Build.0 = Debug|Any CPU
		{E81879B8-B13E-4856-8653-CE3F3415C512}.Debug|x86.ActiveCfg = Debug|Any CPU
		{E81879B8-B13E-4856-8653-CE3F3415C512}.Debug|x86.Build.0 = Debug|Any CPU
		{E81879B8-B13E-4856-8653-CE3F3415C512}.Release|Any CPU.ActiveCfg = Release|Any CPU
		{E81879B8-B13E-4856-8653-CE3F3415C512}.Release|Any CPU.Build.0 = Release|Any CPU
		{E81879B8-B13E-4856-8653-CE3F3415C512}.Release|arm64.ActiveCfg = Release|Any CPU
		{E81879B8-B13E-4856-8653-CE3F3415C512}.Release|arm64.Build.0 = Release|Any CPU
		{E81879B8-B13E-4856-8653-CE3F3415C512}.Release|x86.ActiveCfg = Release|Any CPU
		{E81879B8-B13E-4856-8653-CE3F3415C512}.Release|x86.Build.0 = Release|Any CPU
		{AF511858-3072-45D7-932D-C0D98470914E}.Debug|Any CPU.ActiveCfg = Debug|Any CPU
		{AF511858-3072-45D7-932D-C0D98470914E}.Debug|Any CPU.Build.0 = Debug|Any CPU
		{AF511858-3072-45D7-932D-C0D98470914E}.Debug|arm64.ActiveCfg = Debug|Any CPU
		{AF511858-3072-45D7-932D-C0D98470914E}.Debug|arm64.Build.0 = Debug|Any CPU
		{AF511858-3072-45D7-932D-C0D98470914E}.Debug|x86.ActiveCfg = Debug|Any CPU
		{AF511858-3072-45D7-932D-C0D98470914E}.Debug|x86.Build.0 = Debug|Any CPU
		{AF511858-3072-45D7-932D-C0D98470914E}.Release|Any CPU.ActiveCfg = Release|Any CPU
		{AF511858-3072-45D7-932D-C0D98470914E}.Release|Any CPU.Build.0 = Release|Any CPU
		{AF511858-3072-45D7-932D-C0D98470914E}.Release|arm64.ActiveCfg = Release|Any CPU
		{AF511858-3072-45D7-932D-C0D98470914E}.Release|arm64.Build.0 = Release|Any CPU
		{AF511858-3072-45D7-932D-C0D98470914E}.Release|x86.ActiveCfg = Release|Any CPU
		{AF511858-3072-45D7-932D-C0D98470914E}.Release|x86.Build.0 = Release|Any CPU
		{4170CD81-A77B-4C9A-BBAE-29DE390A4F9C}.Debug|Any CPU.ActiveCfg = Debug|Any CPU
		{4170CD81-A77B-4C9A-BBAE-29DE390A4F9C}.Debug|Any CPU.Build.0 = Debug|Any CPU
		{4170CD81-A77B-4C9A-BBAE-29DE390A4F9C}.Debug|arm64.ActiveCfg = Debug|arm64
		{4170CD81-A77B-4C9A-BBAE-29DE390A4F9C}.Debug|arm64.Build.0 = Debug|arm64
		{4170CD81-A77B-4C9A-BBAE-29DE390A4F9C}.Debug|x86.ActiveCfg = Debug|x86
		{4170CD81-A77B-4C9A-BBAE-29DE390A4F9C}.Debug|x86.Build.0 = Debug|x86
		{4170CD81-A77B-4C9A-BBAE-29DE390A4F9C}.Release|Any CPU.ActiveCfg = Release|Any CPU
		{4170CD81-A77B-4C9A-BBAE-29DE390A4F9C}.Release|Any CPU.Build.0 = Release|Any CPU
		{4170CD81-A77B-4C9A-BBAE-29DE390A4F9C}.Release|arm64.ActiveCfg = Release|arm64
		{4170CD81-A77B-4C9A-BBAE-29DE390A4F9C}.Release|arm64.Build.0 = Release|arm64
		{4170CD81-A77B-4C9A-BBAE-29DE390A4F9C}.Release|x86.ActiveCfg = Release|x86
		{4170CD81-A77B-4C9A-BBAE-29DE390A4F9C}.Release|x86.Build.0 = Release|x86
		{921403BE-B301-40D8-B023-083C4747B50D}.Debug|Any CPU.ActiveCfg = Debug|Any CPU
		{921403BE-B301-40D8-B023-083C4747B50D}.Debug|Any CPU.Build.0 = Debug|Any CPU
		{921403BE-B301-40D8-B023-083C4747B50D}.Debug|arm64.ActiveCfg = Debug|arm64
		{921403BE-B301-40D8-B023-083C4747B50D}.Debug|arm64.Build.0 = Debug|arm64
		{921403BE-B301-40D8-B023-083C4747B50D}.Debug|x86.ActiveCfg = Debug|x86
		{921403BE-B301-40D8-B023-083C4747B50D}.Debug|x86.Build.0 = Debug|x86
		{921403BE-B301-40D8-B023-083C4747B50D}.Release|Any CPU.ActiveCfg = Release|Any CPU
		{921403BE-B301-40D8-B023-083C4747B50D}.Release|Any CPU.Build.0 = Release|Any CPU
		{921403BE-B301-40D8-B023-083C4747B50D}.Release|arm64.ActiveCfg = Release|arm64
		{921403BE-B301-40D8-B023-083C4747B50D}.Release|arm64.Build.0 = Release|arm64
		{921403BE-B301-40D8-B023-083C4747B50D}.Release|x86.ActiveCfg = Release|x86
		{921403BE-B301-40D8-B023-083C4747B50D}.Release|x86.Build.0 = Release|x86
		{2C597B0B-F648-486D-BC45-593F584B8BCC}.Debug|Any CPU.ActiveCfg = Debug|Any CPU
		{2C597B0B-F648-486D-BC45-593F584B8BCC}.Debug|Any CPU.Build.0 = Debug|Any CPU
		{2C597B0B-F648-486D-BC45-593F584B8BCC}.Debug|arm64.ActiveCfg = Debug|arm64
		{2C597B0B-F648-486D-BC45-593F584B8BCC}.Debug|arm64.Build.0 = Debug|arm64
		{2C597B0B-F648-486D-BC45-593F584B8BCC}.Debug|x86.ActiveCfg = Debug|x86
		{2C597B0B-F648-486D-BC45-593F584B8BCC}.Debug|x86.Build.0 = Debug|x86
		{2C597B0B-F648-486D-BC45-593F584B8BCC}.Release|Any CPU.ActiveCfg = Release|Any CPU
		{2C597B0B-F648-486D-BC45-593F584B8BCC}.Release|Any CPU.Build.0 = Release|Any CPU
		{2C597B0B-F648-486D-BC45-593F584B8BCC}.Release|arm64.ActiveCfg = Release|arm64
		{2C597B0B-F648-486D-BC45-593F584B8BCC}.Release|arm64.Build.0 = Release|arm64
		{2C597B0B-F648-486D-BC45-593F584B8BCC}.Release|x86.ActiveCfg = Release|x86
		{2C597B0B-F648-486D-BC45-593F584B8BCC}.Release|x86.Build.0 = Release|x86
		{B7876A9B-2B63-4967-8C44-060E2C65523A}.Debug|Any CPU.ActiveCfg = Debug|Any CPU
		{B7876A9B-2B63-4967-8C44-060E2C65523A}.Debug|Any CPU.Build.0 = Debug|Any CPU
		{B7876A9B-2B63-4967-8C44-060E2C65523A}.Debug|arm64.ActiveCfg = Debug|arm64
		{B7876A9B-2B63-4967-8C44-060E2C65523A}.Debug|arm64.Build.0 = Debug|arm64
		{B7876A9B-2B63-4967-8C44-060E2C65523A}.Debug|x86.ActiveCfg = Debug|x86
		{B7876A9B-2B63-4967-8C44-060E2C65523A}.Debug|x86.Build.0 = Debug|x86
		{B7876A9B-2B63-4967-8C44-060E2C65523A}.Release|Any CPU.ActiveCfg = Release|Any CPU
		{B7876A9B-2B63-4967-8C44-060E2C65523A}.Release|Any CPU.Build.0 = Release|Any CPU
		{B7876A9B-2B63-4967-8C44-060E2C65523A}.Release|arm64.ActiveCfg = Release|arm64
		{B7876A9B-2B63-4967-8C44-060E2C65523A}.Release|arm64.Build.0 = Release|arm64
		{B7876A9B-2B63-4967-8C44-060E2C65523A}.Release|x86.ActiveCfg = Release|x86
		{B7876A9B-2B63-4967-8C44-060E2C65523A}.Release|x86.Build.0 = Release|x86
		{0B6D03EF-0D6A-4DDD-93F4-F68BE1410996}.Debug|Any CPU.ActiveCfg = Debug|Any CPU
		{0B6D03EF-0D6A-4DDD-93F4-F68BE1410996}.Debug|Any CPU.Build.0 = Debug|Any CPU
		{0B6D03EF-0D6A-4DDD-93F4-F68BE1410996}.Debug|arm64.ActiveCfg = Debug|arm64
		{0B6D03EF-0D6A-4DDD-93F4-F68BE1410996}.Debug|arm64.Build.0 = Debug|arm64
		{0B6D03EF-0D6A-4DDD-93F4-F68BE1410996}.Debug|x86.ActiveCfg = Debug|x86
		{0B6D03EF-0D6A-4DDD-93F4-F68BE1410996}.Debug|x86.Build.0 = Debug|x86
		{0B6D03EF-0D6A-4DDD-93F4-F68BE1410996}.Release|Any CPU.ActiveCfg = Release|Any CPU
		{0B6D03EF-0D6A-4DDD-93F4-F68BE1410996}.Release|Any CPU.Build.0 = Release|Any CPU
		{0B6D03EF-0D6A-4DDD-93F4-F68BE1410996}.Release|arm64.ActiveCfg = Release|arm64
		{0B6D03EF-0D6A-4DDD-93F4-F68BE1410996}.Release|arm64.Build.0 = Release|arm64
		{0B6D03EF-0D6A-4DDD-93F4-F68BE1410996}.Release|x86.ActiveCfg = Release|x86
		{0B6D03EF-0D6A-4DDD-93F4-F68BE1410996}.Release|x86.Build.0 = Release|x86
		{13291ECF-23B1-4E4A-B9DF-1585EA9560A0}.Debug|Any CPU.ActiveCfg = Debug|Any CPU
		{13291ECF-23B1-4E4A-B9DF-1585EA9560A0}.Debug|Any CPU.Build.0 = Debug|Any CPU
		{13291ECF-23B1-4E4A-B9DF-1585EA9560A0}.Debug|arm64.ActiveCfg = Debug|arm64
		{13291ECF-23B1-4E4A-B9DF-1585EA9560A0}.Debug|arm64.Build.0 = Debug|arm64
		{13291ECF-23B1-4E4A-B9DF-1585EA9560A0}.Debug|x86.ActiveCfg = Debug|x86
		{13291ECF-23B1-4E4A-B9DF-1585EA9560A0}.Debug|x86.Build.0 = Debug|x86
		{13291ECF-23B1-4E4A-B9DF-1585EA9560A0}.Release|Any CPU.ActiveCfg = Release|Any CPU
		{13291ECF-23B1-4E4A-B9DF-1585EA9560A0}.Release|Any CPU.Build.0 = Release|Any CPU
		{13291ECF-23B1-4E4A-B9DF-1585EA9560A0}.Release|arm64.ActiveCfg = Release|arm64
		{13291ECF-23B1-4E4A-B9DF-1585EA9560A0}.Release|arm64.Build.0 = Release|arm64
		{13291ECF-23B1-4E4A-B9DF-1585EA9560A0}.Release|x86.ActiveCfg = Release|x86
		{13291ECF-23B1-4E4A-B9DF-1585EA9560A0}.Release|x86.Build.0 = Release|x86
		{1C97EFE1-D106-42A3-97FF-FC22779C70F0}.Debug|Any CPU.ActiveCfg = Debug|Any CPU
		{1C97EFE1-D106-42A3-97FF-FC22779C70F0}.Debug|Any CPU.Build.0 = Debug|Any CPU
		{1C97EFE1-D106-42A3-97FF-FC22779C70F0}.Debug|arm64.ActiveCfg = Debug|arm64
		{1C97EFE1-D106-42A3-97FF-FC22779C70F0}.Debug|arm64.Build.0 = Debug|arm64
		{1C97EFE1-D106-42A3-97FF-FC22779C70F0}.Debug|x86.ActiveCfg = Debug|x86
		{1C97EFE1-D106-42A3-97FF-FC22779C70F0}.Debug|x86.Build.0 = Debug|x86
		{1C97EFE1-D106-42A3-97FF-FC22779C70F0}.Release|Any CPU.ActiveCfg = Release|Any CPU
		{1C97EFE1-D106-42A3-97FF-FC22779C70F0}.Release|Any CPU.Build.0 = Release|Any CPU
		{1C97EFE1-D106-42A3-97FF-FC22779C70F0}.Release|arm64.ActiveCfg = Release|arm64
		{1C97EFE1-D106-42A3-97FF-FC22779C70F0}.Release|arm64.Build.0 = Release|arm64
		{1C97EFE1-D106-42A3-97FF-FC22779C70F0}.Release|x86.ActiveCfg = Release|x86
		{1C97EFE1-D106-42A3-97FF-FC22779C70F0}.Release|x86.Build.0 = Release|x86
		{DBBAE77C-9754-4019-91B5-B16920F709C4}.Debug|Any CPU.ActiveCfg = Debug|Any CPU
		{DBBAE77C-9754-4019-91B5-B16920F709C4}.Debug|Any CPU.Build.0 = Debug|Any CPU
		{DBBAE77C-9754-4019-91B5-B16920F709C4}.Debug|arm64.ActiveCfg = Debug|arm64
		{DBBAE77C-9754-4019-91B5-B16920F709C4}.Debug|arm64.Build.0 = Debug|arm64
		{DBBAE77C-9754-4019-91B5-B16920F709C4}.Debug|x86.ActiveCfg = Debug|x86
		{DBBAE77C-9754-4019-91B5-B16920F709C4}.Debug|x86.Build.0 = Debug|x86
		{DBBAE77C-9754-4019-91B5-B16920F709C4}.Release|Any CPU.ActiveCfg = Release|Any CPU
		{DBBAE77C-9754-4019-91B5-B16920F709C4}.Release|Any CPU.Build.0 = Release|Any CPU
		{DBBAE77C-9754-4019-91B5-B16920F709C4}.Release|arm64.ActiveCfg = Release|arm64
		{DBBAE77C-9754-4019-91B5-B16920F709C4}.Release|arm64.Build.0 = Release|arm64
		{DBBAE77C-9754-4019-91B5-B16920F709C4}.Release|x86.ActiveCfg = Release|x86
		{DBBAE77C-9754-4019-91B5-B16920F709C4}.Release|x86.Build.0 = Release|x86
		{7FCFE909-E28F-40A2-A7C3-0BD6F9A431E8}.Debug|Any CPU.ActiveCfg = Debug|Any CPU
		{7FCFE909-E28F-40A2-A7C3-0BD6F9A431E8}.Debug|Any CPU.Build.0 = Debug|Any CPU
		{7FCFE909-E28F-40A2-A7C3-0BD6F9A431E8}.Debug|arm64.ActiveCfg = Debug|arm64
		{7FCFE909-E28F-40A2-A7C3-0BD6F9A431E8}.Debug|arm64.Build.0 = Debug|arm64
		{7FCFE909-E28F-40A2-A7C3-0BD6F9A431E8}.Debug|x86.ActiveCfg = Debug|x86
		{7FCFE909-E28F-40A2-A7C3-0BD6F9A431E8}.Debug|x86.Build.0 = Debug|x86
		{7FCFE909-E28F-40A2-A7C3-0BD6F9A431E8}.Release|Any CPU.ActiveCfg = Release|Any CPU
		{7FCFE909-E28F-40A2-A7C3-0BD6F9A431E8}.Release|Any CPU.Build.0 = Release|Any CPU
		{7FCFE909-E28F-40A2-A7C3-0BD6F9A431E8}.Release|arm64.ActiveCfg = Release|arm64
		{7FCFE909-E28F-40A2-A7C3-0BD6F9A431E8}.Release|arm64.Build.0 = Release|arm64
		{7FCFE909-E28F-40A2-A7C3-0BD6F9A431E8}.Release|x86.ActiveCfg = Release|x86
		{7FCFE909-E28F-40A2-A7C3-0BD6F9A431E8}.Release|x86.Build.0 = Release|x86
		{67F16EA3-09BD-41BD-8CF7-48248C5D7B34}.Debug|Any CPU.ActiveCfg = Debug|Any CPU
		{67F16EA3-09BD-41BD-8CF7-48248C5D7B34}.Debug|Any CPU.Build.0 = Debug|Any CPU
		{67F16EA3-09BD-41BD-8CF7-48248C5D7B34}.Debug|arm64.ActiveCfg = Debug|arm64
		{67F16EA3-09BD-41BD-8CF7-48248C5D7B34}.Debug|arm64.Build.0 = Debug|arm64
		{67F16EA3-09BD-41BD-8CF7-48248C5D7B34}.Debug|x86.ActiveCfg = Debug|x86
		{67F16EA3-09BD-41BD-8CF7-48248C5D7B34}.Debug|x86.Build.0 = Debug|x86
		{67F16EA3-09BD-41BD-8CF7-48248C5D7B34}.Release|Any CPU.ActiveCfg = Release|Any CPU
		{67F16EA3-09BD-41BD-8CF7-48248C5D7B34}.Release|Any CPU.Build.0 = Release|Any CPU
		{67F16EA3-09BD-41BD-8CF7-48248C5D7B34}.Release|arm64.ActiveCfg = Release|arm64
		{67F16EA3-09BD-41BD-8CF7-48248C5D7B34}.Release|arm64.Build.0 = Release|arm64
		{67F16EA3-09BD-41BD-8CF7-48248C5D7B34}.Release|x86.ActiveCfg = Release|x86
		{67F16EA3-09BD-41BD-8CF7-48248C5D7B34}.Release|x86.Build.0 = Release|x86
		{C555420B-02D8-4388-AADF-375A9809ACDA}.Debug|Any CPU.ActiveCfg = Debug|Any CPU
		{C555420B-02D8-4388-AADF-375A9809ACDA}.Debug|Any CPU.Build.0 = Debug|Any CPU
		{C555420B-02D8-4388-AADF-375A9809ACDA}.Debug|arm64.ActiveCfg = Debug|arm64
		{C555420B-02D8-4388-AADF-375A9809ACDA}.Debug|arm64.Build.0 = Debug|arm64
		{C555420B-02D8-4388-AADF-375A9809ACDA}.Debug|x86.ActiveCfg = Debug|x86
		{C555420B-02D8-4388-AADF-375A9809ACDA}.Debug|x86.Build.0 = Debug|x86
		{C555420B-02D8-4388-AADF-375A9809ACDA}.Release|Any CPU.ActiveCfg = Release|Any CPU
		{C555420B-02D8-4388-AADF-375A9809ACDA}.Release|Any CPU.Build.0 = Release|Any CPU
		{C555420B-02D8-4388-AADF-375A9809ACDA}.Release|arm64.ActiveCfg = Release|arm64
		{C555420B-02D8-4388-AADF-375A9809ACDA}.Release|arm64.Build.0 = Release|arm64
		{C555420B-02D8-4388-AADF-375A9809ACDA}.Release|x86.ActiveCfg = Release|x86
		{C555420B-02D8-4388-AADF-375A9809ACDA}.Release|x86.Build.0 = Release|x86
		{9172E6AA-6AD5-409E-81AF-37C7D03D4A3D}.Debug|Any CPU.ActiveCfg = Debug|Any CPU
		{9172E6AA-6AD5-409E-81AF-37C7D03D4A3D}.Debug|Any CPU.Build.0 = Debug|Any CPU
		{9172E6AA-6AD5-409E-81AF-37C7D03D4A3D}.Debug|arm64.ActiveCfg = Debug|arm64
		{9172E6AA-6AD5-409E-81AF-37C7D03D4A3D}.Debug|arm64.Build.0 = Debug|arm64
		{9172E6AA-6AD5-409E-81AF-37C7D03D4A3D}.Debug|x86.ActiveCfg = Debug|x86
		{9172E6AA-6AD5-409E-81AF-37C7D03D4A3D}.Debug|x86.Build.0 = Debug|x86
		{9172E6AA-6AD5-409E-81AF-37C7D03D4A3D}.Release|Any CPU.ActiveCfg = Release|Any CPU
		{9172E6AA-6AD5-409E-81AF-37C7D03D4A3D}.Release|Any CPU.Build.0 = Release|Any CPU
		{9172E6AA-6AD5-409E-81AF-37C7D03D4A3D}.Release|arm64.ActiveCfg = Release|arm64
		{9172E6AA-6AD5-409E-81AF-37C7D03D4A3D}.Release|arm64.Build.0 = Release|arm64
		{9172E6AA-6AD5-409E-81AF-37C7D03D4A3D}.Release|x86.ActiveCfg = Release|x86
		{9172E6AA-6AD5-409E-81AF-37C7D03D4A3D}.Release|x86.Build.0 = Release|x86
		{547D1385-E9AA-47E5-A94B-D0B50719BBAB}.Debug|Any CPU.ActiveCfg = Debug|Any CPU
		{547D1385-E9AA-47E5-A94B-D0B50719BBAB}.Debug|Any CPU.Build.0 = Debug|Any CPU
		{547D1385-E9AA-47E5-A94B-D0B50719BBAB}.Debug|arm64.ActiveCfg = Debug|arm64
		{547D1385-E9AA-47E5-A94B-D0B50719BBAB}.Debug|arm64.Build.0 = Debug|arm64
		{547D1385-E9AA-47E5-A94B-D0B50719BBAB}.Debug|x86.ActiveCfg = Debug|x86
		{547D1385-E9AA-47E5-A94B-D0B50719BBAB}.Debug|x86.Build.0 = Debug|x86
		{547D1385-E9AA-47E5-A94B-D0B50719BBAB}.Release|Any CPU.ActiveCfg = Release|Any CPU
		{547D1385-E9AA-47E5-A94B-D0B50719BBAB}.Release|Any CPU.Build.0 = Release|Any CPU
		{547D1385-E9AA-47E5-A94B-D0B50719BBAB}.Release|arm64.ActiveCfg = Release|arm64
		{547D1385-E9AA-47E5-A94B-D0B50719BBAB}.Release|arm64.Build.0 = Release|arm64
		{547D1385-E9AA-47E5-A94B-D0B50719BBAB}.Release|x86.ActiveCfg = Release|x86
		{547D1385-E9AA-47E5-A94B-D0B50719BBAB}.Release|x86.Build.0 = Release|x86
		{5259082A-3733-4FBE-B50B-C9BBA22D95AA}.Debug|Any CPU.ActiveCfg = Debug|Any CPU
		{5259082A-3733-4FBE-B50B-C9BBA22D95AA}.Debug|Any CPU.Build.0 = Debug|Any CPU
		{5259082A-3733-4FBE-B50B-C9BBA22D95AA}.Debug|arm64.ActiveCfg = Debug|arm64
		{5259082A-3733-4FBE-B50B-C9BBA22D95AA}.Debug|arm64.Build.0 = Debug|arm64
		{5259082A-3733-4FBE-B50B-C9BBA22D95AA}.Debug|x86.ActiveCfg = Debug|x86
		{5259082A-3733-4FBE-B50B-C9BBA22D95AA}.Debug|x86.Build.0 = Debug|x86
		{5259082A-3733-4FBE-B50B-C9BBA22D95AA}.Release|Any CPU.ActiveCfg = Release|Any CPU
		{5259082A-3733-4FBE-B50B-C9BBA22D95AA}.Release|Any CPU.Build.0 = Release|Any CPU
		{5259082A-3733-4FBE-B50B-C9BBA22D95AA}.Release|arm64.ActiveCfg = Release|arm64
		{5259082A-3733-4FBE-B50B-C9BBA22D95AA}.Release|arm64.Build.0 = Release|arm64
		{5259082A-3733-4FBE-B50B-C9BBA22D95AA}.Release|x86.ActiveCfg = Release|x86
		{5259082A-3733-4FBE-B50B-C9BBA22D95AA}.Release|x86.Build.0 = Release|x86
		{F3432EFE-5FE3-46F4-9335-703E658C022E}.Debug|Any CPU.ActiveCfg = Debug|Any CPU
		{F3432EFE-5FE3-46F4-9335-703E658C022E}.Debug|Any CPU.Build.0 = Debug|Any CPU
		{F3432EFE-5FE3-46F4-9335-703E658C022E}.Debug|arm64.ActiveCfg = Debug|arm64
		{F3432EFE-5FE3-46F4-9335-703E658C022E}.Debug|arm64.Build.0 = Debug|arm64
		{F3432EFE-5FE3-46F4-9335-703E658C022E}.Debug|x86.ActiveCfg = Debug|x86
		{F3432EFE-5FE3-46F4-9335-703E658C022E}.Debug|x86.Build.0 = Debug|x86
		{F3432EFE-5FE3-46F4-9335-703E658C022E}.Release|Any CPU.ActiveCfg = Release|Any CPU
		{F3432EFE-5FE3-46F4-9335-703E658C022E}.Release|Any CPU.Build.0 = Release|Any CPU
		{F3432EFE-5FE3-46F4-9335-703E658C022E}.Release|arm64.ActiveCfg = Release|arm64
		{F3432EFE-5FE3-46F4-9335-703E658C022E}.Release|arm64.Build.0 = Release|arm64
		{F3432EFE-5FE3-46F4-9335-703E658C022E}.Release|x86.ActiveCfg = Release|x86
		{F3432EFE-5FE3-46F4-9335-703E658C022E}.Release|x86.Build.0 = Release|x86
		{CCBD1381-E6A6-4A57-9853-E93A27A33F11}.Debug|Any CPU.ActiveCfg = Debug|Any CPU
		{CCBD1381-E6A6-4A57-9853-E93A27A33F11}.Debug|Any CPU.Build.0 = Debug|Any CPU
		{CCBD1381-E6A6-4A57-9853-E93A27A33F11}.Debug|arm64.ActiveCfg = Debug|arm64
		{CCBD1381-E6A6-4A57-9853-E93A27A33F11}.Debug|arm64.Build.0 = Debug|arm64
		{CCBD1381-E6A6-4A57-9853-E93A27A33F11}.Debug|x86.ActiveCfg = Debug|x86
		{CCBD1381-E6A6-4A57-9853-E93A27A33F11}.Debug|x86.Build.0 = Debug|x86
		{CCBD1381-E6A6-4A57-9853-E93A27A33F11}.Release|Any CPU.ActiveCfg = Release|Any CPU
		{CCBD1381-E6A6-4A57-9853-E93A27A33F11}.Release|Any CPU.Build.0 = Release|Any CPU
		{CCBD1381-E6A6-4A57-9853-E93A27A33F11}.Release|arm64.ActiveCfg = Release|arm64
		{CCBD1381-E6A6-4A57-9853-E93A27A33F11}.Release|arm64.Build.0 = Release|arm64
		{CCBD1381-E6A6-4A57-9853-E93A27A33F11}.Release|x86.ActiveCfg = Release|x86
		{CCBD1381-E6A6-4A57-9853-E93A27A33F11}.Release|x86.Build.0 = Release|x86
		{CCBD1381-E6A6-4A57-9853-E93A27A33F12}.Debug|Any CPU.ActiveCfg = Debug|Any CPU
		{CCBD1381-E6A6-4A57-9853-E93A27A33F12}.Debug|Any CPU.Build.0 = Debug|Any CPU
		{CCBD1381-E6A6-4A57-9853-E93A27A33F12}.Debug|arm64.ActiveCfg = Debug|arm64
		{CCBD1381-E6A6-4A57-9853-E93A27A33F12}.Debug|arm64.Build.0 = Debug|arm64
		{CCBD1381-E6A6-4A57-9853-E93A27A33F12}.Debug|x86.ActiveCfg = Debug|x86
		{CCBD1381-E6A6-4A57-9853-E93A27A33F12}.Debug|x86.Build.0 = Debug|x86
		{CCBD1381-E6A6-4A57-9853-E93A27A33F12}.Release|Any CPU.ActiveCfg = Release|Any CPU
		{CCBD1381-E6A6-4A57-9853-E93A27A33F12}.Release|Any CPU.Build.0 = Release|Any CPU
		{CCBD1381-E6A6-4A57-9853-E93A27A33F12}.Release|arm64.ActiveCfg = Release|arm64
		{CCBD1381-E6A6-4A57-9853-E93A27A33F12}.Release|arm64.Build.0 = Release|arm64
		{CCBD1381-E6A6-4A57-9853-E93A27A33F12}.Release|x86.ActiveCfg = Release|x86
		{CCBD1381-E6A6-4A57-9853-E93A27A33F12}.Release|x86.Build.0 = Release|x86
		{6373A171-F07C-4153-BDA2-C3730497889D}.Debug|Any CPU.ActiveCfg = Debug|Any CPU
		{6373A171-F07C-4153-BDA2-C3730497889D}.Debug|Any CPU.Build.0 = Debug|Any CPU
		{6373A171-F07C-4153-BDA2-C3730497889D}.Debug|arm64.ActiveCfg = Debug|arm64
		{6373A171-F07C-4153-BDA2-C3730497889D}.Debug|arm64.Build.0 = Debug|arm64
		{6373A171-F07C-4153-BDA2-C3730497889D}.Debug|x86.ActiveCfg = Debug|x86
		{6373A171-F07C-4153-BDA2-C3730497889D}.Debug|x86.Build.0 = Debug|x86
		{6373A171-F07C-4153-BDA2-C3730497889D}.Release|Any CPU.ActiveCfg = Release|Any CPU
		{6373A171-F07C-4153-BDA2-C3730497889D}.Release|Any CPU.Build.0 = Release|Any CPU
		{6373A171-F07C-4153-BDA2-C3730497889D}.Release|arm64.ActiveCfg = Release|arm64
		{6373A171-F07C-4153-BDA2-C3730497889D}.Release|arm64.Build.0 = Release|arm64
		{6373A171-F07C-4153-BDA2-C3730497889D}.Release|x86.ActiveCfg = Release|x86
		{6373A171-F07C-4153-BDA2-C3730497889D}.Release|x86.Build.0 = Release|x86
		{53392F2B-21C1-41BF-9073-2994B94E101E}.Debug|Any CPU.ActiveCfg = Debug|Any CPU
		{53392F2B-21C1-41BF-9073-2994B94E101E}.Debug|Any CPU.Build.0 = Debug|Any CPU
		{53392F2B-21C1-41BF-9073-2994B94E101E}.Debug|arm64.ActiveCfg = Debug|arm64
		{53392F2B-21C1-41BF-9073-2994B94E101E}.Debug|arm64.Build.0 = Debug|arm64
		{53392F2B-21C1-41BF-9073-2994B94E101E}.Debug|x86.ActiveCfg = Debug|x86
		{53392F2B-21C1-41BF-9073-2994B94E101E}.Debug|x86.Build.0 = Debug|x86
		{53392F2B-21C1-41BF-9073-2994B94E101E}.Release|Any CPU.ActiveCfg = Release|Any CPU
		{53392F2B-21C1-41BF-9073-2994B94E101E}.Release|Any CPU.Build.0 = Release|Any CPU
		{53392F2B-21C1-41BF-9073-2994B94E101E}.Release|arm64.ActiveCfg = Release|arm64
		{53392F2B-21C1-41BF-9073-2994B94E101E}.Release|arm64.Build.0 = Release|arm64
		{53392F2B-21C1-41BF-9073-2994B94E101E}.Release|x86.ActiveCfg = Release|x86
		{53392F2B-21C1-41BF-9073-2994B94E101E}.Release|x86.Build.0 = Release|x86
	EndGlobalSection
	GlobalSection(SolutionProperties) = preSolution
		HideSolutionNode = FALSE
	EndGlobalSection
	GlobalSection(NestedProjects) = preSolution
		{4170CD81-A77B-4C9A-BBAE-29DE390A4F9C} = {2BEBBAA2-4230-4372-A25D-7AB871C561BC}
		{2BEBBAA2-4230-4372-A25D-7AB871C561BC} = {40D60DFC-915D-4F3C-998F-7103FAE80AE3}
		{BCAAE925-A30A-462F-A6CA-E8CF375EBF56} = {B72627D4-70D8-428E-A220-CCA365241EA4}
		{921403BE-B301-40D8-B023-083C4747B50D} = {BCAAE925-A30A-462F-A6CA-E8CF375EBF56}
		{2C597B0B-F648-486D-BC45-593F584B8BCC} = {2BEBBAA2-4230-4372-A25D-7AB871C561BC}
		{B7876A9B-2B63-4967-8C44-060E2C65523A} = {2BEBBAA2-4230-4372-A25D-7AB871C561BC}
		{0B6D03EF-0D6A-4DDD-93F4-F68BE1410996} = {2BEBBAA2-4230-4372-A25D-7AB871C561BC}
		{13291ECF-23B1-4E4A-B9DF-1585EA9560A0} = {2BEBBAA2-4230-4372-A25D-7AB871C561BC}
		{1C97EFE1-D106-42A3-97FF-FC22779C70F0} = {2BEBBAA2-4230-4372-A25D-7AB871C561BC}
		{DBBAE77C-9754-4019-91B5-B16920F709C4} = {2BEBBAA2-4230-4372-A25D-7AB871C561BC}
		{7FCFE909-E28F-40A2-A7C3-0BD6F9A431E8} = {2BEBBAA2-4230-4372-A25D-7AB871C561BC}
		{67F16EA3-09BD-41BD-8CF7-48248C5D7B34} = {2BEBBAA2-4230-4372-A25D-7AB871C561BC}
		{C555420B-02D8-4388-AADF-375A9809ACDA} = {2BEBBAA2-4230-4372-A25D-7AB871C561BC}
		{9172E6AA-6AD5-409E-81AF-37C7D03D4A3D} = {2BEBBAA2-4230-4372-A25D-7AB871C561BC}
		{547D1385-E9AA-47E5-A94B-D0B50719BBAB} = {2BEBBAA2-4230-4372-A25D-7AB871C561BC}
		{5259082A-3733-4FBE-B50B-C9BBA22D95AA} = {2BEBBAA2-4230-4372-A25D-7AB871C561BC}
		{F3432EFE-5FE3-46F4-9335-703E658C022E} = {BCAAE925-A30A-462F-A6CA-E8CF375EBF56}
		{CCBD1381-E6A6-4A57-9853-E93A27A33F11} = {BCAAE925-A30A-462F-A6CA-E8CF375EBF56}
		{CCBD1381-E6A6-4A57-9853-E93A27A33F12} = {BCAAE925-A30A-462F-A6CA-E8CF375EBF56}
		{6373A171-F07C-4153-BDA2-C3730497889D} = {BCAAE925-A30A-462F-A6CA-E8CF375EBF56}
		{53392F2B-21C1-41BF-9073-2994B94E101E} = {BCAAE925-A30A-462F-A6CA-E8CF375EBF56}
	EndGlobalSection
	GlobalSection(ExtensibilityGlobals) = postSolution
		SolutionGuid = {04C975FA-0E86-4259-8245-7DFA47D873BB}
	EndGlobalSection
	GlobalSection(SharedMSBuildProjectFiles) = preSolution
		DynamicsCrm.DevKit.Shared\DynamicsCrm.DevKit.Shared.projitems*{0bd4ada6-cf1e-4123-b30e-c9d33298bccd}*SharedItemsImports = 5
		DynamicsCrm.DevKit.Shared\DynamicsCrm.DevKit.Shared.projitems*{46fd4c93-2194-4d15-bf8c-97cd23722dda}*SharedItemsImports = 13
	EndGlobalSection
EndGlobal
