Microsoft Visual Studio Solution File, Format Version 12.00
# Visual Studio Version 17
VisualStudioVersion = 17.5.2.0
MinimumVisualStudioVersion = 10.0.40219.1
Project("{FAE04EC0-301F-11D3-BF4B-00C04F79EFBC}") = "Dev.DevKitV4.Server.2", "Dev.DevKitV4.Server.2.csproj", "{15D5FA83-F506-EA03-87D0-2D55481A6CE4}"
EndProject
Global
	GlobalSection(SolutionConfigurationPlatforms) = preSolution
		Debug|Any CPU = Debug|Any CPU
		Release|Any CPU = Release|Any CPU
	EndGlobalSection
	GlobalSection(ProjectConfigurationPlatforms) = postSolution
		{15D5FA83-F506-EA03-87D0-2D55481A6CE4}.Debug|Any CPU.ActiveCfg = Debug|Any CPU
		{15D5FA83-F506-EA03-87D0-2D55481A6CE4}.Debug|Any CPU.Build.0 = Debug|Any CPU
		{15D5FA83-F506-EA03-87D0-2D55481A6CE4}.Release|Any CPU.ActiveCfg = Release|Any CPU
		{15D5FA83-F506-EA03-87D0-2D55481A6CE4}.Release|Any CPU.Build.0 = Release|Any CPU
	EndGlobalSection
	GlobalSection(SolutionProperties) = preSolution
		HideSolutionNode = FALSE
	EndGlobalSection
	GlobalSection(ExtensibilityGlobals) = postSolution
		SolutionGuid = {6B4B4E0A-88A4-4D92-9E82-71C7E031D260}
	EndGlobalSection
EndGlobal
