
Microsoft Visual Studio Solution File, Format Version 12.00
# Visual Studio 15
VisualStudioVersion = 15.0.28307.539
MinimumVisualStudioVersion = 10.0.40219.1
Project("{D954291E-2A0B-460D-934E-DC6B0785DB48}") = "Paz.LuckeyMonkey.Shared", "Paz.LuckeyMonkey.Shared\Paz.LuckeyMonkey.Shared.shproj", "{00D5C31E-7361-4601-B7FE-BCA91F09B618}"
EndProject
Project("{2150E333-8FDC-42A3-9474-1A3956D46DE8}") = "Solution Items", "Solution Items", "{0E429A46-69C3-4EE4-9734-E43F0DFD093E}"
	ProjectSection(SolutionItems) = preProject
		PL.DynamicsCrm.DevKit.Cli.json = PL.DynamicsCrm.DevKit.Cli.json
		PL.DynamicsCrm.DevKit.json = PL.DynamicsCrm.DevKit.json
	EndProjectSection
EndProject
Project("{FAE04EC0-301F-11D3-BF4B-00C04F79EFBC}") = "Paz.LuckeyMonkey.Console", "Paz.LuckeyMonkey.Console\Paz.LuckeyMonkey.Console.csproj", "{ADB39B03-AB13-4BCE-96C9-AA19B9ECC040}"
EndProject
Project("{FAE04EC0-301F-11D3-BF4B-00C04F79EFBC}") = "Paz.LuckeyMonkey.CustomAction", "Paz.LuckeyMonkey.CustomAction\Paz.LuckeyMonkey.CustomAction.csproj", "{1D9ACD9E-EC2C-413D-8EA8-008ADD6962C2}"
EndProject
Project("{FAE04EC0-301F-11D3-BF4B-00C04F79EFBC}") = "Paz.LuckeyMonkey.Plugin.Account", "Paz.LuckeyMonkey.Plugin.Account\Paz.LuckeyMonkey.Plugin.Account.csproj", "{42C5C997-93BD-45EF-91C1-35232E8FF31D}"
EndProject
Project("{FAE04EC0-301F-11D3-BF4B-00C04F79EFBC}") = "Paz.LuckeyMonkey.Workflow", "Paz.LuckeyMonkey.Workflow\Paz.LuckeyMonkey.Workflow.csproj", "{905B0E85-95F2-42C4-844A-977561C3539F}"
EndProject
Project("{FAE04EC0-301F-11D3-BF4B-00C04F79EFBC}") = "Paz.LuckeyMonkey.Plugin.Lead", "Paz.LuckeyMonkey.Plugin.Lead\Paz.LuckeyMonkey.Plugin.Lead.csproj", "{F6522538-2547-4782-9E4F-ADFE63BF08C9}"
EndProject
Project("{FAE04EC0-301F-11D3-BF4B-00C04F79EFBC}") = "Paz.LuckeyMonkey.DataProvider", "Paz.LuckeyMonkey.DataProvider\Paz.LuckeyMonkey.DataProvider.csproj", "{366E7EAE-EF02-42E2-BC75-2DEC2C62656E}"
EndProject
Project("{FAE04EC0-301F-11D3-BF4B-00C04F79EFBC}") = "Paz.LuckeyMonkey.ProxyTypes", "Paz.LuckeyMonkey.ProxyTypes\Paz.LuckeyMonkey.ProxyTypes.csproj", "{24F931D0-A884-4354-B3C5-47AC3A575D6A}"
EndProject
Project("{FAE04EC0-301F-11D3-BF4B-00C04F79EFBC}") = "Paz.LuckeyMonkey.Plugin.Account.Test", "Paz.LuckeyMonkey.Plugin.Account.Test\Paz.LuckeyMonkey.Plugin.Account.Test.csproj", "{ADDA28E7-A9EB-4EC1-AA67-D682578401BC}"
EndProject
Project("{FAE04EC0-301F-11D3-BF4B-00C04F79EFBC}") = "Paz.LuckeyMonkey.Plugin.Lead.Test", "Paz.LuckeyMonkey.Plugin.Lead.Test\Paz.LuckeyMonkey.Plugin.Lead.Test.csproj", "{D945D412-69E7-4E9E-8757-C28FE2BF68A4}"
EndProject
Project("{FAE04EC0-301F-11D3-BF4B-00C04F79EFBC}") = "Paz.LuckeyMonkey.Workflow.Test", "Paz.LuckeyMonkey.Workflow.Test\Paz.LuckeyMonkey.Workflow.Test.csproj", "{F4E06ED4-88DD-4335-B22B-BFB827D8884F}"
EndProject
Project("{FAE04EC0-301F-11D3-BF4B-00C04F79EFBC}") = "Paz.LuckeyMonkey.UiTest", "Paz.LuckeyMonkey.UiTest\Paz.LuckeyMonkey.UiTest.csproj", "{04644EF2-40FC-4E77-9143-CB56063A8917}"
EndProject
Global
	GlobalSection(SharedMSBuildProjectFiles) = preSolution
		Paz.LuckeyMonkey.Shared\Paz.LuckeyMonkey.Shared.projitems*{00d5c31e-7361-4601-b7fe-bca91f09b618}*SharedItemsImports = 13
		Paz.LuckeyMonkey.Shared\Paz.LuckeyMonkey.Shared.projitems*{04644ef2-40fc-4e77-9143-cb56063a8917}*SharedItemsImports = 4
		Paz.LuckeyMonkey.Shared\Paz.LuckeyMonkey.Shared.projitems*{1d9acd9e-ec2c-413d-8ea8-008add6962c2}*SharedItemsImports = 4
		Paz.LuckeyMonkey.Shared\Paz.LuckeyMonkey.Shared.projitems*{366e7eae-ef02-42e2-bc75-2dec2c62656e}*SharedItemsImports = 4
		Paz.LuckeyMonkey.Shared\Paz.LuckeyMonkey.Shared.projitems*{42c5c997-93bd-45ef-91c1-35232e8ff31d}*SharedItemsImports = 4
		Paz.LuckeyMonkey.Shared\Paz.LuckeyMonkey.Shared.projitems*{905b0e85-95f2-42c4-844a-977561c3539f}*SharedItemsImports = 4
		Paz.LuckeyMonkey.Shared\Paz.LuckeyMonkey.Shared.projitems*{adb39b03-ab13-4bce-96c9-aa19b9ecc040}*SharedItemsImports = 4
		Paz.LuckeyMonkey.Shared\Paz.LuckeyMonkey.Shared.projitems*{f6522538-2547-4782-9e4f-adfe63bf08c9}*SharedItemsImports = 4
	EndGlobalSection
	GlobalSection(SolutionConfigurationPlatforms) = preSolution
		Debug|Any CPU = Debug|Any CPU
		Release|Any CPU = Release|Any CPU
	EndGlobalSection
	GlobalSection(ProjectConfigurationPlatforms) = postSolution
		{ADB39B03-AB13-4BCE-96C9-AA19B9ECC040}.Debug|Any CPU.ActiveCfg = Debug|Any CPU
		{ADB39B03-AB13-4BCE-96C9-AA19B9ECC040}.Debug|Any CPU.Build.0 = Debug|Any CPU
		{ADB39B03-AB13-4BCE-96C9-AA19B9ECC040}.Release|Any CPU.ActiveCfg = Release|Any CPU
		{ADB39B03-AB13-4BCE-96C9-AA19B9ECC040}.Release|Any CPU.Build.0 = Release|Any CPU
		{1D9ACD9E-EC2C-413D-8EA8-008ADD6962C2}.Debug|Any CPU.ActiveCfg = Debug|Any CPU
		{1D9ACD9E-EC2C-413D-8EA8-008ADD6962C2}.Debug|Any CPU.Build.0 = Debug|Any CPU
		{1D9ACD9E-EC2C-413D-8EA8-008ADD6962C2}.Release|Any CPU.ActiveCfg = Release|Any CPU
		{1D9ACD9E-EC2C-413D-8EA8-008ADD6962C2}.Release|Any CPU.Build.0 = Release|Any CPU
		{42C5C997-93BD-45EF-91C1-35232E8FF31D}.Debug|Any CPU.ActiveCfg = Debug|Any CPU
		{42C5C997-93BD-45EF-91C1-35232E8FF31D}.Debug|Any CPU.Build.0 = Debug|Any CPU
		{42C5C997-93BD-45EF-91C1-35232E8FF31D}.Release|Any CPU.ActiveCfg = Release|Any CPU
		{42C5C997-93BD-45EF-91C1-35232E8FF31D}.Release|Any CPU.Build.0 = Release|Any CPU
		{905B0E85-95F2-42C4-844A-977561C3539F}.Debug|Any CPU.ActiveCfg = Debug|Any CPU
		{905B0E85-95F2-42C4-844A-977561C3539F}.Debug|Any CPU.Build.0 = Debug|Any CPU
		{905B0E85-95F2-42C4-844A-977561C3539F}.Release|Any CPU.ActiveCfg = Release|Any CPU
		{905B0E85-95F2-42C4-844A-977561C3539F}.Release|Any CPU.Build.0 = Release|Any CPU
		{F6522538-2547-4782-9E4F-ADFE63BF08C9}.Debug|Any CPU.ActiveCfg = Debug|Any CPU
		{F6522538-2547-4782-9E4F-ADFE63BF08C9}.Debug|Any CPU.Build.0 = Debug|Any CPU
		{F6522538-2547-4782-9E4F-ADFE63BF08C9}.Release|Any CPU.ActiveCfg = Release|Any CPU
		{F6522538-2547-4782-9E4F-ADFE63BF08C9}.Release|Any CPU.Build.0 = Release|Any CPU
		{366E7EAE-EF02-42E2-BC75-2DEC2C62656E}.Debug|Any CPU.ActiveCfg = Debug|Any CPU
		{366E7EAE-EF02-42E2-BC75-2DEC2C62656E}.Debug|Any CPU.Build.0 = Debug|Any CPU
		{366E7EAE-EF02-42E2-BC75-2DEC2C62656E}.Release|Any CPU.ActiveCfg = Release|Any CPU
		{366E7EAE-EF02-42E2-BC75-2DEC2C62656E}.Release|Any CPU.Build.0 = Release|Any CPU
		{24F931D0-A884-4354-B3C5-47AC3A575D6A}.Debug|Any CPU.ActiveCfg = Debug|Any CPU
		{24F931D0-A884-4354-B3C5-47AC3A575D6A}.Debug|Any CPU.Build.0 = Debug|Any CPU
		{24F931D0-A884-4354-B3C5-47AC3A575D6A}.Release|Any CPU.ActiveCfg = Release|Any CPU
		{24F931D0-A884-4354-B3C5-47AC3A575D6A}.Release|Any CPU.Build.0 = Release|Any CPU
		{ADDA28E7-A9EB-4EC1-AA67-D682578401BC}.Debug|Any CPU.ActiveCfg = Debug|Any CPU
		{ADDA28E7-A9EB-4EC1-AA67-D682578401BC}.Debug|Any CPU.Build.0 = Debug|Any CPU
		{ADDA28E7-A9EB-4EC1-AA67-D682578401BC}.Release|Any CPU.ActiveCfg = Release|Any CPU
		{ADDA28E7-A9EB-4EC1-AA67-D682578401BC}.Release|Any CPU.Build.0 = Release|Any CPU
		{D945D412-69E7-4E9E-8757-C28FE2BF68A4}.Debug|Any CPU.ActiveCfg = Debug|Any CPU
		{D945D412-69E7-4E9E-8757-C28FE2BF68A4}.Debug|Any CPU.Build.0 = Debug|Any CPU
		{D945D412-69E7-4E9E-8757-C28FE2BF68A4}.Release|Any CPU.ActiveCfg = Release|Any CPU
		{D945D412-69E7-4E9E-8757-C28FE2BF68A4}.Release|Any CPU.Build.0 = Release|Any CPU
		{F4E06ED4-88DD-4335-B22B-BFB827D8884F}.Debug|Any CPU.ActiveCfg = Debug|Any CPU
		{F4E06ED4-88DD-4335-B22B-BFB827D8884F}.Debug|Any CPU.Build.0 = Debug|Any CPU
		{F4E06ED4-88DD-4335-B22B-BFB827D8884F}.Release|Any CPU.ActiveCfg = Release|Any CPU
		{F4E06ED4-88DD-4335-B22B-BFB827D8884F}.Release|Any CPU.Build.0 = Release|Any CPU
		{04644EF2-40FC-4E77-9143-CB56063A8917}.Debug|Any CPU.ActiveCfg = Debug|Any CPU
		{04644EF2-40FC-4E77-9143-CB56063A8917}.Debug|Any CPU.Build.0 = Debug|Any CPU
		{04644EF2-40FC-4E77-9143-CB56063A8917}.Release|Any CPU.ActiveCfg = Release|Any CPU
		{04644EF2-40FC-4E77-9143-CB56063A8917}.Release|Any CPU.Build.0 = Release|Any CPU
	EndGlobalSection
	GlobalSection(SolutionProperties) = preSolution
		HideSolutionNode = FALSE
	EndGlobalSection
	GlobalSection(ExtensibilityGlobals) = postSolution
		SolutionGuid = {137CF0C2-D02A-4839-B197-04CD8D71C790}
	EndGlobalSection
EndGlobal
