
Microsoft Visual Studio Solution File, Format Version 12.00
# Visual Studio 15
VisualStudioVersion = 15.0.28307.539
MinimumVisualStudioVersion = 10.0.40219.1
Project("{D954291E-2A0B-460D-934E-DC6B0785DB48}") = "Paz.LuckeyMonkey.Shared", "Paz.LuckeyMonkey.Shared\Paz.LuckeyMonkey.Shared.shproj", "{00D5C31E-7361-4601-B7FE-BCA91F09B618}"
EndProject
Project("{2150E333-8FDC-42A3-9474-1A3956D46DE8}") = "Solution Items", "Solution Items", "{0E429A46-69C3-4EE4-9734-E43F0DFD093E}"
	ProjectSection(SolutionItems) = preProject
		PL.DynamicsCrm.DevKit.Cli.json = PL.DynamicsCrm.DevKit.Cli.json
		PL.DynamicsCrm.DevKit.json = PL.DynamicsCrm.DevKit.json
	EndProjectSection
EndProject
Project("{FAE04EC0-301F-11D3-BF4B-00C04F79EFBC}") = "Paz.LuckeyMonkey.Console", "Paz.LuckeyMonkey.Console\Paz.LuckeyMonkey.Console.csproj", "{ADB39B03-AB13-4BCE-96C9-AA19B9ECC040}"
EndProject
Project("{FAE04EC0-301F-11D3-BF4B-00C04F79EFBC}") = "Paz.LuckeyMonkey.CustomAction", "Paz.LuckeyMonkey.CustomAction\Paz.LuckeyMonkey.CustomAction.csproj", "{1D9ACD9E-EC2C-413D-8EA8-008ADD6962C2}"
EndProject
Project("{FAE04EC0-301F-11D3-BF4B-00C04F79EFBC}") = "Paz.LuckeyMonkey.Plugin.Account", "Paz.LuckeyMonkey.Plugin.Account\Paz.LuckeyMonkey.Plugin.Account.csproj", "{42C5C997-93BD-45EF-91C1-35232E8FF31D}"
EndProject
Global
	GlobalSection(SharedMSBuildProjectFiles) = preSolution
		Paz.LuckeyMonkey.Shared\Paz.LuckeyMonkey.Shared.projitems*{00d5c31e-7361-4601-b7fe-bca91f09b618}*SharedItemsImports = 13
		Paz.LuckeyMonkey.Shared\Paz.LuckeyMonkey.Shared.projitems*{1d9acd9e-ec2c-413d-8ea8-008add6962c2}*SharedItemsImports = 4
		Paz.LuckeyMonkey.Shared\Paz.LuckeyMonkey.Shared.projitems*{42c5c997-93bd-45ef-91c1-35232e8ff31d}*SharedItemsImports = 4
		Paz.LuckeyMonkey.Shared\Paz.LuckeyMonkey.Shared.projitems*{adb39b03-ab13-4bce-96c9-aa19b9ecc040}*SharedItemsImports = 4
	EndGlobalSection
	GlobalSection(SolutionConfigurationPlatforms) = preSolution
		Debug|Any CPU = Debug|Any CPU
		Release|Any CPU = Release|Any CPU
	EndGlobalSection
	GlobalSection(ProjectConfigurationPlatforms) = postSolution
		{ADB39B03-AB13-4BCE-96C9-AA19B9ECC040}.Debug|Any CPU.ActiveCfg = Debug|Any CPU
		{ADB39B03-AB13-4BCE-96C9-AA19B9ECC040}.Debug|Any CPU.Build.0 = Debug|Any CPU
		{ADB39B03-AB13-4BCE-96C9-AA19B9ECC040}.Release|Any CPU.ActiveCfg = Release|Any CPU
		{ADB39B03-AB13-4BCE-96C9-AA19B9ECC040}.Release|Any CPU.Build.0 = Release|Any CPU
		{1D9ACD9E-EC2C-413D-8EA8-008ADD6962C2}.Debug|Any CPU.ActiveCfg = Debug|Any CPU
		{1D9ACD9E-EC2C-413D-8EA8-008ADD6962C2}.Debug|Any CPU.Build.0 = Debug|Any CPU
		{1D9ACD9E-EC2C-413D-8EA8-008ADD6962C2}.Release|Any CPU.ActiveCfg = Release|Any CPU
		{1D9ACD9E-EC2C-413D-8EA8-008ADD6962C2}.Release|Any CPU.Build.0 = Release|Any CPU
		{42C5C997-93BD-45EF-91C1-35232E8FF31D}.Debug|Any CPU.ActiveCfg = Debug|Any CPU
		{42C5C997-93BD-45EF-91C1-35232E8FF31D}.Debug|Any CPU.Build.0 = Debug|Any CPU
		{42C5C997-93BD-45EF-91C1-35232E8FF31D}.Release|Any CPU.ActiveCfg = Release|Any CPU
		{42C5C997-93BD-45EF-91C1-35232E8FF31D}.Release|Any CPU.Build.0 = Release|Any CPU
	EndGlobalSection
	GlobalSection(SolutionProperties) = preSolution
		HideSolutionNode = FALSE
	EndGlobalSection
	GlobalSection(ExtensibilityGlobals) = postSolution
		SolutionGuid = {137CF0C2-D02A-4839-B197-04CD8D71C790}
	EndGlobalSection
EndGlobal
