
Microsoft Visual Studio Solution File, Format Version 12.00
# Visual Studio Version 16
VisualStudioVersion = 16.0.31205.134
MinimumVisualStudioVersion = 10.0.40219.1
Project("{D954291E-2A0B-460D-934E-DC6B0785DB48}") = "Dev.DevKit.Shared", "Dev.DevKit.Shared\Dev.DevKit.Shared.shproj", "{DEBF027A-0573-47DB-838C-C4D3FEBEE554}"
EndProject
Project("{2150E333-8FDC-42A3-9474-1A3956D46DE8}") = "Solution Items", "Solution Items", "{5406160E-2C6E-4915-9062-4FA94E43C8BB}"
	ProjectSection(SolutionItems) = preProject
		DynamicsCrm.DevKit.Cli.json = DynamicsCrm.DevKit.Cli.json
		DynamicsCrm.DevKit.json = DynamicsCrm.DevKit.json
	EndProjectSection
EndProject
Project("{FAE04EC0-301F-11D3-BF4B-00C04F79EFBC}") = "Dev.DevKit.Workflow", "Dev.DevKit.Workflow\Dev.DevKit.Workflow.csproj", "{77C9C396-6865-47D9-BA0D-AC0C68256438}"
EndProject
Project("{FAE04EC0-301F-11D3-BF4B-00C04F79EFBC}") = "Dev.DevKit.CustomAction", "Dev.DevKit.CustomAction\Dev.DevKit.CustomAction.csproj", "{3AD64E44-6747-4A10-9AED-7E7BA32D7AAC}"
EndProject
Project("{FAE04EC0-301F-11D3-BF4B-00C04F79EFBC}") = "Dev.DevKit.Plugin.Account", "Dev.DevKit.Plugin.Account\Dev.DevKit.Plugin.Account.csproj", "{3D20AE0A-DDBA-4BB6-87CF-AAA2C8D6D73D}"
EndProject
Global
	GlobalSection(SharedMSBuildProjectFiles) = preSolution
		Dev.DevKit.Shared\Dev.DevKit.Shared.projitems*{3ad64e44-6747-4a10-9aed-7e7ba32d7aac}*SharedItemsImports = 4
		Dev.DevKit.Shared\Dev.DevKit.Shared.projitems*{3d20ae0a-ddba-4bb6-87cf-aaa2c8d6d73d}*SharedItemsImports = 4
		Dev.DevKit.Shared\Dev.DevKit.Shared.projitems*{77c9c396-6865-47d9-ba0d-ac0c68256438}*SharedItemsImports = 4
		Dev.DevKit.Shared\Dev.DevKit.Shared.projitems*{debf027a-0573-47db-838c-c4d3febee554}*SharedItemsImports = 13
	EndGlobalSection
	GlobalSection(SolutionConfigurationPlatforms) = preSolution
		Debug|Any CPU = Debug|Any CPU
		Release|Any CPU = Release|Any CPU
	EndGlobalSection
	GlobalSection(ProjectConfigurationPlatforms) = postSolution
		{77C9C396-6865-47D9-BA0D-AC0C68256438}.Debug|Any CPU.ActiveCfg = Debug|Any CPU
		{77C9C396-6865-47D9-BA0D-AC0C68256438}.Debug|Any CPU.Build.0 = Debug|Any CPU
		{77C9C396-6865-47D9-BA0D-AC0C68256438}.Release|Any CPU.ActiveCfg = Release|Any CPU
		{77C9C396-6865-47D9-BA0D-AC0C68256438}.Release|Any CPU.Build.0 = Release|Any CPU
		{3AD64E44-6747-4A10-9AED-7E7BA32D7AAC}.Debug|Any CPU.ActiveCfg = Debug|Any CPU
		{3AD64E44-6747-4A10-9AED-7E7BA32D7AAC}.Debug|Any CPU.Build.0 = Debug|Any CPU
		{3AD64E44-6747-4A10-9AED-7E7BA32D7AAC}.Release|Any CPU.ActiveCfg = Release|Any CPU
		{3AD64E44-6747-4A10-9AED-7E7BA32D7AAC}.Release|Any CPU.Build.0 = Release|Any CPU
		{3D20AE0A-DDBA-4BB6-87CF-AAA2C8D6D73D}.Debug|Any CPU.ActiveCfg = Debug|Any CPU
		{3D20AE0A-DDBA-4BB6-87CF-AAA2C8D6D73D}.Debug|Any CPU.Build.0 = Debug|Any CPU
		{3D20AE0A-DDBA-4BB6-87CF-AAA2C8D6D73D}.Release|Any CPU.ActiveCfg = Release|Any CPU
		{3D20AE0A-DDBA-4BB6-87CF-AAA2C8D6D73D}.Release|Any CPU.Build.0 = Release|Any CPU
	EndGlobalSection
	GlobalSection(SolutionProperties) = preSolution
		HideSolutionNode = FALSE
	EndGlobalSection
	GlobalSection(ExtensibilityGlobals) = postSolution
		SolutionGuid = {478EE8F5-54E1-431D-BEC8-72AC05F5AF8C}
	EndGlobalSection
EndGlobal
