
Microsoft Visual Studio Solution File, Format Version 12.00
# Visual Studio Version 16
VisualStudioVersion = 16.0.30011.22
MinimumVisualStudioVersion = 10.0.40219.1
Project("{D954291E-2A0B-460D-934E-DC6B0785DB48}") = "Xyz.LuckyMokey.Shared", "Xyz.LuckyMokey.Shared\Xyz.LuckyMokey.Shared.shproj", "{496D9C75-AE82-4635-9275-A995976ED308}"
EndProject
Project("{FAE04EC0-301F-11D3-BF4B-00C04F79EFBC}") = "Xyz.LuckyMokey.Plugin.Account", "Xyz.LuckyMokey.Plugin.Account\Xyz.LuckyMokey.Plugin.Account.csproj", "{2628968C-17E6-4C40-BAE4-89755A41D4AE}"
EndProject
Project("{2150E333-8FDC-42A3-9474-1A3956D46DE8}") = "Solution Items", "Solution Items", "{5FEDAA50-0F04-48E9-8CB2-F0BF4A5483CE}"
	ProjectSection(SolutionItems) = preProject
		DynamicsCrm.DevKit.Cli.json = DynamicsCrm.DevKit.Cli.json
		DynamicsCrm.DevKit.json = DynamicsCrm.DevKit.json
	EndProjectSection
EndProject
Global
	GlobalSection(SharedMSBuildProjectFiles) = preSolution
		Xyz.LuckyMokey.Shared\Xyz.LuckyMokey.Shared.projitems*{2628968c-17e6-4c40-bae4-89755a41d4ae}*SharedItemsImports = 4
		Xyz.LuckyMokey.Shared\Xyz.LuckyMokey.Shared.projitems*{496d9c75-ae82-4635-9275-a995976ed308}*SharedItemsImports = 13
	EndGlobalSection
	GlobalSection(SolutionConfigurationPlatforms) = preSolution
		Debug|Any CPU = Debug|Any CPU
		Release|Any CPU = Release|Any CPU
	EndGlobalSection
	GlobalSection(ProjectConfigurationPlatforms) = postSolution
		{2628968C-17E6-4C40-BAE4-89755A41D4AE}.Debug|Any CPU.ActiveCfg = Debug|Any CPU
		{2628968C-17E6-4C40-BAE4-89755A41D4AE}.Debug|Any CPU.Build.0 = Debug|Any CPU
		{2628968C-17E6-4C40-BAE4-89755A41D4AE}.Release|Any CPU.ActiveCfg = Release|Any CPU
		{2628968C-17E6-4C40-BAE4-89755A41D4AE}.Release|Any CPU.Build.0 = Release|Any CPU
	EndGlobalSection
	GlobalSection(SolutionProperties) = preSolution
		HideSolutionNode = FALSE
	EndGlobalSection
	GlobalSection(ExtensibilityGlobals) = postSolution
		SolutionGuid = {8297B1D8-6427-4802-ADB1-62F11671DC15}
	EndGlobalSection
EndGlobal
