
Microsoft Visual Studio Solution File, Format Version 12.00
# Visual Studio 15
VisualStudioVersion = 15.0.28307.421
MinimumVisualStudioVersion = 10.0.40219.1
Project("{D954291E-2A0B-460D-934E-DC6B0785DB48}") = "Delta.Beta.Shared", "Delta.Beta.Shared\Delta.Beta.Shared.shproj", "{D4B4DB1A-65AE-458B-A792-6C6D1E810418}"
EndProject
Project("{FAE04EC0-301F-11D3-BF4B-00C04F79EFBC}") = "Delta.Beta.Console", "Delta.Beta.Console\Delta.Beta.Console.csproj", "{89A9793B-4A3B-4FAA-B45B-12BAB56F1E01}"
EndProject
Project("{FAE04EC0-301F-11D3-BF4B-00C04F79EFBC}") = "Delta.Beta.Plugin.Account", "Delta.Beta.Plugin.Account\Delta.Beta.Plugin.Account.csproj", "{C8D7E234-F33F-4B35-92F3-C559D38B49B2}"
EndProject
Project("{FAE04EC0-301F-11D3-BF4B-00C04F79EFBC}") = "Delta.Beta.Workflow", "Delta.Beta.Workflow\Delta.Beta.Workflow.csproj", "{8FD43F32-8919-41F5-9DE1-B1A41F5FA33F}"
EndProject
Project("{FAE04EC0-301F-11D3-BF4B-00C04F79EFBC}") = "Delta.Beta.Console.2", "Delta.Beta.Console.2\Delta.Beta.Console.2.csproj", "{1F6C07D8-640B-4614-AFDF-809720C267E9}"
EndProject
Project("{FAE04EC0-301F-11D3-BF4B-00C04F79EFBC}") = "Delta.Beta.Plugin.Contact", "Delta.Beta.Plugin.Contact\Delta.Beta.Plugin.Contact.csproj", "{CEEFF20B-7944-4589-B2D1-5B8E3CA8691D}"
EndProject
Project("{2150E333-8FDC-42A3-9474-1A3956D46DE8}") = "Solution Items", "Solution Items", "{3F56D0A0-0315-4D16-8264-20766B10F467}"
	ProjectSection(SolutionItems) = preProject
		PL.DynamicsCrm.DevKit.Cli.json = PL.DynamicsCrm.DevKit.Cli.json
		PL.DynamicsCrm.DevKit.json = PL.DynamicsCrm.DevKit.json
	EndProjectSection
EndProject
Project("{FAE04EC0-301F-11D3-BF4B-00C04F79EFBC}") = "Delta.Beta.Workflow.2", "Delta.Beta.Workflow.2\Delta.Beta.Workflow.2.csproj", "{11073B3A-492D-49B0-A407-A71E7334FAD1}"
EndProject
Project("{FAE04EC0-301F-11D3-BF4B-00C04F79EFBC}") = "Delta.Beta.Workflow.Account", "Delta.Beta.Workflow.Account\Delta.Beta.Workflow.Account.csproj", "{41734DBD-56E1-4A36-90B3-2AF80152255B}"
EndProject
Project("{FAE04EC0-301F-11D3-BF4B-00C04F79EFBC}") = "Delta.Beta.Workflow.Contact", "Delta.Beta.Workflow.Contact\Delta.Beta.Workflow.Contact.csproj", "{583EA5C4-3ECF-4E0C-A9FE-8E7575BEBB3E}"
EndProject
Project("{FAE04EC0-301F-11D3-BF4B-00C04F79EFBC}") = "Delta.Beta.CustomAction", "Delta.Beta.CustomAction\Delta.Beta.CustomAction.csproj", "{EE94D7FF-7564-43DA-8B4F-C36E1A12723A}"
EndProject
Project("{FAE04EC0-301F-11D3-BF4B-00C04F79EFBC}") = "Delta.Beta.CustomAction.Account", "Delta.Beta.CustomAction.Account\Delta.Beta.CustomAction.Account.csproj", "{A422585B-553F-4645-966D-B5CD3AD51B2F}"
EndProject
Project("{FAE04EC0-301F-11D3-BF4B-00C04F79EFBC}") = "Delta.Beta.CustomAction.Admin", "Delta.Beta.CustomAction.Admin\Delta.Beta.CustomAction.Admin.csproj", "{55CE4F49-168D-41A4-A3C8-F9207A252A29}"
EndProject
Global
	GlobalSection(SharedMSBuildProjectFiles) = preSolution
		Delta.Beta.Shared\Delta.Beta.Shared.projitems*{11073b3a-492d-49b0-a407-a71e7334fad1}*SharedItemsImports = 4
		Delta.Beta.Shared\Delta.Beta.Shared.projitems*{1f6c07d8-640b-4614-afdf-809720c267e9}*SharedItemsImports = 4
		Delta.Beta.Shared\Delta.Beta.Shared.projitems*{41734dbd-56e1-4a36-90b3-2af80152255b}*SharedItemsImports = 4
		Delta.Beta.Shared\Delta.Beta.Shared.projitems*{55ce4f49-168d-41a4-a3c8-f9207a252a29}*SharedItemsImports = 4
		Delta.Beta.Shared\Delta.Beta.Shared.projitems*{583ea5c4-3ecf-4e0c-a9fe-8e7575bebb3e}*SharedItemsImports = 4
		Delta.Beta.Shared\Delta.Beta.Shared.projitems*{89a9793b-4a3b-4faa-b45b-12bab56f1e01}*SharedItemsImports = 4
		Delta.Beta.Shared\Delta.Beta.Shared.projitems*{8fd43f32-8919-41f5-9de1-b1a41f5fa33f}*SharedItemsImports = 4
		Delta.Beta.Shared\Delta.Beta.Shared.projitems*{a422585b-553f-4645-966d-b5cd3ad51b2f}*SharedItemsImports = 4
		Delta.Beta.Shared\Delta.Beta.Shared.projitems*{c8d7e234-f33f-4b35-92f3-c559d38b49b2}*SharedItemsImports = 4
		Delta.Beta.Shared\Delta.Beta.Shared.projitems*{ceeff20b-7944-4589-b2d1-5b8e3ca8691d}*SharedItemsImports = 4
		Delta.Beta.Shared\Delta.Beta.Shared.projitems*{d4b4db1a-65ae-458b-a792-6c6d1e810418}*SharedItemsImports = 13
		Delta.Beta.Shared\Delta.Beta.Shared.projitems*{ee94d7ff-7564-43da-8b4f-c36e1a12723a}*SharedItemsImports = 4
	EndGlobalSection
	GlobalSection(SolutionConfigurationPlatforms) = preSolution
		Debug|Any CPU = Debug|Any CPU
		Release|Any CPU = Release|Any CPU
	EndGlobalSection
	GlobalSection(ProjectConfigurationPlatforms) = postSolution
		{89A9793B-4A3B-4FAA-B45B-12BAB56F1E01}.Debug|Any CPU.ActiveCfg = Debug|Any CPU
		{89A9793B-4A3B-4FAA-B45B-12BAB56F1E01}.Debug|Any CPU.Build.0 = Debug|Any CPU
		{89A9793B-4A3B-4FAA-B45B-12BAB56F1E01}.Release|Any CPU.ActiveCfg = Release|Any CPU
		{89A9793B-4A3B-4FAA-B45B-12BAB56F1E01}.Release|Any CPU.Build.0 = Release|Any CPU
		{C8D7E234-F33F-4B35-92F3-C559D38B49B2}.Debug|Any CPU.ActiveCfg = Debug|Any CPU
		{C8D7E234-F33F-4B35-92F3-C559D38B49B2}.Debug|Any CPU.Build.0 = Debug|Any CPU
		{C8D7E234-F33F-4B35-92F3-C559D38B49B2}.Release|Any CPU.ActiveCfg = Release|Any CPU
		{C8D7E234-F33F-4B35-92F3-C559D38B49B2}.Release|Any CPU.Build.0 = Release|Any CPU
		{8FD43F32-8919-41F5-9DE1-B1A41F5FA33F}.Debug|Any CPU.ActiveCfg = Debug|Any CPU
		{8FD43F32-8919-41F5-9DE1-B1A41F5FA33F}.Debug|Any CPU.Build.0 = Debug|Any CPU
		{8FD43F32-8919-41F5-9DE1-B1A41F5FA33F}.Release|Any CPU.ActiveCfg = Release|Any CPU
		{8FD43F32-8919-41F5-9DE1-B1A41F5FA33F}.Release|Any CPU.Build.0 = Release|Any CPU
		{1F6C07D8-640B-4614-AFDF-809720C267E9}.Debug|Any CPU.ActiveCfg = Debug|Any CPU
		{1F6C07D8-640B-4614-AFDF-809720C267E9}.Debug|Any CPU.Build.0 = Debug|Any CPU
		{1F6C07D8-640B-4614-AFDF-809720C267E9}.Release|Any CPU.ActiveCfg = Release|Any CPU
		{1F6C07D8-640B-4614-AFDF-809720C267E9}.Release|Any CPU.Build.0 = Release|Any CPU
		{CEEFF20B-7944-4589-B2D1-5B8E3CA8691D}.Debug|Any CPU.ActiveCfg = Debug|Any CPU
		{CEEFF20B-7944-4589-B2D1-5B8E3CA8691D}.Debug|Any CPU.Build.0 = Debug|Any CPU
		{CEEFF20B-7944-4589-B2D1-5B8E3CA8691D}.Release|Any CPU.ActiveCfg = Release|Any CPU
		{CEEFF20B-7944-4589-B2D1-5B8E3CA8691D}.Release|Any CPU.Build.0 = Release|Any CPU
		{11073B3A-492D-49B0-A407-A71E7334FAD1}.Debug|Any CPU.ActiveCfg = Debug|Any CPU
		{11073B3A-492D-49B0-A407-A71E7334FAD1}.Debug|Any CPU.Build.0 = Debug|Any CPU
		{11073B3A-492D-49B0-A407-A71E7334FAD1}.Release|Any CPU.ActiveCfg = Release|Any CPU
		{11073B3A-492D-49B0-A407-A71E7334FAD1}.Release|Any CPU.Build.0 = Release|Any CPU
		{41734DBD-56E1-4A36-90B3-2AF80152255B}.Debug|Any CPU.ActiveCfg = Debug|Any CPU
		{41734DBD-56E1-4A36-90B3-2AF80152255B}.Debug|Any CPU.Build.0 = Debug|Any CPU
		{41734DBD-56E1-4A36-90B3-2AF80152255B}.Release|Any CPU.ActiveCfg = Release|Any CPU
		{41734DBD-56E1-4A36-90B3-2AF80152255B}.Release|Any CPU.Build.0 = Release|Any CPU
		{583EA5C4-3ECF-4E0C-A9FE-8E7575BEBB3E}.Debug|Any CPU.ActiveCfg = Debug|Any CPU
		{583EA5C4-3ECF-4E0C-A9FE-8E7575BEBB3E}.Debug|Any CPU.Build.0 = Debug|Any CPU
		{583EA5C4-3ECF-4E0C-A9FE-8E7575BEBB3E}.Release|Any CPU.ActiveCfg = Release|Any CPU
		{583EA5C4-3ECF-4E0C-A9FE-8E7575BEBB3E}.Release|Any CPU.Build.0 = Release|Any CPU
		{EE94D7FF-7564-43DA-8B4F-C36E1A12723A}.Debug|Any CPU.ActiveCfg = Debug|Any CPU
		{EE94D7FF-7564-43DA-8B4F-C36E1A12723A}.Debug|Any CPU.Build.0 = Debug|Any CPU
		{EE94D7FF-7564-43DA-8B4F-C36E1A12723A}.Release|Any CPU.ActiveCfg = Release|Any CPU
		{EE94D7FF-7564-43DA-8B4F-C36E1A12723A}.Release|Any CPU.Build.0 = Release|Any CPU
		{A422585B-553F-4645-966D-B5CD3AD51B2F}.Debug|Any CPU.ActiveCfg = Debug|Any CPU
		{A422585B-553F-4645-966D-B5CD3AD51B2F}.Debug|Any CPU.Build.0 = Debug|Any CPU
		{A422585B-553F-4645-966D-B5CD3AD51B2F}.Release|Any CPU.ActiveCfg = Release|Any CPU
		{A422585B-553F-4645-966D-B5CD3AD51B2F}.Release|Any CPU.Build.0 = Release|Any CPU
		{55CE4F49-168D-41A4-A3C8-F9207A252A29}.Debug|Any CPU.ActiveCfg = Debug|Any CPU
		{55CE4F49-168D-41A4-A3C8-F9207A252A29}.Debug|Any CPU.Build.0 = Debug|Any CPU
		{55CE4F49-168D-41A4-A3C8-F9207A252A29}.Release|Any CPU.ActiveCfg = Release|Any CPU
		{55CE4F49-168D-41A4-A3C8-F9207A252A29}.Release|Any CPU.Build.0 = Release|Any CPU
	EndGlobalSection
	GlobalSection(SolutionProperties) = preSolution
		HideSolutionNode = FALSE
	EndGlobalSection
	GlobalSection(ExtensibilityGlobals) = postSolution
		SolutionGuid = {A6833ADD-CC3C-44A8-BDDA-340F06CF13B7}
	EndGlobalSection
EndGlobal
