<Solution>
  <Folder Name="/Solution Items/">
    <File Path=".editorconfig" />
    <File Path="DynamicsCrm.DevKit.Cli.json" />
    <File Path="DynamicsCrm.DevKit.json" />
  </Folder>
  <Project Path="Dev.DevKit.Console/Dev.DevKit.Console.csproj" />
  <Project Path="Dev.DevKit.Shared/Dev.DevKit.Shared.shproj" Id="8fe8fea2-de12-45b0-8917-4df5b2d347f6" />
</Solution>
