
Microsoft Visual Studio Solution File, Format Version 12.00
# Visual Studio 15
VisualStudioVersion = 15.0.28307.168
MinimumVisualStudioVersion = 10.0.40219.1
Project("{D954291E-2A0B-460D-934E-DC6B0785DB48}") = "DevKitLevel1.Shared", "DevKitLevel1.Shared\DevKitLevel1.Shared.shproj", "{86BC74AB-3927-4989-B18B-109BE490524F}"
EndProject
Project("{FAE04EC0-301F-11D3-BF4B-00C04F79EFBC}") = "DevKitLevel1.Console", "DevKitLevel1.Console\DevKitLevel1.Console.csproj", "{5BC090C7-3A97-4810-AF49-9C1F0C8D3045}"
EndProject
Global
	GlobalSection(SharedMSBuildProjectFiles) = preSolution
		DevKitLevel1.Shared\DevKitLevel1.Shared.projitems*{5bc090c7-3a97-4810-af49-9c1f0c8d3045}*SharedItemsImports = 4
		DevKitLevel1.Shared\DevKitLevel1.Shared.projitems*{86bc74ab-3927-4989-b18b-109be490524f}*SharedItemsImports = 13
	EndGlobalSection
	GlobalSection(SolutionConfigurationPlatforms) = preSolution
		Debug|Any CPU = Debug|Any CPU
		Release|Any CPU = Release|Any CPU
	EndGlobalSection
	GlobalSection(ProjectConfigurationPlatforms) = postSolution
		{5BC090C7-3A97-4810-AF49-9C1F0C8D3045}.Debug|Any CPU.ActiveCfg = Debug|Any CPU
		{5BC090C7-3A97-4810-AF49-9C1F0C8D3045}.Debug|Any CPU.Build.0 = Debug|Any CPU
		{5BC090C7-3A97-4810-AF49-9C1F0C8D3045}.Release|Any CPU.ActiveCfg = Release|Any CPU
		{5BC090C7-3A97-4810-AF49-9C1F0C8D3045}.Release|Any CPU.Build.0 = Release|Any CPU
	EndGlobalSection
	GlobalSection(SolutionProperties) = preSolution
		HideSolutionNode = FALSE
	EndGlobalSection
	GlobalSection(ExtensibilityGlobals) = postSolution
		SolutionGuid = {17F18E6B-87D8-47D1-A37B-647C8C13C116}
	EndGlobalSection
EndGlobal
