
Microsoft Visual Studio Solution File, Format Version 12.00
# Visual Studio Version 16
VisualStudioVersion = 16.0.31129.286
MinimumVisualStudioVersion = 10.0.40219.1
Project("{D954291E-2A0B-460D-934E-DC6B0785DB48}") = "Xyz.LuckyFather.Shared", "Xyz.LuckyFather.Shared\Xyz.LuckyFather.Shared.shproj", "{A5AC0752-5BF3-4C4E-907F-31091AE30325}"
EndProject
Project("{FAE04EC0-301F-11D3-BF4B-00C04F79EFBC}") = "Xyz.LuckyFather.DataProvider.AzureAccount", "Xyz.LuckyFather.DataProvider.AzureAccount\Xyz.LuckyFather.DataProvider.AzureAccount.csproj", "{ED2F4499-A433-4013-AAE1-6DC19A590BC7}"
EndProject
Project("{2150E333-8FDC-42A3-9474-1A3956D46DE8}") = "Solution Items", "Solution Items", "{2F84424F-A514-4F7D-A62F-FFC8EDD2B72D}"
	ProjectSection(SolutionItems) = preProject
		DynamicsCrm.DevKit.Cli.json = DynamicsCrm.DevKit.Cli.json
		DynamicsCrm.DevKit.json = DynamicsCrm.DevKit.json
	EndProjectSection
EndProject
Global
	GlobalSection(SharedMSBuildProjectFiles) = preSolution
		Xyz.LuckyFather.Shared\Xyz.LuckyFather.Shared.projitems*{a5ac0752-5bf3-4c4e-907f-31091ae30325}*SharedItemsImports = 13
		Xyz.LuckyFather.Shared\Xyz.LuckyFather.Shared.projitems*{ed2f4499-a433-4013-aae1-6dc19a590bc7}*SharedItemsImports = 4
	EndGlobalSection
	GlobalSection(SolutionConfigurationPlatforms) = preSolution
		Debug|Any CPU = Debug|Any CPU
		Release|Any CPU = Release|Any CPU
	EndGlobalSection
	GlobalSection(ProjectConfigurationPlatforms) = postSolution
		{ED2F4499-A433-4013-AAE1-6DC19A590BC7}.Debug|Any CPU.ActiveCfg = Debug|Any CPU
		{ED2F4499-A433-4013-AAE1-6DC19A590BC7}.Debug|Any CPU.Build.0 = Debug|Any CPU
		{ED2F4499-A433-4013-AAE1-6DC19A590BC7}.Release|Any CPU.ActiveCfg = Release|Any CPU
		{ED2F4499-A433-4013-AAE1-6DC19A590BC7}.Release|Any CPU.Build.0 = Release|Any CPU
	EndGlobalSection
	GlobalSection(SolutionProperties) = preSolution
		HideSolutionNode = FALSE
	EndGlobalSection
	GlobalSection(ExtensibilityGlobals) = postSolution
		SolutionGuid = {32E55C4A-5AA6-4CC7-AA91-4FFF0D83C8A9}
	EndGlobalSection
EndGlobal
