{
  "name": "dev.devkit.webresource",
  "version": "1.0.0",
  "lockfileVersion": 1,
  "requires": true,
  "dependencies": {
    "@sinonjs/commons": {
      "version": "1.8.3",
      "resolved": "https://registry.npmjs.org/@sinonjs/commons/-/commons-1.8.3.tgz",
      "integrity": "sha512-xkNcLAn/wZaX14RPlwizcKicDk9G3F8m2nU3L7Ukm5zBgTwiT0wsoFAHx9Jq56fJA1z/7uKGtCRu16sOUCLIHQ==",
      "dev": true,
      "requires": {
        "type-detect": "4.0.8"
      }
    },
    "@sinonjs/fake-timers": {
      "version": "9.1.2",
      "resolved": "https://registry.npmjs.org/@sinonjs/fake-timers/-/fake-timers-9.1.2.tgz",
      "integrity": "sha512-BPS4ynJW/o92PUR4wgriz2Ud5gpST5vz6GQfMixEDK0Z8ZCUv2M7SkBLykH56T++Xs+8ln9zTGbOvNGIe02/jw==",
      "dev": true,
      "requires": {
        "@sinonjs/commons": "^1.7.0"
      }
    },
    "@sinonjs/samsam": {
      "version": "6.1.1",
      "resolved": "https://registry.npmjs.org/@sinonjs/samsam/-/samsam-6.1.1.tgz",
      "integrity": "sha512-cZ7rKJTLiE7u7Wi/v9Hc2fs3Ucc3jrWeMgPHbbTCeVAB2S0wOBbYlkJVeNSL04i7fdhT8wIbDq1zhC/PXTD2SA==",
      "dev": true,
      "requires": {
        "@sinonjs/commons": "^1.6.0",
        "lodash.get": "^4.4.2",
        "type-detect": "^4.0.8"
      }
    },
    "@sinonjs/text-encoding": {
      "version": "0.7.1",
      "resolved": "https://registry.npmjs.org/@sinonjs/text-encoding/-/text-encoding-0.7.1.tgz",
      "integrity": "sha512-+iTbntw2IZPb/anVDbypzfQa+ay64MW0Zo8aJ8gZPWMMK6/OubMVb6lUPMagqjOPnmtauXnFCACVl3O7ogjeqQ==",
      "dev": true
    },
    "@types/jasmine": {
      "version": "4.0.3",
      "resolved": "https://registry.npmjs.org/@types/jasmine/-/jasmine-4.0.3.tgz",
      "integrity": "sha512-Opp1LvvEuZdk8fSSvchK2mZwhVrsNT0JgJE9Di6MjnaIpmEXM8TLCPPrVtNTYh8+5MPdY8j9bAHMu2SSfwpZJg==",
      "dev": true
    },
    "@types/requirejs": {
      "version": "2.1.34",
      "resolved": "https://registry.npmjs.org/@types/requirejs/-/requirejs-2.1.34.tgz",
      "integrity": "sha512-iQLGNE1DyIRYih60B47l/hI5X7J0wAnnRBL6Yn85GUYQg8Fm3wl8kvT6NRwncKroUOSx7/lbAagIFNV7y02DiQ==",
      "dev": true
    },
    "@types/sinon": {
      "version": "10.0.11",
      "resolved": "https://registry.npmjs.org/@types/sinon/-/sinon-10.0.11.tgz",
      "integrity": "sha512-dmZsHlBsKUtBpHriNjlK0ndlvEh8dcb9uV9Afsbt89QIyydpC7NcR+nWlAhASfy3GHnxTl4FX/aKE7XZUt/B4g==",
      "dev": true,
      "requires": {
        "@types/sinonjs__fake-timers": "*"
      }
    },
    "@types/sinonjs__fake-timers": {
      "version": "8.1.2",
      "resolved": "https://registry.npmjs.org/@types/sinonjs__fake-timers/-/sinonjs__fake-timers-8.1.2.tgz",
      "integrity": "sha512-9GcLXF0/v3t80caGs5p2rRfkB+a8VBGLJZVih6CNFkx8IZ994wiKKLSRs9nuFwk1HevWs/1mnUmkApGrSGsShA==",
      "dev": true
    },
    "@types/xrm": {
      "version": "9.0.59",
      "resolved": "https://registry.npmjs.org/@types/xrm/-/xrm-9.0.59.tgz",
      "integrity": "sha512-PyghWvnAyujwBP6JxFUU5464P6DOj+Xvt7c+ZS0N7ZAMdGCIAcbo/obdnriFtUTiBSXcJ6pSgIjNxr7rUkop8Q==",
      "dev": true
    },
    "balanced-match": {
      "version": "1.0.2",
      "resolved": "https://registry.npmjs.org/balanced-match/-/balanced-match-1.0.2.tgz",
      "integrity": "sha512-3oSeUO0TMV67hN1AmbXsK4yaqU7tjiHlbxRDZOpH0KW9+CeX4bRAaX0Anxt0tx2MrpRpWwQaPwIlISEJhYU5Pw==",
      "dev": true
    },
    "brace-expansion": {
      "version": "1.1.11",
      "resolved": "https://registry.npmjs.org/brace-expansion/-/brace-expansion-1.1.11.tgz",
      "integrity": "sha512-iCuPHDFgrHX7H2vEI/5xpz07zSHB00TpugqhmYtVmMO6518mCuRMoOYFldEBl0g187ufozdaHgWKcYFb61qGiA==",
      "dev": true,
      "requires": {
        "balanced-match": "^1.0.0",
        "concat-map": "0.0.1"
      }
    },
    "concat-map": {
      "version": "0.0.1",
      "resolved": "https://registry.npmjs.org/concat-map/-/concat-map-0.0.1.tgz",
      "integrity": "sha1-2Klr13/Wjfd5OnMDajug1UBdR3s=",
      "dev": true
    },
    "diff": {
      "version": "5.0.0",
      "resolved": "https://registry.npmjs.org/diff/-/diff-5.0.0.tgz",
      "integrity": "sha512-/VTCrvm5Z0JGty/BWHljh+BAiw3IK+2j87NGMu8Nwc/f48WoDAC395uomO9ZD117ZOBaHmkX1oyLvkVM/aIT3w==",
      "dev": true
    },
    "fs.realpath": {
      "version": "1.0.0",
      "resolved": "https://registry.npmjs.org/fs.realpath/-/fs.realpath-1.0.0.tgz",
      "integrity": "sha1-FQStJSMVjKpA20onh8sBQRmU6k8=",
      "dev": true
    },
    "glob": {
      "version": "7.2.0",
      "resolved": "https://registry.npmjs.org/glob/-/glob-7.2.0.tgz",
      "integrity": "sha512-lmLf6gtyrPq8tTjSmrO94wBeQbFR3HbLHbuyD69wuyQkImp2hWqMGB47OX65FBkPffO641IP9jWa1z4ivqG26Q==",
      "dev": true,
      "requires": {
        "fs.realpath": "^1.0.0",
        "inflight": "^1.0.4",
        "inherits": "2",
        "minimatch": "^3.0.4",
        "once": "^1.3.0",
        "path-is-absolute": "^1.0.0"
      }
    },
    "has-flag": {
      "version": "4.0.0",
      "resolved": "https://registry.npmjs.org/has-flag/-/has-flag-4.0.0.tgz",
      "integrity": "sha512-EykJT/Q1KjTWctppgIAgfSO0tKVuZUjhgMr17kqTumMl6Afv3EISleU7qZUzoXDFTAHTDC4NOoG/ZxU3EvlMPQ==",
      "dev": true
    },
    "inflight": {
      "version": "1.0.6",
      "resolved": "https://registry.npmjs.org/inflight/-/inflight-1.0.6.tgz",
      "integrity": "sha1-Sb1jMdfQLQwJvJEKEHW6gWW1bfk=",
      "dev": true,
      "requires": {
        "once": "^1.3.0",
        "wrappy": "1"
      }
    },
    "inherits": {
      "version": "2.0.4",
      "resolved": "https://registry.npmjs.org/inherits/-/inherits-2.0.4.tgz",
      "integrity": "sha512-k/vGaX4/Yla3WzyMCvTQOXYeIHvqOKtnqBduzTHpzpQZzAskKMhZ2K+EnBiSM9zGSoIFeMpXKxa4dYeZIQqewQ==",
      "dev": true
    },
    "isarray": {
      "version": "0.0.1",
      "resolved": "https://registry.npmjs.org/isarray/-/isarray-0.0.1.tgz",
      "integrity": "sha1-ihis/Kmo9Bd+Cav8YDiTmwXR7t8=",
      "dev": true
    },
    "jasmine": {
      "version": "4.1.0",
      "resolved": "https://registry.npmjs.org/jasmine/-/jasmine-4.1.0.tgz",
      "integrity": "sha512-4VhjbUgwfNS9CBnUMoSWr9tdNgOoOhNIjAD8YRxTn+PmOf4qTSC0Uqhk66dWGnz2vJxtNIU0uBjiwnsp4Ud9VA==",
      "dev": true,
      "requires": {
        "glob": "^7.1.6",
        "jasmine-core": "^4.1.0"
      }
    },
    "jasmine-core": {
      "version": "4.1.1",
      "resolved": "https://registry.npmjs.org/jasmine-core/-/jasmine-core-4.1.1.tgz",
      "integrity": "sha512-lmUfT5XcK9KKvt3lLYzn93hc4MGzlUBowExFVgzbSW0ZCrdeyS574dfsyfRhxbg81Wj4gk+RxUiTnj7KBfDA1g==",
      "dev": true
    },
    "just-extend": {
      "version": "4.2.1",
      "resolved": "https://registry.npmjs.org/just-extend/-/just-extend-4.2.1.tgz",
      "integrity": "sha512-g3UB796vUFIY90VIv/WX3L2c8CS2MdWUww3CNrYmqza1Fg0DURc2K/O4YrnklBdQarSJ/y8JnJYDGc+1iumQjg==",
      "dev": true
    },
    "lodash.get": {
      "version": "4.4.2",
      "resolved": "https://registry.npmjs.org/lodash.get/-/lodash.get-4.4.2.tgz",
      "integrity": "sha1-LRd/ZS+jHpObRDjVNBSZ36OCXpk=",
      "dev": true
    },
    "minimatch": {
      "version": "3.1.2",
      "resolved": "https://registry.npmjs.org/minimatch/-/minimatch-3.1.2.tgz",
      "integrity": "sha512-J7p63hRiAjw1NDEww1W7i37+ByIrOWO5XQQAzZ3VOcL0PNybwpfmV/N05zFAzwQ9USyEcX6t3UO+K5aqBQOIHw==",
      "dev": true,
      "requires": {
        "brace-expansion": "^1.1.7"
      }
    },
    "nise": {
      "version": "5.1.1",
      "resolved": "https://registry.npmjs.org/nise/-/nise-5.1.1.tgz",
      "integrity": "sha512-yr5kW2THW1AkxVmCnKEh4nbYkJdB3I7LUkiUgOvEkOp414mc2UMaHMA7pjq1nYowhdoJZGwEKGaQVbxfpWj10A==",
      "dev": true,
      "requires": {
        "@sinonjs/commons": "^1.8.3",
        "@sinonjs/fake-timers": ">=5",
        "@sinonjs/text-encoding": "^0.7.1",
        "just-extend": "^4.0.2",
        "path-to-regexp": "^1.7.0"
      }
    },
    "once": {
      "version": "1.4.0",
      "resolved": "https://registry.npmjs.org/once/-/once-1.4.0.tgz",
      "integrity": "sha1-WDsap3WWHUsROsF9nFC6753Xa9E=",
      "dev": true,
      "requires": {
        "wrappy": "1"
      }
    },
    "path-is-absolute": {
      "version": "1.0.1",
      "resolved": "https://registry.npmjs.org/path-is-absolute/-/path-is-absolute-1.0.1.tgz",
      "integrity": "sha1-F0uSaHNVNP+8es5r9TpanhtcX18=",
      "dev": true
    },
    "path-to-regexp": {
      "version": "1.8.0",
      "resolved": "https://registry.npmjs.org/path-to-regexp/-/path-to-regexp-1.8.0.tgz",
      "integrity": "sha512-n43JRhlUKUAlibEJhPeir1ncUID16QnEjNpwzNdO3Lm4ywrBpBZ5oLD0I6br9evr1Y9JTqwRtAh7JLoOzAQdVA==",
      "dev": true,
      "requires": {
        "isarray": "0.0.1"
      }
    },
    "requirejs": {
      "version": "2.3.7",
      "resolved": "https://registry.npmjs.org/requirejs/-/requirejs-2.3.7.tgz",
      "integrity": "sha512-DouTG8T1WanGok6Qjg2SXuCMzszOo0eHeH9hDZ5Y4x8Je+9JB38HdTLT4/VA8OaUhBa0JPVHJ0pyBkM1z+pDsw==",
      "dev": true
    },
    "sinon": {
      "version": "14.0.0",
      "resolved": "https://registry.npmjs.org/sinon/-/sinon-14.0.0.tgz",
      "integrity": "sha512-ugA6BFmE+WrJdh0owRZHToLd32Uw3Lxq6E6LtNRU+xTVBefx632h03Q7apXWRsRdZAJ41LB8aUfn2+O4jsDNMw==",
      "dev": true,
      "requires": {
        "@sinonjs/commons": "^1.8.3",
        "@sinonjs/fake-timers": "^9.1.2",
        "@sinonjs/samsam": "^6.1.1",
        "diff": "^5.0.0",
        "nise": "^5.1.1",
        "supports-color": "^7.2.0"
      }
    },
    "supports-color": {
      "version": "7.2.0",
      "resolved": "https://registry.npmjs.org/supports-color/-/supports-color-7.2.0.tgz",
      "integrity": "sha512-qpCAvRl9stuOHveKsn7HncJRvv501qIacKzQlO/+Lwxc9+0q2wLyv4Dfvt80/DPn2pqOBsJdDiogXGR9+OvwRw==",
      "dev": true,
      "requires": {
        "has-flag": "^4.0.0"
      }
    },
    "type-detect": {
      "version": "4.0.8",
      "resolved": "https://registry.npmjs.org/type-detect/-/type-detect-4.0.8.tgz",
      "integrity": "sha512-0fr/mIH1dlO+x7TlcMy+bIDqKPsw/70tVyeHW787goQjhmqaZe10uwLujubK9q9Lg6Fiho1KUKDYz0Z7k7g5/g==",
      "dev": true
    },
    "wrappy": {
      "version": "1.0.2",
      "resolved": "https://registry.npmjs.org/wrappy/-/wrappy-1.0.2.tgz",
      "integrity": "sha1-tSQ9jz7BqjXxNkYFvA0QNuMKtp8=",
      "dev": true
    },
    "xrm-mock": {
      "version": "3.5.7",
      "resolved": "https://registry.npmjs.org/xrm-mock/-/xrm-mock-3.5.7.tgz",
      "integrity": "sha512-JAmLl9fgMtVBusFWQOvCaFFLTkPdPug29rDyEzWIqHGtrUMixIP5sakueQn+7W/aRj5cCJ/6XWErJP4wrnXmsA==",
      "dev": true
    }
  }
}
