
Microsoft Visual Studio Solution File, Format Version 12.00
# Visual Studio Version 16
VisualStudioVersion = 16.0.30011.22
MinimumVisualStudioVersion = 10.0.40219.1
Project("{D954291E-2A0B-460D-934E-DC6B0785DB48}") = "Fpt.Tomato.Shared", "Fpt.Tomato.Shared\Fpt.Tomato.Shared.shproj", "{3C9814C7-4D7B-43A1-8EC7-A8E4BD225D77}"
EndProject
Project("{FAE04EC0-301F-11D3-BF4B-00C04F79EFBC}") = "Fpt.Tomato.WebResource", "Fpt.Tomato.WebResource\Fpt.Tomato.WebResource.csproj", "{951A4870-68EE-4AEC-8875-89E4328BA400}"
EndProject
Global
	GlobalSection(SharedMSBuildProjectFiles) = preSolution
		Fpt.Tomato.Shared\Fpt.Tomato.Shared.projitems*{3c9814c7-4d7b-43a1-8ec7-a8e4bd225d77}*SharedItemsImports = 13
	EndGlobalSection
	GlobalSection(SolutionConfigurationPlatforms) = preSolution
		Debug|Any CPU = Debug|Any CPU
		Release|Any CPU = Release|Any CPU
	EndGlobalSection
	GlobalSection(ProjectConfigurationPlatforms) = postSolution
		{951A4870-68EE-4AEC-8875-89E4328BA400}.Debug|Any CPU.ActiveCfg = Debug|Any CPU
		{951A4870-68EE-4AEC-8875-89E4328BA400}.Debug|Any CPU.Build.0 = Debug|Any CPU
		{951A4870-68EE-4AEC-8875-89E4328BA400}.Release|Any CPU.ActiveCfg = Release|Any CPU
		{951A4870-68EE-4AEC-8875-89E4328BA400}.Release|Any CPU.Build.0 = Release|Any CPU
	EndGlobalSection
	GlobalSection(SolutionProperties) = preSolution
		HideSolutionNode = FALSE
	EndGlobalSection
	GlobalSection(ExtensibilityGlobals) = postSolution
		SolutionGuid = {6653C92B-FC64-4039-921B-9C3E0A43F134}
	EndGlobalSection
EndGlobal
