
Microsoft Visual Studio Solution File, Format Version 12.00
# Visual Studio 15
VisualStudioVersion = 15.0.28307.421
MinimumVisualStudioVersion = 10.0.40219.1
Project("{D954291E-2A0B-460D-934E-DC6B0785DB48}") = "Alpha.Beta.Shared", "Alpha.Beta.Shared\Alpha.Beta.Shared.shproj", "{C0A8E400-54AC-4A37-A679-7F0070ED6E7F}"
EndProject
Project("{2150E333-8FDC-42A3-9474-1A3956D46DE8}") = "Solution Items", "Solution Items", "{5B12B1C2-B833-47F3-9B77-4982D40A4281}"
	ProjectSection(SolutionItems) = preProject
		PL.DynamicsCrm.DevKit.Cli.json = PL.DynamicsCrm.DevKit.Cli.json
	EndProjectSection
EndProject
Project("{FAE04EC0-301F-11D3-BF4B-00C04F79EFBC}") = "Alpha.Beta.Console", "Alpha.Beta.Console\Alpha.Beta.Console.csproj", "{AF1CA868-09E6-427A-8C00-3869F581AF07}"
EndProject
Global
	GlobalSection(SharedMSBuildProjectFiles) = preSolution
		Alpha.Beta.Shared\Alpha.Beta.Shared.projitems*{af1ca868-09e6-427a-8c00-3869f581af07}*SharedItemsImports = 4
		Alpha.Beta.Shared\Alpha.Beta.Shared.projitems*{c0a8e400-54ac-4a37-a679-7f0070ed6e7f}*SharedItemsImports = 13
	EndGlobalSection
	GlobalSection(SolutionConfigurationPlatforms) = preSolution
		Debug|Any CPU = Debug|Any CPU
		Release|Any CPU = Release|Any CPU
	EndGlobalSection
	GlobalSection(ProjectConfigurationPlatforms) = postSolution
		{AF1CA868-09E6-427A-8C00-3869F581AF07}.Debug|Any CPU.ActiveCfg = Debug|Any CPU
		{AF1CA868-09E6-427A-8C00-3869F581AF07}.Debug|Any CPU.Build.0 = Debug|Any CPU
		{AF1CA868-09E6-427A-8C00-3869F581AF07}.Release|Any CPU.ActiveCfg = Release|Any CPU
		{AF1CA868-09E6-427A-8C00-3869F581AF07}.Release|Any CPU.Build.0 = Release|Any CPU
	EndGlobalSection
	GlobalSection(SolutionProperties) = preSolution
		HideSolutionNode = FALSE
	EndGlobalSection
	GlobalSection(ExtensibilityGlobals) = postSolution
		SolutionGuid = {8CB40995-4F2F-43F2-86CF-C5C41EA04ABE}
	EndGlobalSection
EndGlobal
