{
  "name": "xrmmock",
  "version": "1.0.0",
  "lockfileVersion": 1,
  "requires": true,
  "dependencies": {
    "@types/xrm": {
      "version": "9.0.20",
      "resolved": "https://registry.npmjs.org/@types/xrm/-/xrm-9.0.20.tgz",
      "integrity": "sha512-Ys7UR/Yew6AN8qFMlZufjbi6qGTJyzi4C1QKziabYQIZEQv0kTO3qLwCez1F+CwNN9DxhXrf2RKjrhVXOeMW7w=="
    },
    "xrm-mock": {
      "version": "3.4.17",
      "resolved": "https://registry.npmjs.org/xrm-mock/-/xrm-mock-3.4.17.tgz",
      "integrity": "sha512-EPuDy7iPb6Mn2Y9lLug9xq4rAxPMEDuNr24zmZvg21ZDeLylU/GXxHO3ZlK4MfV0nnxe1To+r9WD/AwLfnzUbg==",
      "dev": true
    }
  }
}
