{
  "name": "xrmmock",
  "version": "1.0.0",
  "lockfileVersion": 1,
  "requires": true,
  "dependencies": {
    "xrm-mock": {
      "version": "3.4.15",
      "resolved": "https://registry.npmjs.org/xrm-mock/-/xrm-mock-3.4.13.tgz",
      "integrity": "sha512-2ErAHzmnicE4igWsP8WOKuEtwprqISZLmODTmXIblFhhw9RGgfd0aHn5viO4Yve5hDdWVByZ6q4lNOYgNC+LDw==",
      "dev": true
    }
  }
}
