
Microsoft Visual Studio Solution File, Format Version 12.00
# Visual Studio Version 17
VisualStudioVersion = 17.7.34031.279
MinimumVisualStudioVersion = 10.0.40219.1
Project("{2150E333-8FDC-42A3-9474-1A3956D46DE8}") = "Solution Items", "Solution Items", "{D6A1222B-751D-4F67-B2C1-F02B9E5E3C0D}"
	ProjectSection(SolutionItems) = preProject
		DynamicsCrm.DevKit.Cli.json = DynamicsCrm.DevKit.Cli.json
		DynamicsCrm.DevKit.json = DynamicsCrm.DevKit.json
	EndProjectSection
EndProject
Project("{D954291E-2A0B-460D-934E-DC6B0785DB48}") = "Dev.DevKit.Shared", "Dev.DevKit.Shared\Dev.DevKit.Shared.shproj", "{77CA48FE-C842-46BB-B647-AEB5FC5C6035}"
EndProject
Project("{FAE04EC0-301F-11D3-BF4B-00C04F79EFBC}") = "Dev.DevKit.Console.Core.ClientSecret", "Dev.DevKit.Console.Core.ClientSecret\Dev.DevKit.Console.Core.ClientSecret.csproj", "{0D792FC9-AC09-90CF-024D-9E06A0D5BEFE}"
EndProject
Project("{FAE04EC0-301F-11D3-BF4B-00C04F79EFBC}") = "Dev.DevKit.Console.Core.UserPass", "Dev.DevKit.Console.Core.UserPass\Dev.DevKit.Console.Core.UserPass.csproj", "{4D61832D-E941-7750-61CB-A5CFADB52F47}"
EndProject
Project("{FAE04EC0-301F-11D3-BF4B-00C04F79EFBC}") = "Dev.DevKit.Plugin.Account.UserPass", "Dev.DevKit.Plugin.Account.UserPass\Dev.DevKit.Plugin.Account.UserPass.csproj", "{D900F49E-609E-4148-9E8B-181D0C8AC576}"
EndProject
Project("{FAE04EC0-301F-11D3-BF4B-00C04F79EFBC}") = "Dev.DevKit.Plugin.Account.OOB", "Dev.DevKit.Plugin.Account.OOB\Dev.DevKit.Plugin.Account.OOB.csproj", "{579F1509-DEBE-4028-BCFE-98BC8209B341}"
EndProject
Global
	GlobalSection(SolutionConfigurationPlatforms) = preSolution
		Debug|Any CPU = Debug|Any CPU
		Release|Any CPU = Release|Any CPU
	EndGlobalSection
	GlobalSection(ProjectConfigurationPlatforms) = postSolution
		{0D792FC9-AC09-90CF-024D-9E06A0D5BEFE}.Debug|Any CPU.ActiveCfg = Debug|Any CPU
		{0D792FC9-AC09-90CF-024D-9E06A0D5BEFE}.Debug|Any CPU.Build.0 = Debug|Any CPU
		{0D792FC9-AC09-90CF-024D-9E06A0D5BEFE}.Release|Any CPU.ActiveCfg = Release|Any CPU
		{0D792FC9-AC09-90CF-024D-9E06A0D5BEFE}.Release|Any CPU.Build.0 = Release|Any CPU
		{4D61832D-E941-7750-61CB-A5CFADB52F47}.Debug|Any CPU.ActiveCfg = Debug|Any CPU
		{4D61832D-E941-7750-61CB-A5CFADB52F47}.Debug|Any CPU.Build.0 = Debug|Any CPU
		{4D61832D-E941-7750-61CB-A5CFADB52F47}.Release|Any CPU.ActiveCfg = Release|Any CPU
		{4D61832D-E941-7750-61CB-A5CFADB52F47}.Release|Any CPU.Build.0 = Release|Any CPU
		{D900F49E-609E-4148-9E8B-181D0C8AC576}.Debug|Any CPU.ActiveCfg = Debug|Any CPU
		{D900F49E-609E-4148-9E8B-181D0C8AC576}.Debug|Any CPU.Build.0 = Debug|Any CPU
		{D900F49E-609E-4148-9E8B-181D0C8AC576}.Release|Any CPU.ActiveCfg = Release|Any CPU
		{D900F49E-609E-4148-9E8B-181D0C8AC576}.Release|Any CPU.Build.0 = Release|Any CPU
		{579F1509-DEBE-4028-BCFE-98BC8209B341}.Debug|Any CPU.ActiveCfg = Debug|Any CPU
		{579F1509-DEBE-4028-BCFE-98BC8209B341}.Debug|Any CPU.Build.0 = Debug|Any CPU
		{579F1509-DEBE-4028-BCFE-98BC8209B341}.Release|Any CPU.ActiveCfg = Release|Any CPU
		{579F1509-DEBE-4028-BCFE-98BC8209B341}.Release|Any CPU.Build.0 = Release|Any CPU
	EndGlobalSection
	GlobalSection(SolutionProperties) = preSolution
		HideSolutionNode = FALSE
	EndGlobalSection
	GlobalSection(ExtensibilityGlobals) = postSolution
		SolutionGuid = {478EE8F5-54E1-431D-BEC8-72AC05F5AF8C}
	EndGlobalSection
	GlobalSection(SharedMSBuildProjectFiles) = preSolution
		Dev.DevKit.Shared\Dev.DevKit.Shared.projitems*{579f1509-debe-4028-bcfe-98bc8209b341}*SharedItemsImports = 4
		Dev.DevKit.Shared\Dev.DevKit.Shared.projitems*{77ca48fe-c842-46bb-b647-aeb5fc5c6035}*SharedItemsImports = 13
		Dev.DevKit.Shared\Dev.DevKit.Shared.projitems*{d900f49e-609e-4148-9e8b-181d0c8ac576}*SharedItemsImports = 4
	EndGlobalSection
EndGlobal
