
Microsoft Visual Studio Solution File, Format Version 12.00
# Visual Studio Version 16
VisualStudioVersion = 16.0.28803.452
MinimumVisualStudioVersion = 10.0.40219.1
Project("{FAE04EC0-301F-11D3-BF4B-00C04F79EFBC}") = "PL.DynamicsCrm.DevKit.Analyzers", "PL.DynamicsCrm.DevKit.Analyzers\PL.DynamicsCrm.DevKit.Analyzers.csproj", "{BBCF5C40-7EE8-489A-A585-A9E0457D778C}"
EndProject
Global
	GlobalSection(SolutionConfigurationPlatforms) = preSolution
		Debug|Any CPU = Debug|Any CPU
		Release|Any CPU = Release|Any CPU
	EndGlobalSection
	GlobalSection(ProjectConfigurationPlatforms) = postSolution
		{BBCF5C40-7EE8-489A-A585-A9E0457D778C}.Debug|Any CPU.ActiveCfg = Debug|Any CPU
		{BBCF5C40-7EE8-489A-A585-A9E0457D778C}.Debug|Any CPU.Build.0 = Debug|Any CPU
		{BBCF5C40-7EE8-489A-A585-A9E0457D778C}.Release|Any CPU.ActiveCfg = Release|Any CPU
		{BBCF5C40-7EE8-489A-A585-A9E0457D778C}.Release|Any CPU.Build.0 = Release|Any CPU
	EndGlobalSection
	GlobalSection(SolutionProperties) = preSolution
		HideSolutionNode = FALSE
	EndGlobalSection
	GlobalSection(ExtensibilityGlobals) = postSolution
		SolutionGuid = {04C975FA-0E86-4259-8245-7DFA47D873BB}
	EndGlobalSection
EndGlobal
