<Solution>
  <Folder Name="/Solution Items/">
    <File Path="DynamicsCrm.DevKit.Cli.json" />
    <File Path="DynamicsCrm.DevKit.json" />
  </Folder>
  <Project Path="Dev.DevKitV4.ClientSecret.Console.Edit/Dev.DevKitV4.ClientSecret.Console.Edit.csproj" Id="5dabf407-befe-4bcb-bacc-8b9e6d2ceb26" />
  <Project Path="Dev.DevKitV4.Console.ClientSecret/Dev.DevKitV4.Console.ClientSecret.csproj" Id="834949b3-f19d-451b-980d-8065103b36dd" />
  <Project Path="Dev.DevKitV4.Console.OOB/Dev.DevKitV4.Console.OOB.csproj" Id="d96869d5-f10f-4ade-a694-b76b6f5f3bce" />
  <Project Path="Dev.DevKitV4.Console.UserPass/Dev.DevKitV4.Console.UserPass.csproj" Id="bda61796-8df4-4230-8f57-cf8868b1f152" />
  <Project Path="Dev.DevKitV4.OOB.Console/Dev.DevKitV4.OOB.Console.csproj" Id="501b8da4-bc26-4754-aa51-e0a41797971f" />
  <Project Path="Dev.DevKitV4.Shared/Dev.DevKitV4.Shared.shproj" />
  <Project Path="Dev.DevKitV4.UserPass.Console/Dev.DevKitV4.UserPass.Console.csproj" Id="3a745a9e-6265-4ce0-ad16-2ecfffaebe2a" />
</Solution>
