{
  "name": "dev.devkit.webresource",
  "version": "1.0.0",
  "lockfileVersion": 2,
  "requires": true,
  "packages": {
    "": {
      "name": "dev.devkit.webresource",
      "version": "1.0.0",
      "license": "ISC",
      "devDependencies": {
        "@types/xrm": "^9.0.73"
      }
    },
    "node_modules/@types/xrm": {
      "version": "9.0.73",
      "resolved": "https://registry.npmjs.org/@types/xrm/-/xrm-9.0.73.tgz",
      "integrity": "sha512-3w/qsU74cyPGCO4BJe8vT/6i3BjX4Lga3XoZNuBPPlGxJatUVZXLuX5UfhBJBRCVRDl91tbWf/5yCHK3ftIViQ==",
      "dev": true
    }
  },
  "dependencies": {
    "@types/xrm": {
      "version": "9.0.73",
      "resolved": "https://registry.npmjs.org/@types/xrm/-/xrm-9.0.73.tgz",
      "integrity": "sha512-3w/qsU74cyPGCO4BJe8vT/6i3BjX4Lga3XoZNuBPPlGxJatUVZXLuX5UfhBJBRCVRDl91tbWf/5yCHK3ftIViQ==",
      "dev": true
    }
  }
}
